{"format_version":"1.0","provider_schemas":{"registry.terraform.io/mongodb/mongodbatlas":{"provider":{"version":0,"block":{"attributes":{"aws_access_key_id":{"type":"string","description":"AWS API Access Key.","description_kind":"plain","optional":true},"aws_secret_access_key":{"type":"string","description":"AWS API Access Secret Key.","description_kind":"plain","optional":true},"aws_session_token":{"type":"string","description":"AWS Security Token Service provided session token.","description_kind":"plain","optional":true},"base_url":{"type":"string","description":"MongoDB Atlas Base URL","description_kind":"plain","optional":true},"is_mongodbgov_cloud":{"type":"bool","description":"MongoDB Atlas Base URL default to gov","description_kind":"plain","optional":true},"private_key":{"type":"string","description":"MongoDB Atlas Programmatic Private Key","description_kind":"plain","optional":true,"sensitive":true},"public_key":{"type":"string","description":"MongoDB Atlas Programmatic Public Key","description_kind":"plain","optional":true},"realm_base_url":{"type":"string","description":"MongoDB Realm Base URL","description_kind":"plain","optional":true},"region":{"type":"string","description":"Region where secret is stored as part of AWS Secret Manager.","description_kind":"plain","optional":true},"secret_name":{"type":"string","description":"Name of secret stored in AWS Secret Manager.","description_kind":"plain","optional":true},"sts_endpoint":{"type":"string","description":"AWS Security Token Service endpoint. Required for cross-AWS region or cross-AWS account secrets.","description_kind":"plain","optional":true}},"block_types":{"assume_role":{"nesting_mode":"list","block":{"attributes":{"duration":{"type":"string","description":"The duration, between 15 minutes and 12 hours, of the role session. Valid time units are ns, us (or µs), ms, s, h, or m.","description_kind":"plain","optional":true},"external_id":{"type":"string","description":"A unique identifier that might be required when you assume a role in another account.","description_kind":"plain","optional":true},"policy":{"type":"string","description":"IAM Policy JSON describing further restricting permissions for the IAM Role being assumed.","description_kind":"plain","optional":true},"policy_arns":{"type":["set","string"],"description":"Amazon Resource Names (ARNs) of IAM Policies describing further restricting permissions for the IAM Role being assumed.","description_kind":"plain","optional":true},"role_arn":{"type":"string","description":"Amazon Resource Name (ARN) of an IAM Role to assume prior to making API calls.","description_kind":"plain","optional":true},"session_name":{"type":"string","description":"An identifier for the assumed role session.","description_kind":"plain","optional":true},"source_identity":{"type":"string","description":"Source identity specified by the principal assuming the role.","description_kind":"plain","optional":true},"tags":{"type":["map","string"],"description":"Assume role session tags.","description_kind":"plain","optional":true},"transitive_tag_keys":{"type":["set","string"],"description":"Assume role session tag keys to pass to any subsequent sessions.","description_kind":"plain","optional":true}},"description_kind":"plain"}}},"description_kind":"plain"}},"resource_schemas":{"mongodbatlas_access_list_api_key":{"version":0,"block":{"attributes":{"api_key_id":{"type":"string","description_kind":"plain","required":true},"cidr_block":{"type":"string","description_kind":"plain","optional":true,"computed":true},"id":{"type":"string","description_kind":"plain","optional":true,"computed":true},"ip_address":{"type":"string","description_kind":"plain","optional":true,"computed":true},"org_id":{"type":"string","description_kind":"plain","required":true}},"description_kind":"plain"}},"mongodbatlas_advanced_cluster":{"version":1,"block":{"attributes":{"accept_data_risks_and_force_replica_set_reconfig":{"type":"string","description":"Submit this field alongside your topology reconfiguration to request a new regional outage resistant topology","description_kind":"plain","optional":true},"backup_enabled":{"type":"bool","description_kind":"plain","optional":true,"computed":true},"cluster_id":{"type":"string","description_kind":"plain","computed":true},"cluster_type":{"type":"string","description_kind":"plain","required":true},"config_server_management_mode":{"type":"string","description_kind":"plain","optional":true,"computed":true},"config_server_type":{"type":"string","description_kind":"plain","computed":true},"connection_strings":{"type":["list",["object",{"private":"string","private_endpoint":["list",["object",{"connection_string":"string","endpoints":["list",["object",{"endpoint_id":"string","provider_name":"string","region":"string"}]],"srv_connection_string":"string","srv_shard_optimized_connection_string":"string","type":"string"}]],"private_srv":"string","standard":"string","standard_srv":"string"}]],"description_kind":"plain","computed":true},"create_date":{"type":"string","description_kind":"plain","computed":true},"disk_size_gb":{"type":"number","description_kind":"plain","deprecated":true,"optional":true,"computed":true},"encryption_at_rest_provider":{"type":"string","description_kind":"plain","optional":true,"computed":true},"global_cluster_self_managed_sharding":{"type":"bool","description_kind":"plain","optional":true,"computed":true},"id":{"type":"string","description_kind":"plain","optional":true,"computed":true},"mongo_db_major_version":{"type":"string","description_kind":"plain","optional":true,"computed":true},"mongo_db_version":{"type":"string","description_kind":"plain","computed":true},"name":{"type":"string","description_kind":"plain","required":true},"paused":{"type":"bool","description_kind":"plain","optional":true,"computed":true},"pit_enabled":{"type":"bool","description_kind":"plain","optional":true,"computed":true},"project_id":{"type":"string","description_kind":"plain","required":true},"redact_client_log_data":{"type":"bool","description_kind":"plain","optional":true,"computed":true},"replica_set_scaling_strategy":{"type":"string","description_kind":"plain","optional":true,"computed":true},"retain_backups_enabled":{"type":"bool","description":"Flag that indicates whether to retain backup snapshots for the deleted dedicated cluster","description_kind":"plain","optional":true},"root_cert_type":{"type":"string","description_kind":"plain","optional":true,"computed":true},"state_name":{"type":"string","description_kind":"plain","computed":true},"termination_protection_enabled":{"type":"bool","description_kind":"plain","optional":true,"computed":true},"version_release_system":{"type":"string","description_kind":"plain","optional":true,"computed":true}},"block_types":{"advanced_configuration":{"nesting_mode":"list","block":{"attributes":{"change_stream_options_pre_and_post_images_expire_after_seconds":{"type":"number","description_kind":"plain","optional":true},"custom_openssl_cipher_config_tls12":{"type":["set","string"],"description_kind":"plain","optional":true},"default_max_time_ms":{"type":"number","description_kind":"plain","optional":true},"default_read_concern":{"type":"string","description_kind":"plain","deprecated":true,"optional":true,"computed":true},"default_write_concern":{"type":"string","description_kind":"plain","optional":true,"computed":true},"fail_index_key_too_long":{"type":"bool","description_kind":"plain","deprecated":true,"optional":true,"computed":true},"javascript_enabled":{"type":"bool","description_kind":"plain","optional":true,"computed":true},"minimum_enabled_tls_protocol":{"type":"string","description_kind":"plain","optional":true,"computed":true},"no_table_scan":{"type":"bool","description_kind":"plain","optional":true,"computed":true},"oplog_min_retention_hours":{"type":"number","description_kind":"plain","optional":true},"oplog_size_mb":{"type":"number","description_kind":"plain","optional":true,"computed":true},"sample_refresh_interval_bi_connector":{"type":"number","description_kind":"plain","optional":true,"computed":true},"sample_size_bi_connector":{"type":"number","description_kind":"plain","optional":true,"computed":true},"tls_cipher_config_mode":{"type":"string","description_kind":"plain","optional":true,"computed":true},"transaction_lifetime_limit_seconds":{"type":"number","description_kind":"plain","optional":true,"computed":true}},"description_kind":"plain"},"max_items":1},"bi_connector_config":{"nesting_mode":"list","block":{"attributes":{"enabled":{"type":"bool","description_kind":"plain","optional":true,"computed":true},"read_preference":{"type":"string","description_kind":"plain","optional":true,"computed":true}},"description_kind":"plain"},"max_items":1},"labels":{"nesting_mode":"set","block":{"attributes":{"key":{"type":"string","description_kind":"plain","optional":true},"value":{"type":"string","description_kind":"plain","optional":true}},"description_kind":"plain"}},"pinned_fcv":{"nesting_mode":"list","block":{"attributes":{"expiration_date":{"type":"string","description_kind":"plain","required":true},"version":{"type":"string","description_kind":"plain","computed":true}},"description_kind":"plain"},"max_items":1},"replication_specs":{"nesting_mode":"list","block":{"attributes":{"container_id":{"type":["map","string"],"description_kind":"plain","computed":true},"external_id":{"type":"string","description_kind":"plain","computed":true},"id":{"type":"string","description_kind":"plain","deprecated":true,"computed":true},"num_shards":{"type":"number","description_kind":"plain","deprecated":true,"optional":true},"zone_id":{"type":"string","description_kind":"plain","computed":true},"zone_name":{"type":"string","description_kind":"plain","optional":true}},"block_types":{"region_configs":{"nesting_mode":"list","block":{"attributes":{"backing_provider_name":{"type":"string","description_kind":"plain","optional":true},"priority":{"type":"number","description_kind":"plain","required":true},"provider_name":{"type":"string","description_kind":"plain","required":true},"region_name":{"type":"string","description_kind":"plain","required":true}},"block_types":{"analytics_auto_scaling":{"nesting_mode":"list","block":{"attributes":{"compute_enabled":{"type":"bool","description_kind":"plain","optional":true,"computed":true},"compute_max_instance_size":{"type":"string","description_kind":"plain","optional":true,"computed":true},"compute_min_instance_size":{"type":"string","description_kind":"plain","optional":true,"computed":true},"compute_scale_down_enabled":{"type":"bool","description_kind":"plain","optional":true,"computed":true},"disk_gb_enabled":{"type":"bool","description_kind":"plain","optional":true,"computed":true}},"description_kind":"plain"},"max_items":1},"analytics_specs":{"nesting_mode":"list","block":{"attributes":{"disk_iops":{"type":"number","description_kind":"plain","optional":true,"computed":true},"disk_size_gb":{"type":"number","description_kind":"plain","optional":true,"computed":true},"ebs_volume_type":{"type":"string","description_kind":"plain","optional":true,"computed":true},"instance_size":{"type":"string","description_kind":"plain","required":true},"node_count":{"type":"number","description_kind":"plain","optional":true}},"description_kind":"plain"},"max_items":1},"auto_scaling":{"nesting_mode":"list","block":{"attributes":{"compute_enabled":{"type":"bool","description_kind":"plain","optional":true,"computed":true},"compute_max_instance_size":{"type":"string","description_kind":"plain","optional":true,"computed":true},"compute_min_instance_size":{"type":"string","description_kind":"plain","optional":true,"computed":true},"compute_scale_down_enabled":{"type":"bool","description_kind":"plain","optional":true,"computed":true},"disk_gb_enabled":{"type":"bool","description_kind":"plain","optional":true,"computed":true}},"description_kind":"plain"},"max_items":1},"electable_specs":{"nesting_mode":"list","block":{"attributes":{"disk_iops":{"type":"number","description_kind":"plain","optional":true,"computed":true},"disk_size_gb":{"type":"number","description_kind":"plain","optional":true,"computed":true},"ebs_volume_type":{"type":"string","description_kind":"plain","optional":true,"computed":true},"instance_size":{"type":"string","description_kind":"plain","required":true},"node_count":{"type":"number","description_kind":"plain","optional":true}},"description_kind":"plain"},"max_items":1},"read_only_specs":{"nesting_mode":"list","block":{"attributes":{"disk_iops":{"type":"number","description_kind":"plain","optional":true,"computed":true},"disk_size_gb":{"type":"number","description_kind":"plain","optional":true,"computed":true},"ebs_volume_type":{"type":"string","description_kind":"plain","optional":true,"computed":true},"instance_size":{"type":"string","description_kind":"plain","required":true},"node_count":{"type":"number","description_kind":"plain","optional":true}},"description_kind":"plain"},"max_items":1}},"description_kind":"plain"},"min_items":1}},"description_kind":"plain"},"min_items":1},"tags":{"nesting_mode":"set","block":{"attributes":{"key":{"type":"string","description_kind":"plain","required":true},"value":{"type":"string","description_kind":"plain","required":true}},"description_kind":"plain"}},"timeouts":{"nesting_mode":"single","block":{"attributes":{"create":{"type":"string","description_kind":"plain","optional":true},"delete":{"type":"string","description_kind":"plain","optional":true},"update":{"type":"string","description_kind":"plain","optional":true}},"description_kind":"plain"}}},"description_kind":"plain"}},"mongodbatlas_alert_configuration":{"version":0,"block":{"attributes":{"alert_configuration_id":{"type":"string","description_kind":"plain","computed":true},"created":{"type":"string","description_kind":"plain","computed":true},"enabled":{"type":"bool","description_kind":"plain","optional":true,"computed":true},"event_type":{"type":"string","description_kind":"plain","required":true},"id":{"type":"string","description_kind":"plain","computed":true},"project_id":{"type":"string","description_kind":"plain","required":true},"updated":{"type":"string","description_kind":"plain","computed":true}},"block_types":{"matcher":{"nesting_mode":"list","block":{"attributes":{"field_name":{"type":"string","description_kind":"plain","required":true},"operator":{"type":"string","description_kind":"plain","required":true},"value":{"type":"string","description_kind":"plain","required":true}},"description_kind":"plain"}},"metric_threshold_config":{"nesting_mode":"list","block":{"attributes":{"metric_name":{"type":"string","description_kind":"plain","required":true},"mode":{"type":"string","description_kind":"plain","optional":true},"operator":{"type":"string","description_kind":"plain","optional":true},"threshold":{"type":"number","description_kind":"plain","optional":true,"computed":true},"units":{"type":"string","description_kind":"plain","optional":true}},"description_kind":"plain"}},"notification":{"nesting_mode":"list","block":{"attributes":{"api_token":{"type":"string","description_kind":"plain","optional":true,"sensitive":true},"channel_name":{"type":"string","description_kind":"plain","optional":true},"datadog_api_key":{"type":"string","description_kind":"plain","optional":true,"sensitive":true},"datadog_region":{"type":"string","description_kind":"plain","optional":true},"delay_min":{"type":"number","description_kind":"plain","optional":true,"computed":true},"email_address":{"type":"string","description_kind":"plain","optional":true},"email_enabled":{"type":"bool","description_kind":"plain","optional":true,"computed":true},"integration_id":{"type":"string","description_kind":"plain","optional":true,"computed":true},"interval_min":{"type":"number","description_kind":"plain","optional":true,"computed":true},"microsoft_teams_webhook_url":{"type":"string","description_kind":"plain","optional":true,"sensitive":true},"mobile_number":{"type":"string","description_kind":"plain","optional":true},"notifier_id":{"type":"string","description_kind":"plain","optional":true,"computed":true},"ops_genie_api_key":{"type":"string","description_kind":"plain","optional":true,"sensitive":true},"ops_genie_region":{"type":"string","description_kind":"plain","optional":true},"roles":{"type":["list","string"],"description_kind":"plain","optional":true},"service_key":{"type":"string","description_kind":"plain","optional":true,"sensitive":true},"sms_enabled":{"type":"bool","description_kind":"plain","optional":true,"computed":true},"team_id":{"type":"string","description_kind":"plain","optional":true},"team_name":{"type":"string","description_kind":"plain","computed":true},"type_name":{"type":"string","description_kind":"plain","required":true},"username":{"type":"string","description_kind":"plain","optional":true},"victor_ops_api_key":{"type":"string","description_kind":"plain","optional":true,"sensitive":true},"victor_ops_routing_key":{"type":"string","description_kind":"plain","optional":true,"sensitive":true},"webhook_secret":{"type":"string","description_kind":"plain","optional":true,"sensitive":true},"webhook_url":{"type":"string","description_kind":"plain","optional":true,"sensitive":true}},"description_kind":"plain"}},"threshold_config":{"nesting_mode":"list","block":{"attributes":{"operator":{"type":"string","description_kind":"plain","optional":true},"threshold":{"type":"number","description_kind":"plain","optional":true,"computed":true},"units":{"type":"string","description_kind":"plain","optional":true}},"description_kind":"plain"}}},"description_kind":"plain"}},"mongodbatlas_api_key":{"version":0,"block":{"attributes":{"api_key_id":{"type":"string","description_kind":"plain","computed":true},"description":{"type":"string","description_kind":"plain","required":true},"id":{"type":"string","description_kind":"plain","optional":true,"computed":true},"org_id":{"type":"string","description_kind":"plain","required":true},"private_key":{"type":"string","description_kind":"plain","computed":true,"sensitive":true},"public_key":{"type":"string","description_kind":"plain","computed":true},"role_names":{"type":["set","string"],"description_kind":"plain","required":true}},"description_kind":"plain"}},"mongodbatlas_auditing":{"version":0,"block":{"attributes":{"audit_authorization_success":{"type":"bool","description_kind":"plain","optional":true,"computed":true},"audit_filter":{"type":"string","description_kind":"plain","optional":true,"computed":true},"configuration_type":{"type":"string","description_kind":"plain","computed":true},"enabled":{"type":"bool","description_kind":"plain","optional":true,"computed":true},"id":{"type":"string","description_kind":"plain","optional":true,"computed":true},"project_id":{"type":"string","description_kind":"plain","required":true}},"description_kind":"plain"}},"mongodbatlas_backup_compliance_policy":{"version":0,"block":{"attributes":{"authorized_email":{"type":"string","description_kind":"plain","required":true},"authorized_user_first_name":{"type":"string","description_kind":"plain","required":true},"authorized_user_last_name":{"type":"string","description_kind":"plain","required":true},"copy_protection_enabled":{"type":"bool","description_kind":"plain","optional":true},"encryption_at_rest_enabled":{"type":"bool","description_kind":"plain","optional":true},"id":{"type":"string","description_kind":"plain","optional":true,"computed":true},"pit_enabled":{"type":"bool","description_kind":"plain","optional":true},"project_id":{"type":"string","description_kind":"plain","required":true},"restore_window_days":{"type":"number","description_kind":"plain","optional":true,"computed":true},"state":{"type":"string","description_kind":"plain","computed":true},"updated_date":{"type":"string","description_kind":"plain","computed":true},"updated_user":{"type":"string","description_kind":"plain","computed":true}},"block_types":{"on_demand_policy_item":{"nesting_mode":"list","block":{"attributes":{"frequency_interval":{"type":"number","description_kind":"plain","required":true},"frequency_type":{"type":"string","description_kind":"plain","computed":true},"id":{"type":"string","description_kind":"plain","computed":true},"retention_unit":{"type":"string","description_kind":"plain","required":true},"retention_value":{"type":"number","description_kind":"plain","required":true}},"description_kind":"plain"},"max_items":1},"policy_item_daily":{"nesting_mode":"list","block":{"attributes":{"frequency_interval":{"type":"number","description_kind":"plain","required":true},"frequency_type":{"type":"string","description_kind":"plain","computed":true},"id":{"type":"string","description_kind":"plain","computed":true},"retention_unit":{"type":"string","description_kind":"plain","required":true},"retention_value":{"type":"number","description_kind":"plain","required":true}},"description_kind":"plain"},"max_items":1},"policy_item_hourly":{"nesting_mode":"list","block":{"attributes":{"frequency_interval":{"type":"number","description_kind":"plain","required":true},"frequency_type":{"type":"string","description_kind":"plain","computed":true},"id":{"type":"string","description_kind":"plain","computed":true},"retention_unit":{"type":"string","description_kind":"plain","required":true},"retention_value":{"type":"number","description_kind":"plain","required":true}},"description_kind":"plain"},"max_items":1},"policy_item_monthly":{"nesting_mode":"list","block":{"attributes":{"frequency_interval":{"type":"number","description_kind":"plain","required":true},"frequency_type":{"type":"string","description_kind":"plain","computed":true},"id":{"type":"string","description_kind":"plain","computed":true},"retention_unit":{"type":"string","description_kind":"plain","required":true},"retention_value":{"type":"number","description_kind":"plain","required":true}},"description_kind":"plain"}},"policy_item_weekly":{"nesting_mode":"list","block":{"attributes":{"frequency_interval":{"type":"number","description_kind":"plain","required":true},"frequency_type":{"type":"string","description_kind":"plain","computed":true},"id":{"type":"string","description_kind":"plain","computed":true},"retention_unit":{"type":"string","description_kind":"plain","required":true},"retention_value":{"type":"number","description_kind":"plain","required":true}},"description_kind":"plain"}},"policy_item_yearly":{"nesting_mode":"list","block":{"attributes":{"frequency_interval":{"type":"number","description_kind":"plain","required":true},"frequency_type":{"type":"string","description_kind":"plain","computed":true},"id":{"type":"string","description_kind":"plain","computed":true},"retention_unit":{"type":"string","description_kind":"plain","required":true},"retention_value":{"type":"number","description_kind":"plain","required":true}},"description_kind":"plain"}}},"description_kind":"plain"}},"mongodbatlas_cloud_backup_schedule":{"version":0,"block":{"attributes":{"auto_export_enabled":{"type":"bool","description_kind":"plain","optional":true,"computed":true},"cluster_id":{"type":"string","description_kind":"plain","computed":true},"cluster_name":{"type":"string","description_kind":"plain","required":true},"id":{"type":"string","description_kind":"plain","optional":true,"computed":true},"id_policy":{"type":"string","description_kind":"plain","computed":true},"next_snapshot":{"type":"string","description_kind":"plain","computed":true},"project_id":{"type":"string","description_kind":"plain","required":true},"reference_hour_of_day":{"type":"number","description_kind":"plain","optional":true,"computed":true},"reference_minute_of_hour":{"type":"number","description_kind":"plain","optional":true,"computed":true},"restore_window_days":{"type":"number","description_kind":"plain","optional":true,"computed":true},"update_snapshots":{"type":"bool","description_kind":"plain","optional":true,"computed":true},"use_org_and_group_names_in_export_prefix":{"type":"bool","description_kind":"plain","optional":true,"computed":true}},"block_types":{"copy_settings":{"nesting_mode":"list","block":{"attributes":{"cloud_provider":{"type":"string","description_kind":"plain","optional":true,"computed":true},"frequencies":{"type":["set","string"],"description_kind":"plain","optional":true,"computed":true},"region_name":{"type":"string","description_kind":"plain","optional":true,"computed":true},"replication_spec_id":{"type":"string","description_kind":"plain","deprecated":true,"optional":true,"computed":true},"should_copy_oplogs":{"type":"bool","description_kind":"plain","optional":true,"computed":true},"zone_id":{"type":"string","description_kind":"plain","optional":true,"computed":true}},"description_kind":"plain"}},"export":{"nesting_mode":"list","block":{"attributes":{"export_bucket_id":{"type":"string","description_kind":"plain","optional":true,"computed":true},"frequency_type":{"type":"string","description_kind":"plain","optional":true,"computed":true}},"description_kind":"plain"},"max_items":1},"policy_item_daily":{"nesting_mode":"list","block":{"attributes":{"frequency_interval":{"type":"number","description_kind":"plain","required":true},"frequency_type":{"type":"string","description_kind":"plain","computed":true},"id":{"type":"string","description_kind":"plain","computed":true},"retention_unit":{"type":"string","description_kind":"plain","required":true},"retention_value":{"type":"number","description_kind":"plain","required":true}},"description_kind":"plain"},"max_items":1},"policy_item_hourly":{"nesting_mode":"list","block":{"attributes":{"frequency_interval":{"type":"number","description_kind":"plain","required":true},"frequency_type":{"type":"string","description_kind":"plain","computed":true},"id":{"type":"string","description_kind":"plain","computed":true},"retention_unit":{"type":"string","description_kind":"plain","required":true},"retention_value":{"type":"number","description_kind":"plain","required":true}},"description_kind":"plain"},"max_items":1},"policy_item_monthly":{"nesting_mode":"list","block":{"attributes":{"frequency_interval":{"type":"number","description_kind":"plain","required":true},"frequency_type":{"type":"string","description_kind":"plain","computed":true},"id":{"type":"string","description_kind":"plain","computed":true},"retention_unit":{"type":"string","description_kind":"plain","required":true},"retention_value":{"type":"number","description_kind":"plain","required":true}},"description_kind":"plain"}},"policy_item_weekly":{"nesting_mode":"list","block":{"attributes":{"frequency_interval":{"type":"number","description_kind":"plain","required":true},"frequency_type":{"type":"string","description_kind":"plain","computed":true},"id":{"type":"string","description_kind":"plain","computed":true},"retention_unit":{"type":"string","description_kind":"plain","required":true},"retention_value":{"type":"number","description_kind":"plain","required":true}},"description_kind":"plain"}},"policy_item_yearly":{"nesting_mode":"list","block":{"attributes":{"frequency_interval":{"type":"number","description_kind":"plain","required":true},"frequency_type":{"type":"string","description_kind":"plain","computed":true},"id":{"type":"string","description_kind":"plain","computed":true},"retention_unit":{"type":"string","description_kind":"plain","required":true},"retention_value":{"type":"number","description_kind":"plain","required":true}},"description_kind":"plain"}}},"description_kind":"plain"}},"mongodbatlas_cloud_backup_snapshot":{"version":0,"block":{"attributes":{"cloud_provider":{"type":"string","description_kind":"plain","computed":true},"cluster_name":{"type":"string","description_kind":"plain","required":true},"created_at":{"type":"string","description_kind":"plain","computed":true},"description":{"type":"string","description_kind":"plain","required":true},"expires_at":{"type":"string","description_kind":"plain","computed":true},"id":{"type":"string","description_kind":"plain","optional":true,"computed":true},"master_key_uuid":{"type":"string","description_kind":"plain","computed":true},"members":{"type":["list",["object",{"cloud_provider":"string","id":"string","replica_set_name":"string"}]],"description_kind":"plain","computed":true},"mongod_version":{"type":"string","description_kind":"plain","computed":true},"project_id":{"type":"string","description_kind":"plain","required":true},"replica_set_name":{"type":"string","description_kind":"plain","computed":true},"retention_in_days":{"type":"number","description_kind":"plain","required":true},"snapshot_id":{"type":"string","description_kind":"plain","computed":true},"snapshot_ids":{"type":["list","string"],"description_kind":"plain","computed":true},"snapshot_type":{"type":"string","description_kind":"plain","computed":true},"status":{"type":"string","description_kind":"plain","computed":true},"storage_size_bytes":{"type":"number","description_kind":"plain","computed":true},"type":{"type":"string","description_kind":"plain","computed":true}},"block_types":{"timeouts":{"nesting_mode":"single","block":{"attributes":{"create":{"type":"string","description_kind":"plain","optional":true}},"description_kind":"plain"}}},"description_kind":"plain"}},"mongodbatlas_cloud_backup_snapshot_export_bucket":{"version":0,"block":{"attributes":{"bucket_name":{"type":"string","description_kind":"plain","required":true},"cloud_provider":{"type":"string","description_kind":"plain","required":true},"export_bucket_id":{"type":"string","description_kind":"plain","computed":true},"iam_role_id":{"type":"string","description_kind":"plain","optional":true},"id":{"type":"string","description_kind":"plain","computed":true},"project_id":{"type":"string","description_kind":"plain","required":true},"role_id":{"type":"string","description_kind":"plain","optional":true},"service_url":{"type":"string","description_kind":"plain","optional":true},"tenant_id":{"type":"string","description_kind":"plain","deprecated":true,"optional":true,"computed":true}},"description_kind":"plain"}},"mongodbatlas_cloud_backup_snapshot_export_job":{"version":0,"block":{"attributes":{"cluster_name":{"type":"string","description_kind":"plain","required":true},"components":{"type":["set",["object",{"export_id":"string","replica_set_name":"string"}]],"description_kind":"plain","computed":true},"created_at":{"type":"string","description_kind":"plain","computed":true},"export_bucket_id":{"type":"string","description_kind":"plain","required":true},"export_job_id":{"type":"string","description_kind":"plain","computed":true},"export_status_exported_collections":{"type":"number","description_kind":"plain","computed":true},"export_status_total_collections":{"type":"number","description_kind":"plain","computed":true},"finished_at":{"type":"string","description_kind":"plain","computed":true},"id":{"type":"string","description_kind":"plain","computed":true},"prefix":{"type":"string","description_kind":"plain","computed":true},"project_id":{"type":"string","description_kind":"plain","required":true},"snapshot_id":{"type":"string","description_kind":"plain","required":true},"state":{"type":"string","description_kind":"plain","computed":true}},"block_types":{"custom_data":{"nesting_mode":"set","block":{"attributes":{"key":{"type":"string","description_kind":"plain","required":true},"value":{"type":"string","description_kind":"plain","required":true}},"description_kind":"plain"}}},"description_kind":"plain"}},"mongodbatlas_cloud_backup_snapshot_restore_job":{"version":0,"block":{"attributes":{"cancelled":{"type":"bool","description_kind":"plain","computed":true},"cluster_name":{"type":"string","description_kind":"plain","required":true},"delivery_url":{"type":["list","string"],"description_kind":"plain","computed":true},"expired":{"type":"bool","description_kind":"plain","computed":true},"expires_at":{"type":"string","description_kind":"plain","computed":true},"failed":{"type":"bool","description_kind":"plain","computed":true},"finished_at":{"type":"string","description_kind":"plain","computed":true},"id":{"type":"string","description_kind":"plain","optional":true,"computed":true},"project_id":{"type":"string","description_kind":"plain","required":true},"snapshot_id":{"type":"string","description_kind":"plain","optional":true},"snapshot_restore_job_id":{"type":"string","description_kind":"plain","computed":true},"timestamp":{"type":"string","description_kind":"plain","computed":true}},"block_types":{"delivery_type_config":{"nesting_mode":"list","block":{"attributes":{"automated":{"type":"bool","description_kind":"plain","optional":true},"download":{"type":"bool","description_kind":"plain","optional":true},"oplog_inc":{"type":"number","description_kind":"plain","optional":true},"oplog_ts":{"type":"number","description_kind":"plain","optional":true},"point_in_time":{"type":"bool","description_kind":"plain","optional":true},"point_in_time_utc_seconds":{"type":"number","description_kind":"plain","optional":true},"target_cluster_name":{"type":"string","description_kind":"plain","optional":true},"target_project_id":{"type":"string","description_kind":"plain","optional":true}},"description_kind":"plain"},"max_items":1}},"description_kind":"plain"}},"mongodbatlas_cloud_provider_access_authorization":{"version":1,"block":{"attributes":{"authorized_date":{"type":"string","description_kind":"plain","computed":true},"feature_usages":{"type":["list",["object",{"feature_id":["map","string"],"feature_type":"string"}]],"description_kind":"plain","computed":true},"id":{"type":"string","description_kind":"plain","optional":true,"computed":true},"project_id":{"type":"string","description_kind":"plain","required":true},"role_id":{"type":"string","description_kind":"plain","required":true}},"block_types":{"aws":{"nesting_mode":"list","block":{"attributes":{"iam_assumed_role_arn":{"type":"string","description_kind":"plain","required":true}},"description_kind":"plain"},"max_items":1},"azure":{"nesting_mode":"list","block":{"attributes":{"atlas_azure_app_id":{"type":"string","description_kind":"plain","required":true},"service_principal_id":{"type":"string","description_kind":"plain","required":true},"tenant_id":{"type":"string","description_kind":"plain","required":true}},"description_kind":"plain"},"max_items":1}},"description_kind":"plain"}},"mongodbatlas_cloud_provider_access_setup":{"version":0,"block":{"attributes":{"aws_config":{"type":["list",["object",{"atlas_assumed_role_external_id":"string","atlas_aws_account_arn":"string"}]],"description_kind":"plain","computed":true},"created_date":{"type":"string","description_kind":"plain","computed":true},"id":{"type":"string","description_kind":"plain","optional":true,"computed":true},"last_updated_date":{"type":"string","description_kind":"plain","computed":true},"project_id":{"type":"string","description_kind":"plain","required":true},"provider_name":{"type":"string","description_kind":"plain","required":true},"role_id":{"type":"string","description_kind":"plain","computed":true}},"block_types":{"azure_config":{"nesting_mode":"list","block":{"attributes":{"atlas_azure_app_id":{"type":"string","description_kind":"plain","required":true},"service_principal_id":{"type":"string","description_kind":"plain","required":true},"tenant_id":{"type":"string","description_kind":"plain","required":true}},"description_kind":"plain"}}},"description_kind":"plain"}},"mongodbatlas_cluster":{"version":1,"block":{"attributes":{"accept_data_risks_and_force_replica_set_reconfig":{"type":"string","description":"Submit this field alongside your topology reconfiguration to request a new regional outage resistant topology","description_kind":"plain","optional":true,"computed":true},"auto_scaling_compute_enabled":{"type":"bool","description_kind":"plain","optional":true,"computed":true},"auto_scaling_compute_scale_down_enabled":{"type":"bool","description_kind":"plain","optional":true,"computed":true},"auto_scaling_disk_gb_enabled":{"type":"bool","description_kind":"plain","optional":true,"computed":true},"backing_provider_name":{"type":"string","description_kind":"plain","optional":true,"computed":true},"backup_enabled":{"type":"bool","description":"Clusters running MongoDB FCV 4.2 or later and any new Atlas clusters of any type do not support this parameter","description_kind":"plain","optional":true,"computed":true},"cloud_backup":{"type":"bool","description_kind":"plain","optional":true,"computed":true},"cluster_id":{"type":"string","description_kind":"plain","computed":true},"cluster_type":{"type":"string","description_kind":"plain","optional":true,"computed":true},"connection_strings":{"type":["list",["object",{"private":"string","private_endpoint":["list",["object",{"connection_string":"string","endpoints":["list",["object",{"endpoint_id":"string","provider_name":"string","region":"string"}]],"srv_connection_string":"string","srv_shard_optimized_connection_string":"string","type":"string"}]],"private_srv":"string","standard":"string","standard_srv":"string"}]],"description_kind":"plain","computed":true},"container_id":{"type":"string","description_kind":"plain","computed":true},"disk_size_gb":{"type":"number","description_kind":"plain","optional":true,"computed":true},"encryption_at_rest_provider":{"type":"string","description_kind":"plain","optional":true,"computed":true},"id":{"type":"string","description_kind":"plain","optional":true,"computed":true},"mongo_db_major_version":{"type":"string","description_kind":"plain","optional":true,"computed":true},"mongo_db_version":{"type":"string","description_kind":"plain","computed":true},"mongo_uri":{"type":"string","description_kind":"plain","computed":true},"mongo_uri_updated":{"type":"string","description_kind":"plain","computed":true},"mongo_uri_with_options":{"type":"string","description_kind":"plain","computed":true},"name":{"type":"string","description_kind":"plain","required":true},"num_shards":{"type":"number","description_kind":"plain","optional":true,"computed":true},"paused":{"type":"bool","description_kind":"plain","optional":true,"computed":true},"pit_enabled":{"type":"bool","description_kind":"plain","optional":true,"computed":true},"project_id":{"type":"string","description_kind":"plain","required":true},"provider_auto_scaling_compute_max_instance_size":{"type":"string","description_kind":"plain","optional":true,"computed":true},"provider_auto_scaling_compute_min_instance_size":{"type":"string","description_kind":"plain","optional":true,"computed":true},"provider_disk_iops":{"type":"number","description_kind":"plain","optional":true,"computed":true},"provider_disk_type_name":{"type":"string","description_kind":"plain","optional":true,"computed":true},"provider_encrypt_ebs_volume":{"type":"bool","description_kind":"plain","deprecated":true,"optional":true,"computed":true},"provider_encrypt_ebs_volume_flag":{"type":"bool","description_kind":"plain","computed":true},"provider_instance_size_name":{"type":"string","description_kind":"plain","required":true},"provider_name":{"type":"string","description_kind":"plain","required":true},"provider_region_name":{"type":"string","description_kind":"plain","optional":true,"computed":true},"provider_volume_type":{"type":"string","description_kind":"plain","optional":true,"computed":true},"redact_client_log_data":{"type":"bool","description_kind":"plain","optional":true,"computed":true},"replication_factor":{"type":"number","description_kind":"plain","optional":true,"computed":true},"retain_backups_enabled":{"type":"bool","description":"Flag that indicates whether to retain backup snapshots for the deleted dedicated cluster","description_kind":"plain","optional":true},"snapshot_backup_policy":{"type":["list",["object",{"cluster_id":"string","cluster_name":"string","next_snapshot":"string","policies":["list",["object",{"id":"string","policy_item":["list",["object",{"frequency_interval":"number","frequency_type":"string","id":"string","retention_unit":"string","retention_value":"number"}]]}]],"reference_hour_of_day":"number","reference_minute_of_hour":"number","restore_window_days":"number","update_snapshots":"bool"}]],"description_kind":"plain","computed":true},"srv_address":{"type":"string","description_kind":"plain","computed":true},"state_name":{"type":"string","description_kind":"plain","computed":true},"termination_protection_enabled":{"type":"bool","description_kind":"plain","optional":true,"computed":true},"version_release_system":{"type":"string","description_kind":"plain","optional":true,"computed":true}},"block_types":{"advanced_configuration":{"nesting_mode":"list","block":{"attributes":{"change_stream_options_pre_and_post_images_expire_after_seconds":{"type":"number","description_kind":"plain","optional":true},"custom_openssl_cipher_config_tls12":{"type":["set","string"],"description_kind":"plain","optional":true},"default_max_time_ms":{"type":"number","description_kind":"plain","optional":true},"default_read_concern":{"type":"string","description_kind":"plain","deprecated":true,"optional":true,"computed":true},"default_write_concern":{"type":"string","description_kind":"plain","optional":true,"computed":true},"fail_index_key_too_long":{"type":"bool","description_kind":"plain","deprecated":true,"optional":true,"computed":true},"javascript_enabled":{"type":"bool","description_kind":"plain","optional":true,"computed":true},"minimum_enabled_tls_protocol":{"type":"string","description_kind":"plain","optional":true,"computed":true},"no_table_scan":{"type":"bool","description_kind":"plain","optional":true,"computed":true},"oplog_min_retention_hours":{"type":"number","description_kind":"plain","optional":true},"oplog_size_mb":{"type":"number","description_kind":"plain","optional":true,"computed":true},"sample_refresh_interval_bi_connector":{"type":"number","description_kind":"plain","optional":true,"computed":true},"sample_size_bi_connector":{"type":"number","description_kind":"plain","optional":true,"computed":true},"tls_cipher_config_mode":{"type":"string","description_kind":"plain","optional":true,"computed":true},"transaction_lifetime_limit_seconds":{"type":"number","description_kind":"plain","optional":true,"computed":true}},"description_kind":"plain"},"max_items":1},"bi_connector_config":{"nesting_mode":"list","block":{"attributes":{"enabled":{"type":"bool","description_kind":"plain","optional":true,"computed":true},"read_preference":{"type":"string","description_kind":"plain","optional":true,"computed":true}},"description_kind":"plain"},"max_items":1},"labels":{"nesting_mode":"set","block":{"attributes":{"key":{"type":"string","description_kind":"plain","optional":true},"value":{"type":"string","description_kind":"plain","optional":true}},"description_kind":"plain"}},"pinned_fcv":{"nesting_mode":"list","block":{"attributes":{"expiration_date":{"type":"string","description_kind":"plain","required":true},"version":{"type":"string","description_kind":"plain","computed":true}},"description_kind":"plain"},"max_items":1},"replication_specs":{"nesting_mode":"set","block":{"attributes":{"id":{"type":"string","description_kind":"plain","optional":true,"computed":true},"num_shards":{"type":"number","description_kind":"plain","required":true},"zone_name":{"type":"string","description_kind":"plain","optional":true}},"block_types":{"regions_config":{"nesting_mode":"set","block":{"attributes":{"analytics_nodes":{"type":"number","description_kind":"plain","optional":true},"electable_nodes":{"type":"number","description_kind":"plain","optional":true,"computed":true},"priority":{"type":"number","description_kind":"plain","optional":true,"computed":true},"read_only_nodes":{"type":"number","description_kind":"plain","optional":true},"region_name":{"type":"string","description_kind":"plain","required":true}},"description_kind":"plain"}}},"description_kind":"plain"}},"tags":{"nesting_mode":"set","block":{"attributes":{"key":{"type":"string","description_kind":"plain","required":true},"value":{"type":"string","description_kind":"plain","required":true}},"description_kind":"plain"}},"timeouts":{"nesting_mode":"single","block":{"attributes":{"create":{"type":"string","description_kind":"plain","optional":true},"delete":{"type":"string","description_kind":"plain","optional":true},"update":{"type":"string","description_kind":"plain","optional":true}},"description_kind":"plain"}}},"description_kind":"plain"}},"mongodbatlas_cluster_outage_simulation":{"version":0,"block":{"attributes":{"cluster_name":{"type":"string","description_kind":"plain","required":true},"id":{"type":"string","description_kind":"plain","optional":true,"computed":true},"project_id":{"type":"string","description_kind":"plain","required":true},"simulation_id":{"type":"string","description_kind":"plain","computed":true},"start_request_date":{"type":"string","description_kind":"plain","computed":true},"state":{"type":"string","description_kind":"plain","computed":true}},"block_types":{"outage_filters":{"nesting_mode":"list","block":{"attributes":{"cloud_provider":{"type":"string","description_kind":"plain","required":true},"region_name":{"type":"string","description_kind":"plain","required":true},"type":{"type":"string","description_kind":"plain","computed":true}},"description_kind":"plain"},"min_items":1},"timeouts":{"nesting_mode":"single","block":{"attributes":{"delete":{"type":"string","description_kind":"plain","optional":true}},"description_kind":"plain"}}},"description_kind":"plain"}},"mongodbatlas_custom_db_role":{"version":0,"block":{"attributes":{"id":{"type":"string","description_kind":"plain","optional":true,"computed":true},"project_id":{"type":"string","description_kind":"plain","required":true},"role_name":{"type":"string","description_kind":"plain","required":true}},"block_types":{"actions":{"nesting_mode":"list","block":{"attributes":{"action":{"type":"string","description_kind":"plain","required":true}},"block_types":{"resources":{"nesting_mode":"set","block":{"attributes":{"cluster":{"type":"bool","description_kind":"plain","optional":true},"collection_name":{"type":"string","description_kind":"plain","optional":true},"database_name":{"type":"string","description_kind":"plain","optional":true}},"description_kind":"plain"},"min_items":1}},"description_kind":"plain"}},"inherited_roles":{"nesting_mode":"set","block":{"attributes":{"database_name":{"type":"string","description_kind":"plain","required":true},"role_name":{"type":"string","description_kind":"plain","required":true}},"description_kind":"plain"}}},"description_kind":"plain"}},"mongodbatlas_custom_dns_configuration_cluster_aws":{"version":0,"block":{"attributes":{"enabled":{"type":"bool","description_kind":"plain","required":true},"id":{"type":"string","description_kind":"plain","optional":true,"computed":true},"project_id":{"type":"string","description_kind":"plain","required":true}},"description_kind":"plain"}},"mongodbatlas_data_lake_pipeline":{"version":0,"block":{"attributes":{"created_date":{"type":"string","description_kind":"plain","computed":true},"id":{"type":"string","description_kind":"plain","computed":true},"ingestion_schedules":{"type":["set",["object",{"frequency_interval":"number","frequency_type":"string","id":"string","retention_unit":"string","retention_value":"number"}]],"description_kind":"plain","computed":true},"last_updated_date":{"type":"string","description_kind":"plain","computed":true},"name":{"type":"string","description_kind":"plain","required":true},"project_id":{"type":"string","description_kind":"plain","required":true},"snapshots":{"type":["set",["object",{"copy_region":"string","created_at":"string","expires_at":"string","frequency_yype":"string","id":"string","master_key":"string","mongod_version":"string","policies":["list","string"],"provider":"string","replica_set_name":"string","size":"number","snapshot_type":"string","status":"string","type":"string"}]],"description_kind":"plain","computed":true},"state":{"type":"string","description_kind":"plain","computed":true}},"block_types":{"sink":{"nesting_mode":"list","block":{"attributes":{"provider":{"type":"string","description_kind":"plain","optional":true,"computed":true},"region":{"type":"string","description_kind":"plain","optional":true,"computed":true},"type":{"type":"string","description_kind":"plain","optional":true}},"block_types":{"partition_fields":{"nesting_mode":"list","block":{"attributes":{"field_name":{"type":"string","description_kind":"plain","required":true},"order":{"type":"number","description_kind":"plain","required":true}},"description_kind":"plain"}}},"description_kind":"plain"},"max_items":1},"source":{"nesting_mode":"list","block":{"attributes":{"cluster_name":{"type":"string","description_kind":"plain","optional":true},"collection_name":{"type":"string","description_kind":"plain","optional":true},"database_name":{"type":"string","description_kind":"plain","optional":true},"policy_item_id":{"type":"string","description_kind":"plain","optional":true},"project_id":{"type":"string","description_kind":"plain","optional":true,"computed":true},"type":{"type":"string","description_kind":"plain","optional":true}},"description_kind":"plain"},"max_items":1},"transformations":{"nesting_mode":"list","block":{"attributes":{"field":{"type":"string","description_kind":"plain","optional":true},"type":{"type":"string","description_kind":"plain","optional":true}},"description_kind":"plain"}}},"description_kind":"plain","deprecated":true}},"mongodbatlas_database_user":{"version":0,"block":{"attributes":{"auth_database_name":{"type":"string","description_kind":"plain","required":true},"aws_iam_type":{"type":"string","description_kind":"plain","optional":true,"computed":true},"description":{"type":"string","description_kind":"plain","optional":true},"id":{"type":"string","description_kind":"plain","computed":true},"ldap_auth_type":{"type":"string","description_kind":"plain","optional":true,"computed":true},"oidc_auth_type":{"type":"string","description_kind":"plain","optional":true,"computed":true},"password":{"type":"string","description_kind":"plain","optional":true,"sensitive":true},"project_id":{"type":"string","description_kind":"plain","required":true},"username":{"type":"string","description_kind":"plain","required":true},"x509_type":{"type":"string","description_kind":"plain","optional":true,"computed":true}},"block_types":{"labels":{"nesting_mode":"set","block":{"attributes":{"key":{"type":"string","description_kind":"plain","optional":true,"computed":true},"value":{"type":"string","description_kind":"plain","optional":true,"computed":true}},"description_kind":"plain"}},"roles":{"nesting_mode":"set","block":{"attributes":{"collection_name":{"type":"string","description_kind":"plain","optional":true},"database_name":{"type":"string","description_kind":"plain","required":true},"role_name":{"type":"string","description_kind":"plain","required":true}},"description_kind":"plain"}},"scopes":{"nesting_mode":"set","block":{"attributes":{"name":{"type":"string","description_kind":"plain","optional":true},"type":{"type":"string","description_kind":"plain","optional":true}},"description_kind":"plain"}}},"description_kind":"plain"}},"mongodbatlas_encryption_at_rest":{"version":0,"block":{"attributes":{"enabled_for_search_nodes":{"type":"bool","description":"Flag that indicates whether Encryption at Rest for Dedicated Search Nodes is enabled in the specified project.","description_kind":"markdown","optional":true,"computed":true},"id":{"type":"string","description_kind":"plain","computed":true},"project_id":{"type":"string","description":"Unique 24-hexadecimal digit string that identifies your project.","description_kind":"markdown","required":true}},"block_types":{"aws_kms_config":{"nesting_mode":"list","block":{"attributes":{"access_key_id":{"type":"string","description":"Unique alphanumeric string that identifies an Identity and Access Management (IAM) access key with permissions required to access your Amazon Web Services (AWS) Customer Master Key (CMK).","description_kind":"markdown","optional":true,"sensitive":true},"customer_master_key_id":{"type":"string","description":"Unique alphanumeric string that identifies the Amazon Web Services (AWS) Customer Master Key (CMK) you used to encrypt and decrypt the MongoDB master keys.","description_kind":"markdown","optional":true,"sensitive":true},"enabled":{"type":"bool","description":"Flag that indicates whether someone enabled encryption at rest for the specified project through Amazon Web Services (AWS) Key Management Service (KMS). To disable encryption at rest using customer key management and remove the configuration details, pass only this parameter with a value of `false`.","description_kind":"markdown","optional":true,"computed":true},"region":{"type":"string","description":"Physical location where MongoDB Atlas deploys your AWS-hosted MongoDB cluster nodes. The region you choose can affect network latency for clients accessing your databases. When MongoDB Cloud deploys a dedicated cluster, it checks if a VPC or VPC connection exists for that provider and region. If not, MongoDB Atlas creates them as part of the deployment. MongoDB Atlas assigns the VPC a CIDR block. To limit a new VPC peering connection to one CIDR block and region, create the connection first. Deploy the cluster after the connection starts.","description_kind":"markdown","optional":true},"require_private_networking":{"type":"bool","description":"Enable connection to your Amazon Web Services (AWS) Key Management Service (KMS) over private networking.","description_kind":"markdown","optional":true,"computed":true},"role_id":{"type":"string","description":"Unique 24-hexadecimal digit string that identifies an Amazon Web Services (AWS) Identity and Access Management (IAM) role. This IAM role has the permissions required to manage your AWS customer master key.","description_kind":"markdown","optional":true},"secret_access_key":{"type":"string","description":"Human-readable label of the Identity and Access Management (IAM) secret access key with permissions required to access your Amazon Web Services (AWS) customer master key.","description_kind":"markdown","optional":true,"sensitive":true},"valid":{"type":"bool","description":"Flag that indicates whether the Amazon Web Services (AWS) Key Management Service (KMS) encryption key can encrypt and decrypt data.","description_kind":"markdown","computed":true}},"description":"Amazon Web Services (AWS) KMS configuration details and encryption at rest configuration set for the specified project.","description_kind":"markdown"}},"azure_key_vault_config":{"nesting_mode":"list","block":{"attributes":{"azure_environment":{"type":"string","description":"Azure environment in which your account credentials reside.","description_kind":"markdown","optional":true},"client_id":{"type":"string","description":"Unique 36-hexadecimal character string that identifies an Azure application associated with your Azure Active Directory tenant.","description_kind":"markdown","optional":true,"sensitive":true},"enabled":{"type":"bool","description":"Flag that indicates whether someone enabled encryption at rest for the specified  project. To disable encryption at rest using customer key management and remove the configuration details, pass only this parameter with a value of `false`.","description_kind":"markdown","optional":true,"computed":true},"key_identifier":{"type":"string","description":"Web address with a unique key that identifies for your Azure Key Vault.","description_kind":"markdown","optional":true,"sensitive":true},"key_vault_name":{"type":"string","description":"Unique string that identifies the Azure Key Vault that contains your key.","description_kind":"markdown","optional":true},"require_private_networking":{"type":"bool","description":"Enable connection to your Azure Key Vault over private networking.","description_kind":"markdown","optional":true,"computed":true},"resource_group_name":{"type":"string","description":"Name of the Azure resource group that contains your Azure Key Vault.","description_kind":"markdown","optional":true},"secret":{"type":"string","description":"Private data that you need secured and that belongs to the specified Azure Key Vault (AKV) tenant (**azureKeyVault.tenantID**). This data can include any type of sensitive data such as passwords, database connection strings, API keys, and the like. AKV stores this information as encrypted binary data.","description_kind":"markdown","optional":true,"sensitive":true},"subscription_id":{"type":"string","description":"Unique 36-hexadecimal character string that identifies your Azure subscription.","description_kind":"markdown","optional":true,"sensitive":true},"tenant_id":{"type":"string","description":"Unique 36-hexadecimal character string that identifies the Azure Active Directory tenant within your Azure subscription.","description_kind":"markdown","optional":true,"sensitive":true},"valid":{"type":"bool","description":"Flag that indicates whether the Azure encryption key can encrypt and decrypt data.","description_kind":"markdown","computed":true}},"description":"Details that define the configuration of Encryption at Rest using Azure Key Vault (AKV).","description_kind":"markdown"}},"google_cloud_kms_config":{"nesting_mode":"list","block":{"attributes":{"enabled":{"type":"bool","description":"Flag that indicates whether someone enabled encryption at rest for the specified  project. To disable encryption at rest using customer key management and remove the configuration details, pass only this parameter with a value of `false`.","description_kind":"markdown","optional":true,"computed":true},"key_version_resource_id":{"type":"string","description":"Resource path that displays the key version resource ID for your Google Cloud KMS.","description_kind":"markdown","optional":true,"sensitive":true},"service_account_key":{"type":"string","description":"JavaScript Object Notation (JSON) object that contains the Google Cloud Key Management Service (KMS). Format the JSON as a string and not as an object.","description_kind":"markdown","optional":true,"sensitive":true},"valid":{"type":"bool","description":"Flag that indicates whether the Google Cloud Key Management Service (KMS) encryption key can encrypt and decrypt data.","description_kind":"markdown","computed":true}},"description":"Details that define the configuration of Encryption at Rest using Google Cloud Key Management Service (KMS).","description_kind":"markdown"}}},"description_kind":"plain"}},"mongodbatlas_encryption_at_rest_private_endpoint":{"version":0,"block":{"attributes":{"cloud_provider":{"type":"string","description":"Label that identifies the cloud provider for the Encryption At Rest private endpoint.","description_kind":"markdown","required":true},"error_message":{"type":"string","description":"Error message for failures associated with the Encryption At Rest private endpoint.","description_kind":"markdown","computed":true},"id":{"type":"string","description":"Unique 24-hexadecimal digit string that identifies the Private Endpoint Service.","description_kind":"markdown","computed":true},"private_endpoint_connection_name":{"type":"string","description":"Connection name of the Azure Private Endpoint.","description_kind":"markdown","computed":true},"project_id":{"type":"string","description":"Unique 24-hexadecimal digit string that identifies your project.","description_kind":"markdown","required":true},"region_name":{"type":"string","description":"Cloud provider region in which the Encryption At Rest private endpoint is located.","description_kind":"markdown","required":true},"status":{"type":"string","description":"State of the Encryption At Rest private endpoint.","description_kind":"markdown","computed":true}},"description_kind":"plain"}},"mongodbatlas_event_trigger":{"version":0,"block":{"attributes":{"app_id":{"type":"string","description_kind":"plain","required":true},"config_collection":{"type":"string","description_kind":"plain","optional":true,"computed":true},"config_database":{"type":"string","description_kind":"plain","optional":true,"computed":true},"config_full_document":{"type":"bool","description_kind":"plain","optional":true,"computed":true},"config_full_document_before":{"type":"bool","description_kind":"plain","optional":true,"computed":true},"config_match":{"type":"string","description_kind":"plain","optional":true,"computed":true},"config_operation_type":{"type":"string","description_kind":"plain","optional":true,"computed":true},"config_operation_types":{"type":["list","string"],"description_kind":"plain","optional":true,"computed":true},"config_project":{"type":"string","description_kind":"plain","optional":true,"computed":true},"config_providers":{"type":["list","string"],"description_kind":"plain","optional":true,"computed":true},"config_schedule":{"type":"string","description_kind":"plain","optional":true,"computed":true},"config_schedule_type":{"type":"string","description_kind":"plain","computed":true},"config_service_id":{"type":"string","description_kind":"plain","optional":true,"computed":true},"disabled":{"type":"bool","description_kind":"plain","optional":true,"computed":true},"function_id":{"type":"string","description_kind":"plain","optional":true},"function_name":{"type":"string","description_kind":"plain","computed":true},"id":{"type":"string","description_kind":"plain","optional":true,"computed":true},"name":{"type":"string","description_kind":"plain","required":true},"project_id":{"type":"string","description_kind":"plain","required":true},"trigger_id":{"type":"string","description_kind":"plain","computed":true},"type":{"type":"string","description_kind":"plain","required":true},"unordered":{"type":"bool","description_kind":"plain","optional":true,"computed":true}},"block_types":{"event_processors":{"nesting_mode":"list","block":{"block_types":{"aws_eventbridge":{"nesting_mode":"list","block":{"attributes":{"config_account_id":{"type":"string","description_kind":"plain","optional":true},"config_region":{"type":"string","description_kind":"plain","optional":true}},"description_kind":"plain"},"max_items":1}},"description_kind":"plain"},"max_items":1}},"description_kind":"plain"}},"mongodbatlas_federated_database_instance":{"version":0,"block":{"attributes":{"hostnames":{"type":["list","string"],"description_kind":"plain","computed":true},"id":{"type":"string","description_kind":"plain","optional":true,"computed":true},"name":{"type":"string","description_kind":"plain","required":true},"project_id":{"type":"string","description_kind":"plain","required":true},"state":{"type":"string","description_kind":"plain","computed":true}},"block_types":{"cloud_provider_config":{"nesting_mode":"list","block":{"block_types":{"aws":{"nesting_mode":"list","block":{"attributes":{"external_id":{"type":"string","description_kind":"plain","computed":true},"iam_assumed_role_arn":{"type":"string","description_kind":"plain","computed":true},"iam_user_arn":{"type":"string","description_kind":"plain","computed":true},"role_id":{"type":"string","description_kind":"plain","required":true},"test_s3_bucket":{"type":"string","description_kind":"plain","required":true}},"description_kind":"plain"},"min_items":1,"max_items":1}},"description_kind":"plain"},"max_items":1},"data_process_region":{"nesting_mode":"list","block":{"attributes":{"cloud_provider":{"type":"string","description_kind":"plain","required":true},"region":{"type":"string","description_kind":"plain","required":true}},"description_kind":"plain"},"max_items":1},"storage_databases":{"nesting_mode":"set","block":{"attributes":{"max_wildcard_collections":{"type":"number","description_kind":"plain","computed":true},"name":{"type":"string","description_kind":"plain","optional":true,"computed":true}},"block_types":{"collections":{"nesting_mode":"set","block":{"attributes":{"name":{"type":"string","description_kind":"plain","optional":true,"computed":true}},"block_types":{"data_sources":{"nesting_mode":"set","block":{"attributes":{"allow_insecure":{"type":"bool","description_kind":"plain","optional":true,"computed":true},"collection":{"type":"string","description_kind":"plain","optional":true,"computed":true},"collection_regex":{"type":"string","description_kind":"plain","optional":true,"computed":true},"database":{"type":"string","description_kind":"plain","optional":true,"computed":true},"database_regex":{"type":"string","description_kind":"plain","optional":true,"computed":true},"dataset_name":{"type":"string","description_kind":"plain","optional":true,"computed":true},"default_format":{"type":"string","description_kind":"plain","optional":true,"computed":true},"path":{"type":"string","description_kind":"plain","optional":true,"computed":true},"provenance_field_name":{"type":"string","description_kind":"plain","optional":true,"computed":true},"store_name":{"type":"string","description_kind":"plain","optional":true,"computed":true},"urls":{"type":["list","string"],"description_kind":"plain","optional":true,"computed":true}},"description_kind":"plain"}}},"description_kind":"plain"}},"views":{"nesting_mode":"set","block":{"attributes":{"name":{"type":"string","description_kind":"plain","computed":true},"pipeline":{"type":"string","description_kind":"plain","computed":true},"source":{"type":"string","description_kind":"plain","computed":true}},"description_kind":"plain"}}},"description_kind":"plain"}},"storage_stores":{"nesting_mode":"set","block":{"attributes":{"additional_storage_classes":{"type":["list","string"],"description_kind":"plain","optional":true,"computed":true},"allow_insecure":{"type":"bool","description_kind":"plain","optional":true,"computed":true},"bucket":{"type":"string","description_kind":"plain","optional":true,"computed":true},"cluster_name":{"type":"string","description_kind":"plain","optional":true,"computed":true},"default_format":{"type":"string","description_kind":"plain","optional":true,"computed":true},"delimiter":{"type":"string","description_kind":"plain","optional":true,"computed":true},"include_tags":{"type":"bool","description_kind":"plain","optional":true,"computed":true},"name":{"type":"string","description_kind":"plain","optional":true,"computed":true},"prefix":{"type":"string","description_kind":"plain","optional":true,"computed":true},"project_id":{"type":"string","description_kind":"plain","optional":true,"computed":true},"provider":{"type":"string","description_kind":"plain","optional":true,"computed":true},"public":{"type":"string","description_kind":"plain","optional":true,"computed":true},"region":{"type":"string","description_kind":"plain","optional":true,"computed":true},"urls":{"type":["list","string"],"description_kind":"plain","optional":true,"computed":true}},"block_types":{"read_preference":{"nesting_mode":"list","block":{"attributes":{"max_staleness_seconds":{"type":"number","description_kind":"plain","optional":true,"computed":true},"mode":{"type":"string","description_kind":"plain","optional":true,"computed":true}},"block_types":{"tag_sets":{"nesting_mode":"list","block":{"block_types":{"tags":{"nesting_mode":"list","block":{"attributes":{"name":{"type":"string","description_kind":"plain","optional":true,"computed":true},"value":{"type":"string","description_kind":"plain","optional":true,"computed":true}},"description_kind":"plain"},"min_items":1}},"description_kind":"plain"}}},"description_kind":"plain"},"max_items":1}},"description_kind":"plain"}}},"description_kind":"plain"}},"mongodbatlas_federated_query_limit":{"version":0,"block":{"attributes":{"current_usage":{"type":"number","description_kind":"plain","computed":true},"default_limit":{"type":"number","description_kind":"plain","optional":true},"id":{"type":"string","description_kind":"plain","optional":true,"computed":true},"last_modified_date":{"type":"string","description_kind":"plain","computed":true},"limit_name":{"type":"string","description_kind":"plain","required":true},"maximum_limit":{"type":"number","description_kind":"plain","optional":true},"overrun_policy":{"type":"string","description_kind":"plain","required":true},"project_id":{"type":"string","description_kind":"plain","required":true},"tenant_name":{"type":"string","description_kind":"plain","required":true},"value":{"type":"number","description_kind":"plain","required":true}},"description_kind":"plain"}},"mongodbatlas_federated_settings_identity_provider":{"version":0,"block":{"attributes":{"associated_domains":{"type":["list","string"],"description_kind":"plain","optional":true},"audience":{"type":"string","description_kind":"plain","optional":true},"authorization_type":{"type":"string","description_kind":"plain","optional":true},"client_id":{"type":"string","description_kind":"plain","optional":true},"description":{"type":"string","description_kind":"plain","optional":true},"federation_settings_id":{"type":"string","description_kind":"plain","required":true},"groups_claim":{"type":"string","description_kind":"plain","optional":true},"id":{"type":"string","description_kind":"plain","optional":true,"computed":true},"idp_id":{"type":"string","description_kind":"plain","computed":true},"idp_type":{"type":"string","description_kind":"plain","optional":true,"computed":true},"issuer_uri":{"type":"string","description_kind":"plain","required":true},"name":{"type":"string","description_kind":"plain","required":true},"okta_idp_id":{"type":"string","description_kind":"plain","computed":true},"protocol":{"type":"string","description_kind":"plain","optional":true,"computed":true},"request_binding":{"type":"string","description_kind":"plain","optional":true},"requested_scopes":{"type":["list","string"],"description_kind":"plain","optional":true},"response_signature_algorithm":{"type":"string","description_kind":"plain","optional":true},"sso_debug_enabled":{"type":"bool","description_kind":"plain","optional":true},"sso_url":{"type":"string","description_kind":"plain","optional":true},"status":{"type":"string","description_kind":"plain","optional":true},"user_claim":{"type":"string","description_kind":"plain","optional":true}},"description_kind":"plain"}},"mongodbatlas_federated_settings_org_config":{"version":0,"block":{"attributes":{"data_access_identity_provider_ids":{"type":["list","string"],"description_kind":"plain","optional":true},"domain_allow_list":{"type":["list","string"],"description_kind":"plain","optional":true},"domain_restriction_enabled":{"type":"bool","description_kind":"plain","required":true},"federation_settings_id":{"type":"string","description_kind":"plain","required":true},"id":{"type":"string","description_kind":"plain","optional":true,"computed":true},"identity_provider_id":{"type":"string","description_kind":"plain","optional":true},"org_id":{"type":"string","description_kind":"plain","required":true},"post_auth_role_grants":{"type":["list","string"],"description_kind":"plain","optional":true},"user_conflicts":{"type":["list",["object",{"email_address":"string","federation_settings_id":"string","first_name":"string","last_name":"string","user_id":"string"}]],"description_kind":"plain","computed":true}},"description_kind":"plain"}},"mongodbatlas_federated_settings_org_role_mapping":{"version":0,"block":{"attributes":{"external_group_name":{"type":"string","description_kind":"plain","required":true},"federation_settings_id":{"type":"string","description_kind":"plain","required":true},"id":{"type":"string","description_kind":"plain","computed":true},"org_id":{"type":"string","description_kind":"plain","required":true},"role_mapping_id":{"type":"string","description_kind":"plain","computed":true}},"block_types":{"role_assignments":{"nesting_mode":"set","block":{"attributes":{"group_id":{"type":"string","description_kind":"plain","optional":true},"org_id":{"type":"string","description_kind":"plain","optional":true},"roles":{"type":["set","string"],"description_kind":"plain","optional":true}},"description_kind":"plain"},"min_items":1}},"description_kind":"plain"}},"mongodbatlas_flex_cluster":{"version":0,"block":{"attributes":{"backup_settings":{"nested_type":{"attributes":{"enabled":{"type":"bool","description":"Flag that indicates whether backups are performed for this flex cluster. Backup uses [flex cluster backups](https://www.mongodb.com/docs/atlas/backup/cloud-backup/flex-cluster-backup/).","description_kind":"markdown","computed":true}},"nesting_mode":"single"},"description":"Flex backup configuration","description_kind":"markdown","computed":true},"cluster_type":{"type":"string","description":"Flex cluster topology.","description_kind":"markdown","computed":true},"connection_strings":{"nested_type":{"attributes":{"standard":{"type":"string","description":"Public connection string that you can use to connect to this cluster. This connection string uses the mongodb:// protocol.","description_kind":"markdown","computed":true},"standard_srv":{"type":"string","description":"Public connection string that you can use to connect to this flex cluster. This connection string uses the `mongodb+srv://` protocol.","description_kind":"markdown","computed":true}},"nesting_mode":"single"},"description":"Collection of Uniform Resource Locators that point to the MongoDB database.","description_kind":"markdown","computed":true},"create_date":{"type":"string","description":"Date and time when MongoDB Cloud created this instance. This parameter expresses its value in ISO 8601 format in UTC.","description_kind":"markdown","computed":true},"id":{"type":"string","description":"Unique 24-hexadecimal digit string that identifies the instance.","description_kind":"markdown","computed":true},"mongo_db_version":{"type":"string","description":"Version of MongoDB that the instance runs.","description_kind":"markdown","computed":true},"name":{"type":"string","description":"Human-readable label that identifies the instance.","description_kind":"markdown","required":true},"project_id":{"type":"string","description":"Unique 24-hexadecimal character string that identifies the project.","description_kind":"markdown","required":true},"provider_settings":{"nested_type":{"attributes":{"backing_provider_name":{"type":"string","description":"Cloud service provider on which MongoDB Cloud provisioned the flex cluster.","description_kind":"markdown","required":true},"disk_size_gb":{"type":"number","description":"Storage capacity available to the flex cluster expressed in gigabytes.","description_kind":"markdown","computed":true},"provider_name":{"type":"string","description":"Human-readable label that identifies the cloud service provider.","description_kind":"markdown","computed":true},"region_name":{"type":"string","description":"Human-readable label that identifies the geographic location of your MongoDB flex cluster. The region you choose can affect network latency for clients accessing your databases. For a complete list of region names, see [AWS](https://docs.atlas.mongodb.com/reference/amazon-aws/#std-label-amazon-aws), [GCP](https://docs.atlas.mongodb.com/reference/google-gcp/), and [Azure](https://docs.atlas.mongodb.com/reference/microsoft-azure/).","description_kind":"markdown","required":true}},"nesting_mode":"single"},"description":"Group of cloud provider settings that configure the provisioned MongoDB flex cluster.","description_kind":"markdown","required":true},"state_name":{"type":"string","description":"Human-readable label that indicates the current operating condition of this instance.","description_kind":"markdown","computed":true},"tags":{"type":["map","string"],"description":"Map that contains key-value pairs between 1 to 255 characters in length for tagging and categorizing the instance.","description_kind":"markdown","optional":true},"termination_protection_enabled":{"type":"bool","description":"Flag that indicates whether termination protection is enabled on the cluster. If set to `true`, MongoDB Cloud won't delete the cluster. If set to `false`, MongoDB Cloud will delete the cluster.","description_kind":"markdown","optional":true,"computed":true},"version_release_system":{"type":"string","description":"Method by which the cluster maintains the MongoDB versions.","description_kind":"markdown","computed":true}},"description_kind":"plain"}},"mongodbatlas_global_cluster_config":{"version":0,"block":{"attributes":{"cluster_name":{"type":"string","description_kind":"plain","required":true},"custom_zone_mapping":{"type":["map","string"],"description_kind":"plain","deprecated":true,"computed":true},"custom_zone_mapping_zone_id":{"type":["map","string"],"description_kind":"plain","computed":true},"id":{"type":"string","description_kind":"plain","optional":true,"computed":true},"project_id":{"type":"string","description_kind":"plain","required":true}},"block_types":{"custom_zone_mappings":{"nesting_mode":"set","block":{"attributes":{"location":{"type":"string","description_kind":"plain","optional":true,"computed":true},"zone":{"type":"string","description_kind":"plain","optional":true,"computed":true}},"description_kind":"plain"}},"managed_namespaces":{"nesting_mode":"set","block":{"attributes":{"collection":{"type":"string","description_kind":"plain","required":true},"custom_shard_key":{"type":"string","description_kind":"plain","required":true},"db":{"type":"string","description_kind":"plain","required":true},"is_custom_shard_key_hashed":{"type":"bool","description_kind":"plain","optional":true,"computed":true},"is_shard_key_unique":{"type":"bool","description_kind":"plain","optional":true,"computed":true}},"description_kind":"plain"}}},"description_kind":"plain"}},"mongodbatlas_ldap_configuration":{"version":0,"block":{"attributes":{"authentication_enabled":{"type":"bool","description_kind":"plain","required":true},"authorization_enabled":{"type":"bool","description_kind":"plain","optional":true,"computed":true},"authz_query_template":{"type":"string","description_kind":"plain","optional":true,"computed":true},"bind_password":{"type":"string","description_kind":"plain","required":true,"sensitive":true},"bind_username":{"type":"string","description_kind":"plain","required":true},"ca_certificate":{"type":"string","description_kind":"plain","optional":true,"computed":true},"hostname":{"type":"string","description_kind":"plain","required":true},"id":{"type":"string","description_kind":"plain","optional":true,"computed":true},"port":{"type":"number","description_kind":"plain","optional":true},"project_id":{"type":"string","description_kind":"plain","required":true}},"block_types":{"user_to_dn_mapping":{"nesting_mode":"list","block":{"attributes":{"ldap_query":{"type":"string","description_kind":"plain","optional":true,"computed":true},"match":{"type":"string","description_kind":"plain","optional":true,"computed":true},"substitution":{"type":"string","description_kind":"plain","optional":true,"computed":true}},"description_kind":"plain"}}},"description_kind":"plain"}},"mongodbatlas_ldap_verify":{"version":0,"block":{"attributes":{"authz_query_template":{"type":"string","description_kind":"plain","optional":true,"computed":true},"bind_password":{"type":"string","description_kind":"plain","required":true},"bind_username":{"type":"string","description_kind":"plain","required":true},"ca_certificate":{"type":"string","description_kind":"plain","optional":true,"computed":true},"hostname":{"type":"string","description_kind":"plain","required":true},"id":{"type":"string","description_kind":"plain","optional":true,"computed":true},"links":{"type":["list",["object",{"href":"string","rel":"string"}]],"description_kind":"plain","computed":true},"port":{"type":"number","description_kind":"plain","required":true},"project_id":{"type":"string","description_kind":"plain","required":true},"request_id":{"type":"string","description_kind":"plain","computed":true},"status":{"type":"string","description_kind":"plain","computed":true},"validations":{"type":["list",["object",{"status":"string","validation_type":"string"}]],"description_kind":"plain","computed":true}},"description_kind":"plain"}},"mongodbatlas_maintenance_window":{"version":0,"block":{"attributes":{"auto_defer":{"type":"bool","description_kind":"plain","optional":true,"computed":true},"auto_defer_once_enabled":{"type":"bool","description_kind":"plain","optional":true,"computed":true},"day_of_week":{"type":"number","description_kind":"plain","required":true},"defer":{"type":"bool","description_kind":"plain","optional":true,"computed":true},"hour_of_day":{"type":"number","description_kind":"plain","optional":true,"computed":true},"id":{"type":"string","description_kind":"plain","optional":true,"computed":true},"number_of_deferrals":{"type":"number","description_kind":"plain","computed":true},"project_id":{"type":"string","description_kind":"plain","required":true},"start_asap":{"type":"bool","description_kind":"plain","optional":true,"computed":true},"time_zone_id":{"type":"string","description_kind":"plain","computed":true}},"block_types":{"protected_hours":{"nesting_mode":"list","block":{"attributes":{"end_hour_of_day":{"type":"number","description_kind":"plain","required":true},"start_hour_of_day":{"type":"number","description_kind":"plain","required":true}},"description_kind":"plain"},"max_items":1}},"description_kind":"plain"}},"mongodbatlas_mongodb_employee_access_grant":{"version":0,"block":{"attributes":{"cluster_name":{"type":"string","description":"Human-readable label that identifies this cluster.","description_kind":"markdown","required":true},"expiration_time":{"type":"string","description":"Expiration date for the employee access grant.","description_kind":"markdown","required":true},"grant_type":{"type":"string","description":"Level of access to grant to MongoDB Employees. Possible values are CLUSTER_DATABASE_LOGS, CLUSTER_INFRASTRUCTURE or CLUSTER_INFRASTRUCTURE_AND_APP_SERVICES_SYNC_DATA.","description_kind":"markdown","required":true},"project_id":{"type":"string","description":"Unique 24-hexadecimal digit string that identifies your project. Use the [/groups](#tag/Projects/operation/listProjects) endpoint to retrieve all projects to which the authenticated user has access.\n\n**NOTE**: Groups and projects are synonymous terms. Your group id is the same as your project id. For existing groups, your group/project id remains the same. The resource and corresponding endpoints use the term groups.","description_kind":"markdown","required":true}},"description_kind":"plain"}},"mongodbatlas_network_container":{"version":0,"block":{"attributes":{"atlas_cidr_block":{"type":"string","description_kind":"plain","required":true},"azure_subscription_id":{"type":"string","description_kind":"plain","computed":true},"container_id":{"type":"string","description_kind":"plain","computed":true},"gcp_project_id":{"type":"string","description_kind":"plain","computed":true},"id":{"type":"string","description_kind":"plain","optional":true,"computed":true},"network_name":{"type":"string","description_kind":"plain","computed":true},"project_id":{"type":"string","description_kind":"plain","required":true},"provider_name":{"type":"string","description_kind":"plain","optional":true},"provisioned":{"type":"bool","description_kind":"plain","computed":true},"region":{"type":"string","description_kind":"plain","optional":true,"computed":true},"region_name":{"type":"string","description_kind":"plain","optional":true,"computed":true},"regions":{"type":["list","string"],"description_kind":"plain","optional":true,"computed":true},"vnet_name":{"type":"string","description_kind":"plain","computed":true},"vpc_id":{"type":"string","description_kind":"plain","computed":true}},"description_kind":"plain"}},"mongodbatlas_network_peering":{"version":0,"block":{"attributes":{"accepter_region_name":{"type":"string","description_kind":"plain","optional":true,"computed":true},"atlas_cidr_block":{"type":"string","description_kind":"plain","optional":true,"computed":true},"atlas_gcp_project_id":{"type":"string","description_kind":"plain","optional":true,"computed":true},"atlas_id":{"type":"string","description_kind":"plain","computed":true},"atlas_vpc_name":{"type":"string","description_kind":"plain","optional":true,"computed":true},"aws_account_id":{"type":"string","description_kind":"plain","optional":true,"computed":true},"azure_directory_id":{"type":"string","description_kind":"plain","optional":true,"computed":true},"azure_subscription_id":{"type":"string","description_kind":"plain","optional":true,"computed":true},"connection_id":{"type":"string","description_kind":"plain","computed":true},"container_id":{"type":"string","description_kind":"plain","required":true},"error_message":{"type":"string","description_kind":"plain","computed":true},"error_state":{"type":"string","description_kind":"plain","computed":true},"error_state_name":{"type":"string","description_kind":"plain","computed":true},"gcp_project_id":{"type":"string","description_kind":"plain","optional":true,"computed":true},"id":{"type":"string","description_kind":"plain","optional":true,"computed":true},"network_name":{"type":"string","description_kind":"plain","optional":true,"computed":true},"peer_id":{"type":"string","description_kind":"plain","computed":true},"project_id":{"type":"string","description_kind":"plain","required":true},"provider_name":{"type":"string","description_kind":"plain","required":true},"resource_group_name":{"type":"string","description_kind":"plain","optional":true,"computed":true},"route_table_cidr_block":{"type":"string","description_kind":"plain","optional":true,"computed":true},"status":{"type":"string","description_kind":"plain","computed":true},"status_name":{"type":"string","description_kind":"plain","computed":true},"vnet_name":{"type":"string","description_kind":"plain","optional":true,"computed":true},"vpc_id":{"type":"string","description_kind":"plain","optional":true,"computed":true}},"description_kind":"plain"}},"mongodbatlas_online_archive":{"version":0,"block":{"attributes":{"archive_id":{"type":"string","description_kind":"plain","computed":true},"cluster_name":{"type":"string","description_kind":"plain","required":true},"coll_name":{"type":"string","description_kind":"plain","required":true},"collection_type":{"type":"string","description_kind":"plain","optional":true,"computed":true},"db_name":{"type":"string","description_kind":"plain","required":true},"id":{"type":"string","description_kind":"plain","optional":true,"computed":true},"paused":{"type":"bool","description_kind":"plain","optional":true,"computed":true},"project_id":{"type":"string","description_kind":"plain","required":true},"state":{"type":"string","description_kind":"plain","computed":true},"sync_creation":{"type":"bool","description_kind":"plain","optional":true}},"block_types":{"criteria":{"nesting_mode":"list","block":{"attributes":{"date_field":{"type":"string","description_kind":"plain","optional":true},"date_format":{"type":"string","description_kind":"plain","optional":true,"computed":true},"expire_after_days":{"type":"number","description_kind":"plain","optional":true},"query":{"type":"string","description_kind":"plain","optional":true},"type":{"type":"string","description_kind":"plain","required":true}},"description_kind":"plain"},"min_items":1,"max_items":1},"data_expiration_rule":{"nesting_mode":"list","block":{"attributes":{"expire_after_days":{"type":"number","description_kind":"plain","required":true}},"description_kind":"plain"},"max_items":1},"data_process_region":{"nesting_mode":"list","block":{"attributes":{"cloud_provider":{"type":"string","description_kind":"plain","optional":true,"computed":true},"region":{"type":"string","description_kind":"plain","optional":true,"computed":true}},"description_kind":"plain"},"max_items":1},"partition_fields":{"nesting_mode":"list","block":{"attributes":{"field_name":{"type":"string","description_kind":"plain","required":true},"field_type":{"type":"string","description_kind":"plain","computed":true},"order":{"type":"number","description_kind":"plain","required":true}},"description_kind":"plain"}},"schedule":{"nesting_mode":"list","block":{"attributes":{"day_of_month":{"type":"number","description_kind":"plain","optional":true},"day_of_week":{"type":"number","description_kind":"plain","optional":true},"end_hour":{"type":"number","description_kind":"plain","optional":true},"end_minute":{"type":"number","description_kind":"plain","optional":true},"start_hour":{"type":"number","description_kind":"plain","optional":true},"start_minute":{"type":"number","description_kind":"plain","optional":true},"type":{"type":"string","description_kind":"plain","required":true}},"description_kind":"plain"},"max_items":1}},"description_kind":"plain"}},"mongodbatlas_org_invitation":{"version":0,"block":{"attributes":{"created_at":{"type":"string","description_kind":"plain","computed":true},"expires_at":{"type":"string","description_kind":"plain","computed":true},"id":{"type":"string","description_kind":"plain","optional":true,"computed":true},"invitation_id":{"type":"string","description_kind":"plain","computed":true},"inviter_username":{"type":"string","description_kind":"plain","computed":true},"org_id":{"type":"string","description_kind":"plain","required":true},"roles":{"type":["set","string"],"description_kind":"plain","required":true},"teams_ids":{"type":["set","string"],"description_kind":"plain","optional":true,"computed":true},"username":{"type":"string","description_kind":"plain","required":true}},"description_kind":"plain"}},"mongodbatlas_organization":{"version":0,"block":{"attributes":{"api_access_list_required":{"type":"bool","description_kind":"plain","optional":true,"computed":true},"description":{"type":"string","description_kind":"plain","required":true},"federation_settings_id":{"type":"string","description_kind":"plain","optional":true},"gen_ai_features_enabled":{"type":"bool","description_kind":"plain","optional":true},"id":{"type":"string","description_kind":"plain","optional":true,"computed":true},"multi_factor_auth_required":{"type":"bool","description_kind":"plain","optional":true,"computed":true},"name":{"type":"string","description_kind":"plain","required":true},"org_id":{"type":"string","description_kind":"plain","computed":true},"org_owner_id":{"type":"string","description_kind":"plain","required":true},"private_key":{"type":"string","description_kind":"plain","computed":true,"sensitive":true},"public_key":{"type":"string","description_kind":"plain","computed":true,"sensitive":true},"restrict_employee_access":{"type":"bool","description_kind":"plain","optional":true,"computed":true},"role_names":{"type":["set","string"],"description_kind":"plain","required":true},"security_contact":{"type":"string","description_kind":"plain","optional":true},"skip_default_alerts_settings":{"type":"bool","description_kind":"plain","optional":true,"computed":true}},"description_kind":"plain"}},"mongodbatlas_private_endpoint_regional_mode":{"version":0,"block":{"attributes":{"enabled":{"type":"bool","description_kind":"plain","optional":true,"computed":true},"id":{"type":"string","description_kind":"plain","optional":true,"computed":true},"project_id":{"type":"string","description_kind":"plain","required":true}},"block_types":{"timeouts":{"nesting_mode":"single","block":{"attributes":{"create":{"type":"string","description_kind":"plain","optional":true},"delete":{"type":"string","description_kind":"plain","optional":true},"update":{"type":"string","description_kind":"plain","optional":true}},"description_kind":"plain"}}},"description_kind":"plain"}},"mongodbatlas_privatelink_endpoint":{"version":0,"block":{"attributes":{"endpoint_group_names":{"type":["list","string"],"description_kind":"plain","computed":true},"endpoint_service_name":{"type":"string","description_kind":"plain","computed":true},"error_message":{"type":"string","description_kind":"plain","computed":true},"id":{"type":"string","description_kind":"plain","optional":true,"computed":true},"interface_endpoints":{"type":["list","string"],"description_kind":"plain","computed":true},"private_endpoints":{"type":["list","string"],"description_kind":"plain","computed":true},"private_link_id":{"type":"string","description_kind":"plain","computed":true},"private_link_service_name":{"type":"string","description_kind":"plain","computed":true},"private_link_service_resource_id":{"type":"string","description_kind":"plain","computed":true},"project_id":{"type":"string","description_kind":"plain","required":true},"provider_name":{"type":"string","description_kind":"plain","required":true},"region":{"type":"string","description_kind":"plain","required":true},"region_name":{"type":"string","description_kind":"plain","computed":true},"service_attachment_names":{"type":["list","string"],"description_kind":"plain","computed":true},"status":{"type":"string","description_kind":"plain","computed":true}},"block_types":{"timeouts":{"nesting_mode":"single","block":{"attributes":{"create":{"type":"string","description_kind":"plain","optional":true},"delete":{"type":"string","description_kind":"plain","optional":true}},"description_kind":"plain"}}},"description_kind":"plain"}},"mongodbatlas_privatelink_endpoint_serverless":{"version":0,"block":{"attributes":{"endpoint_id":{"type":"string","description_kind":"plain","computed":true},"endpoint_service_name":{"type":"string","description_kind":"plain","computed":true},"id":{"type":"string","description_kind":"plain","optional":true,"computed":true},"instance_name":{"type":"string","description_kind":"plain","required":true},"private_link_service_resource_id":{"type":"string","description_kind":"plain","computed":true},"project_id":{"type":"string","description_kind":"plain","required":true},"provider_name":{"type":"string","description_kind":"plain","required":true},"status":{"type":"string","description_kind":"plain","computed":true}},"block_types":{"timeouts":{"nesting_mode":"single","block":{"attributes":{"create":{"type":"string","description_kind":"plain","optional":true},"delete":{"type":"string","description_kind":"plain","optional":true}},"description_kind":"plain"}}},"description_kind":"plain","deprecated":true}},"mongodbatlas_privatelink_endpoint_service":{"version":0,"block":{"attributes":{"aws_connection_status":{"type":"string","description_kind":"plain","computed":true},"azure_status":{"type":"string","description_kind":"plain","computed":true},"delete_requested":{"type":"bool","description_kind":"plain","computed":true},"endpoint_group_name":{"type":"string","description_kind":"plain","computed":true},"endpoint_service_id":{"type":"string","description_kind":"plain","required":true},"error_message":{"type":"string","description_kind":"plain","computed":true},"gcp_project_id":{"type":"string","description_kind":"plain","optional":true},"gcp_status":{"type":"string","description_kind":"plain","computed":true},"id":{"type":"string","description_kind":"plain","optional":true,"computed":true},"interface_endpoint_id":{"type":"string","description_kind":"plain","computed":true},"private_endpoint_connection_name":{"type":"string","description_kind":"plain","computed":true},"private_endpoint_ip_address":{"type":"string","description_kind":"plain","optional":true,"computed":true},"private_endpoint_resource_id":{"type":"string","description_kind":"plain","computed":true},"private_link_id":{"type":"string","description_kind":"plain","required":true},"project_id":{"type":"string","description_kind":"plain","required":true},"provider_name":{"type":"string","description_kind":"plain","required":true}},"block_types":{"endpoints":{"nesting_mode":"list","block":{"attributes":{"endpoint_name":{"type":"string","description_kind":"plain","optional":true},"ip_address":{"type":"string","description_kind":"plain","optional":true},"status":{"type":"string","description_kind":"plain","computed":true}},"description_kind":"plain"}},"timeouts":{"nesting_mode":"single","block":{"attributes":{"create":{"type":"string","description_kind":"plain","optional":true},"delete":{"type":"string","description_kind":"plain","optional":true}},"description_kind":"plain"}}},"description_kind":"plain"}},"mongodbatlas_privatelink_endpoint_service_data_federation_online_archive":{"version":0,"block":{"attributes":{"comment":{"type":"string","description_kind":"plain","optional":true},"customer_endpoint_dns_name":{"type":"string","description_kind":"plain","optional":true},"endpoint_id":{"type":"string","description_kind":"plain","required":true},"id":{"type":"string","description_kind":"plain","optional":true,"computed":true},"project_id":{"type":"string","description_kind":"plain","required":true},"provider_name":{"type":"string","description_kind":"plain","required":true},"region":{"type":"string","description_kind":"plain","optional":true},"type":{"type":"string","description_kind":"plain","computed":true}},"block_types":{"timeouts":{"nesting_mode":"single","block":{"attributes":{"create":{"type":"string","description_kind":"plain","optional":true},"delete":{"type":"string","description_kind":"plain","optional":true}},"description_kind":"plain"}}},"description_kind":"plain"}},"mongodbatlas_privatelink_endpoint_service_serverless":{"version":0,"block":{"attributes":{"cloud_provider_endpoint_id":{"type":"string","description_kind":"plain","optional":true,"computed":true},"comment":{"type":"string","description_kind":"plain","optional":true},"endpoint_id":{"type":"string","description_kind":"plain","required":true},"id":{"type":"string","description_kind":"plain","optional":true,"computed":true},"instance_name":{"type":"string","description_kind":"plain","required":true},"private_endpoint_ip_address":{"type":"string","description_kind":"plain","optional":true,"computed":true},"private_link_service_resource_id":{"type":"string","description_kind":"plain","computed":true},"project_id":{"type":"string","description_kind":"plain","required":true},"provider_name":{"type":"string","description_kind":"plain","required":true},"status":{"type":"string","description_kind":"plain","computed":true}},"block_types":{"timeouts":{"nesting_mode":"single","block":{"attributes":{"create":{"type":"string","description_kind":"plain","optional":true},"delete":{"type":"string","description_kind":"plain","optional":true}},"description_kind":"plain"}}},"description_kind":"plain","deprecated":true}},"mongodbatlas_project":{"version":0,"block":{"attributes":{"cluster_count":{"type":"number","description_kind":"plain","computed":true},"created":{"type":"string","description_kind":"plain","computed":true},"id":{"type":"string","description_kind":"plain","computed":true},"ip_addresses":{"nested_type":{"attributes":{"services":{"nested_type":{"attributes":{"clusters":{"nested_type":{"attributes":{"cluster_name":{"type":"string","description_kind":"plain","computed":true},"inbound":{"type":["list","string"],"description_kind":"plain","computed":true},"outbound":{"type":["list","string"],"description_kind":"plain","computed":true}},"nesting_mode":"list"},"description_kind":"plain","computed":true}},"nesting_mode":"single"},"description_kind":"plain","computed":true}},"nesting_mode":"single"},"description_kind":"plain","deprecated":true,"computed":true},"is_collect_database_specifics_statistics_enabled":{"type":"bool","description_kind":"plain","optional":true,"computed":true},"is_data_explorer_enabled":{"type":"bool","description_kind":"plain","optional":true,"computed":true},"is_extended_storage_sizes_enabled":{"type":"bool","description_kind":"plain","optional":true,"computed":true},"is_performance_advisor_enabled":{"type":"bool","description_kind":"plain","optional":true,"computed":true},"is_realtime_performance_panel_enabled":{"type":"bool","description_kind":"plain","optional":true,"computed":true},"is_schema_advisor_enabled":{"type":"bool","description_kind":"plain","optional":true,"computed":true},"is_slow_operation_thresholding_enabled":{"type":"bool","description_kind":"plain","deprecated":true,"optional":true,"computed":true},"name":{"type":"string","description_kind":"plain","required":true},"org_id":{"type":"string","description_kind":"plain","required":true},"project_owner_id":{"type":"string","description_kind":"plain","optional":true},"region_usage_restrictions":{"type":"string","description_kind":"plain","optional":true,"computed":true},"tags":{"type":["map","string"],"description_kind":"plain","optional":true},"with_default_alerts_settings":{"type":"bool","description_kind":"plain","optional":true,"computed":true}},"block_types":{"limits":{"nesting_mode":"set","block":{"attributes":{"current_usage":{"type":"number","description_kind":"plain","computed":true},"default_limit":{"type":"number","description_kind":"plain","computed":true},"maximum_limit":{"type":"number","description_kind":"plain","computed":true},"name":{"type":"string","description_kind":"plain","required":true},"value":{"type":"number","description_kind":"plain","required":true}},"description_kind":"plain"}},"teams":{"nesting_mode":"set","block":{"attributes":{"role_names":{"type":["set","string"],"description_kind":"plain","required":true},"team_id":{"type":"string","description_kind":"plain","required":true}},"description_kind":"plain"}}},"description_kind":"plain"}},"mongodbatlas_project_api_key":{"version":0,"block":{"attributes":{"api_key_id":{"type":"string","description_kind":"plain","computed":true},"description":{"type":"string","description_kind":"plain","required":true},"id":{"type":"string","description_kind":"plain","optional":true,"computed":true},"private_key":{"type":"string","description_kind":"plain","computed":true,"sensitive":true},"public_key":{"type":"string","description_kind":"plain","computed":true}},"block_types":{"project_assignment":{"nesting_mode":"set","block":{"attributes":{"project_id":{"type":"string","description_kind":"plain","required":true},"role_names":{"type":["set","string"],"description_kind":"plain","required":true}},"description_kind":"plain"},"min_items":1}},"description_kind":"plain"}},"mongodbatlas_project_invitation":{"version":0,"block":{"attributes":{"created_at":{"type":"string","description_kind":"plain","computed":true},"expires_at":{"type":"string","description_kind":"plain","computed":true},"id":{"type":"string","description_kind":"plain","optional":true,"computed":true},"invitation_id":{"type":"string","description_kind":"plain","computed":true},"inviter_username":{"type":"string","description_kind":"plain","computed":true},"project_id":{"type":"string","description_kind":"plain","required":true},"roles":{"type":["set","string"],"description_kind":"plain","required":true},"username":{"type":"string","description_kind":"plain","required":true}},"description_kind":"plain"}},"mongodbatlas_project_ip_access_list":{"version":0,"block":{"attributes":{"aws_security_group":{"type":"string","description_kind":"plain","optional":true,"computed":true},"cidr_block":{"type":"string","description_kind":"plain","optional":true,"computed":true},"comment":{"type":"string","description_kind":"plain","optional":true,"computed":true},"id":{"type":"string","description_kind":"plain","computed":true},"ip_address":{"type":"string","description_kind":"plain","optional":true,"computed":true},"project_id":{"type":"string","description_kind":"plain","required":true},"timeouts":{"nested_type":{"attributes":{"delete":{"type":"string","description":"A string that can be [parsed as a duration](https://pkg.go.dev/time#ParseDuration) consisting of numbers and unit suffixes, such as \"30s\" or \"2h45m\". Valid time units are \"s\" (seconds), \"m\" (minutes), \"h\" (hours). Setting a timeout for a Delete operation is only applicable if changes are saved into state before the destroy operation occurs.","description_kind":"markdown","optional":true},"read":{"type":"string","description":"A string that can be [parsed as a duration](https://pkg.go.dev/time#ParseDuration) consisting of numbers and unit suffixes, such as \"30s\" or \"2h45m\". Valid time units are \"s\" (seconds), \"m\" (minutes), \"h\" (hours). Read operations occur during any refresh or planning operation when refresh is enabled.","description_kind":"markdown","optional":true}},"nesting_mode":"single"},"description_kind":"plain","optional":true}},"description_kind":"plain"}},"mongodbatlas_push_based_log_export":{"version":0,"block":{"attributes":{"bucket_name":{"type":"string","description":"The name of the bucket to which the agent sends the logs to.","description_kind":"markdown","required":true},"create_date":{"type":"string","description":"Date and time that this feature was enabled on.","description_kind":"markdown","computed":true},"iam_role_id":{"type":"string","description":"ID of the AWS IAM role that is used to write to the S3 bucket.","description_kind":"markdown","required":true},"prefix_path":{"type":"string","description":"S3 directory in which vector writes in order to store the logs. An empty string denotes the root directory.","description_kind":"markdown","optional":true,"computed":true},"project_id":{"type":"string","description":"Unique 24-hexadecimal digit string that identifies your project. Use the [/groups](#tag/Projects/operation/listProjects) endpoint to retrieve all projects to which the authenticated user has access.\n\n**NOTE**: Groups and projects are synonymous terms. Your group id is the same as your project id. For existing groups, your group/project id remains the same. The resource and corresponding endpoints use the term groups.","description_kind":"markdown","required":true},"state":{"type":"string","description":"Describes whether or not the feature is enabled and what status it is in.","description_kind":"markdown","computed":true},"timeouts":{"nested_type":{"attributes":{"create":{"type":"string","description":"A string that can be [parsed as a duration](https://pkg.go.dev/time#ParseDuration) consisting of numbers and unit suffixes, such as \"30s\" or \"2h45m\". Valid time units are \"s\" (seconds), \"m\" (minutes), \"h\" (hours).","description_kind":"markdown","optional":true},"delete":{"type":"string","description":"A string that can be [parsed as a duration](https://pkg.go.dev/time#ParseDuration) consisting of numbers and unit suffixes, such as \"30s\" or \"2h45m\". Valid time units are \"s\" (seconds), \"m\" (minutes), \"h\" (hours). Setting a timeout for a Delete operation is only applicable if changes are saved into state before the destroy operation occurs.","description_kind":"markdown","optional":true},"update":{"type":"string","description":"A string that can be [parsed as a duration](https://pkg.go.dev/time#ParseDuration) consisting of numbers and unit suffixes, such as \"30s\" or \"2h45m\". Valid time units are \"s\" (seconds), \"m\" (minutes), \"h\" (hours).","description_kind":"markdown","optional":true}},"nesting_mode":"single"},"description_kind":"plain","optional":true}},"description_kind":"plain"}},"mongodbatlas_resource_policy":{"version":0,"block":{"attributes":{"created_by_user":{"nested_type":{"attributes":{"id":{"type":"string","description":"Unique 24-hexadecimal character string that identifies a user.","description_kind":"markdown","computed":true},"name":{"type":"string","description":"Human-readable label that describes a user.","description_kind":"markdown","computed":true}},"nesting_mode":"single"},"description":"The user that last updated the Atlas resource policy.","description_kind":"markdown","computed":true},"created_date":{"type":"string","description":"Date and time in UTC when the Atlas resource policy was created.","description_kind":"markdown","computed":true},"description":{"type":"string","description":"Description of the Atlas resource policy.","description_kind":"markdown","optional":true},"id":{"type":"string","description":"Unique 24-hexadecimal digit string that identifies an Atlas resource policy.","description_kind":"markdown","computed":true},"last_updated_by_user":{"nested_type":{"attributes":{"id":{"type":"string","description":"Unique 24-hexadecimal character string that identifies a user.","description_kind":"markdown","computed":true},"name":{"type":"string","description":"Human-readable label that describes a user.","description_kind":"markdown","computed":true}},"nesting_mode":"single"},"description":"The user that last updated the Atlas resource policy.","description_kind":"markdown","computed":true},"last_updated_date":{"type":"string","description":"Date and time in UTC when the Atlas resource policy was last updated.","description_kind":"markdown","computed":true},"name":{"type":"string","description":"Human-readable label that describes the Atlas resource policy.","description_kind":"markdown","required":true},"org_id":{"type":"string","description":"Unique 24-hexadecimal digit string that identifies the organization that contains your projects. Use the [/orgs](#tag/Organizations/operation/listOrganizations) endpoint to retrieve all organizations to which the authenticated user has access.","description_kind":"markdown","required":true},"policies":{"nested_type":{"attributes":{"body":{"type":"string","description":"A string that defines the permissions for the policy. The syntax used is the Cedar Policy language.","description_kind":"markdown","required":true},"id":{"type":"string","description":"Unique 24-hexadecimal character string that identifies the policy.","description_kind":"markdown","computed":true}},"nesting_mode":"list"},"description":"List of policies that make up the Atlas resource policy.","description_kind":"markdown","required":true},"version":{"type":"string","description":"A string that identifies the version of the Atlas resource policy.","description_kind":"markdown","computed":true}},"description_kind":"plain"}},"mongodbatlas_search_deployment":{"version":0,"block":{"attributes":{"cluster_name":{"type":"string","description":"Label that identifies the cluster to return the search nodes for.","description_kind":"markdown","required":true},"encryption_at_rest_provider":{"type":"string","description":"Cloud service provider that manages your customer keys to provide an additional layer of Encryption At Rest for the cluster.","description_kind":"markdown","computed":true},"id":{"type":"string","description":"Unique 24-hexadecimal digit string that identifies the search deployment.","description_kind":"markdown","computed":true},"project_id":{"type":"string","description":"Unique 24-hexadecimal digit string that identifies your project.","description_kind":"markdown","required":true},"skip_wait_on_update":{"type":"bool","description":"If true, the resource update is executed without waiting until the [state](#state_name-1) is `IDLE`, making the operation faster. This might cause update errors to go unnoticed and lead to non-empty plans at the next terraform execution.","description_kind":"markdown","optional":true},"specs":{"nested_type":{"attributes":{"instance_size":{"type":"string","description":"Hardware specification for the search node instance sizes. The [MongoDB Atlas API](https://www.mongodb.com/docs/atlas/reference/api-resources-spec/#tag/Atlas-Search/operation/createAtlasSearchDeployment) describes the valid values. More details can also be found in the [Search Node Documentation](https://www.mongodb.com/docs/atlas/cluster-config/multi-cloud-distribution/#search-tier).","description_kind":"markdown","required":true},"node_count":{"type":"number","description":"Number of search nodes in the cluster.","description_kind":"markdown","required":true}},"nesting_mode":"list"},"description":"List of settings that configure the search nodes for your cluster. This list is currently limited to defining a single element.","description_kind":"markdown","required":true},"state_name":{"type":"string","description":"Human-readable label that indicates the current operating condition of this search deployment.","description_kind":"markdown","computed":true},"timeouts":{"nested_type":{"attributes":{"create":{"type":"string","description":"A string that can be [parsed as a duration](https://pkg.go.dev/time#ParseDuration) consisting of numbers and unit suffixes, such as \"30s\" or \"2h45m\". Valid time units are \"s\" (seconds), \"m\" (minutes), \"h\" (hours).","description_kind":"markdown","optional":true},"delete":{"type":"string","description":"A string that can be [parsed as a duration](https://pkg.go.dev/time#ParseDuration) consisting of numbers and unit suffixes, such as \"30s\" or \"2h45m\". Valid time units are \"s\" (seconds), \"m\" (minutes), \"h\" (hours). Setting a timeout for a Delete operation is only applicable if changes are saved into state before the destroy operation occurs.","description_kind":"markdown","optional":true},"update":{"type":"string","description":"A string that can be [parsed as a duration](https://pkg.go.dev/time#ParseDuration) consisting of numbers and unit suffixes, such as \"30s\" or \"2h45m\". Valid time units are \"s\" (seconds), \"m\" (minutes), \"h\" (hours).","description_kind":"markdown","optional":true}},"nesting_mode":"single"},"description_kind":"plain","optional":true}},"description_kind":"plain"}},"mongodbatlas_search_index":{"version":0,"block":{"attributes":{"analyzer":{"type":"string","description_kind":"plain","optional":true},"analyzers":{"type":"string","description_kind":"plain","optional":true},"cluster_name":{"type":"string","description_kind":"plain","required":true},"collection_name":{"type":"string","description_kind":"plain","required":true},"database":{"type":"string","description_kind":"plain","required":true},"fields":{"type":"string","description_kind":"plain","optional":true},"id":{"type":"string","description_kind":"plain","optional":true,"computed":true},"index_id":{"type":"string","description_kind":"plain","computed":true},"mappings_dynamic":{"type":"bool","description_kind":"plain","optional":true},"mappings_fields":{"type":"string","description_kind":"plain","optional":true},"name":{"type":"string","description_kind":"plain","required":true},"project_id":{"type":"string","description_kind":"plain","required":true},"search_analyzer":{"type":"string","description_kind":"plain","optional":true},"status":{"type":"string","description_kind":"plain","computed":true},"stored_source":{"type":"string","description_kind":"plain","optional":true},"type":{"type":"string","description_kind":"plain","optional":true},"wait_for_index_build_completion":{"type":"bool","description_kind":"plain","optional":true}},"block_types":{"synonyms":{"nesting_mode":"set","block":{"attributes":{"analyzer":{"type":"string","description_kind":"plain","required":true},"name":{"type":"string","description_kind":"plain","required":true},"source_collection":{"type":"string","description_kind":"plain","required":true}},"description_kind":"plain"}},"timeouts":{"nesting_mode":"single","block":{"attributes":{"create":{"type":"string","description_kind":"plain","optional":true},"delete":{"type":"string","description_kind":"plain","optional":true},"update":{"type":"string","description_kind":"plain","optional":true}},"description_kind":"plain"}}},"description_kind":"plain"}},"mongodbatlas_serverless_instance":{"version":0,"block":{"attributes":{"auto_indexing":{"type":"bool","description_kind":"plain","deprecated":true,"optional":true,"computed":true},"connection_strings_private_endpoint_srv":{"type":["list","string"],"description_kind":"plain","computed":true},"connection_strings_standard_srv":{"type":"string","description_kind":"plain","computed":true},"continuous_backup_enabled":{"type":"bool","description_kind":"plain","deprecated":true,"optional":true,"computed":true},"create_date":{"type":"string","description_kind":"plain","computed":true},"id":{"type":"string","description_kind":"plain","optional":true,"computed":true},"mongo_db_version":{"type":"string","description_kind":"plain","computed":true},"name":{"type":"string","description_kind":"plain","required":true},"project_id":{"type":"string","description_kind":"plain","required":true},"provider_settings_backing_provider_name":{"type":"string","description_kind":"plain","required":true},"provider_settings_provider_name":{"type":"string","description_kind":"plain","required":true},"provider_settings_region_name":{"type":"string","description_kind":"plain","required":true},"state_name":{"type":"string","description_kind":"plain","optional":true,"computed":true},"termination_protection_enabled":{"type":"bool","description_kind":"plain","optional":true,"computed":true}},"block_types":{"links":{"nesting_mode":"set","block":{"attributes":{"href":{"type":"string","description_kind":"plain","optional":true,"computed":true},"rel":{"type":"string","description_kind":"plain","optional":true,"computed":true}},"description_kind":"plain"}},"tags":{"nesting_mode":"set","block":{"attributes":{"key":{"type":"string","description_kind":"plain","required":true},"value":{"type":"string","description_kind":"plain","required":true}},"description_kind":"plain"}}},"description_kind":"plain","deprecated":true}},"mongodbatlas_stream_connection":{"version":0,"block":{"attributes":{"authentication":{"nested_type":{"attributes":{"mechanism":{"type":"string","description_kind":"plain","optional":true},"password":{"type":"string","description_kind":"plain","optional":true,"sensitive":true},"username":{"type":"string","description_kind":"plain","optional":true}},"nesting_mode":"single"},"description_kind":"plain","optional":true},"aws":{"nested_type":{"attributes":{"role_arn":{"type":"string","description_kind":"plain","required":true}},"nesting_mode":"single"},"description_kind":"plain","optional":true},"bootstrap_servers":{"type":"string","description_kind":"plain","optional":true},"cluster_name":{"type":"string","description_kind":"plain","optional":true},"config":{"type":["map","string"],"description_kind":"plain","optional":true},"connection_name":{"type":"string","description_kind":"plain","required":true},"db_role_to_execute":{"nested_type":{"attributes":{"role":{"type":"string","description_kind":"plain","required":true},"type":{"type":"string","description_kind":"plain","required":true}},"nesting_mode":"single"},"description_kind":"plain","optional":true},"headers":{"type":["map","string"],"description_kind":"plain","optional":true},"id":{"type":"string","description_kind":"plain","computed":true},"instance_name":{"type":"string","description_kind":"plain","required":true},"networking":{"nested_type":{"attributes":{"access":{"nested_type":{"attributes":{"connection_id":{"type":"string","description_kind":"plain","optional":true},"type":{"type":"string","description_kind":"plain","required":true}},"nesting_mode":"single"},"description_kind":"plain","required":true}},"nesting_mode":"single"},"description_kind":"plain","optional":true,"computed":true},"project_id":{"type":"string","description_kind":"plain","required":true},"security":{"nested_type":{"attributes":{"broker_public_certificate":{"type":"string","description_kind":"plain","optional":true},"protocol":{"type":"string","description_kind":"plain","optional":true}},"nesting_mode":"single"},"description_kind":"plain","optional":true},"type":{"type":"string","description_kind":"plain","required":true},"url":{"type":"string","description_kind":"plain","optional":true}},"description_kind":"plain"}},"mongodbatlas_stream_instance":{"version":0,"block":{"attributes":{"data_process_region":{"nested_type":{"attributes":{"cloud_provider":{"type":"string","description_kind":"plain","required":true},"region":{"type":"string","description_kind":"plain","required":true}},"nesting_mode":"single"},"description_kind":"plain","required":true},"hostnames":{"type":["list","string"],"description_kind":"plain","computed":true},"id":{"type":"string","description_kind":"plain","computed":true},"instance_name":{"type":"string","description_kind":"plain","required":true},"project_id":{"type":"string","description_kind":"plain","required":true},"stream_config":{"nested_type":{"attributes":{"tier":{"type":"string","description_kind":"plain","optional":true,"computed":true}},"nesting_mode":"single"},"description_kind":"plain","optional":true,"computed":true}},"description_kind":"plain"}},"mongodbatlas_stream_privatelink_endpoint":{"version":0,"block":{"attributes":{"arn":{"type":"string","description":"Amazon Resource Name (ARN). Required for AWS Provider and MSK vendor.","description_kind":"markdown","optional":true},"dns_domain":{"type":"string","description":"The domain hostname. Required for the following provider and vendor combinations:\u003cbr\u003e- AWS provider with CONFLUENT vendor.\u003cbr\u003e- AZURE provider with EVENTHUB or CONFLUENT vendor.","description_kind":"markdown","optional":true},"dns_sub_domain":{"type":["list","string"],"description":"Sub-Domain name of Confluent cluster. These are typically your availability zones. Required for AWS Provider and CONFLUENT vendor. If your AWS CONFLUENT cluster doesn't use subdomains, you must set this to the empty array [].","description_kind":"markdown","optional":true},"error_message":{"type":"string","description":"Error message if the connection is in a failed state.","description_kind":"markdown","computed":true},"id":{"type":"string","description":"The ID of the Private Link connection.","description_kind":"markdown","computed":true},"interface_endpoint_id":{"type":"string","description":"Interface endpoint ID that is created from the specified service endpoint ID.","description_kind":"markdown","computed":true},"interface_endpoint_name":{"type":"string","description":"Name of interface endpoint that is created from the specified service endpoint ID.","description_kind":"markdown","computed":true},"project_id":{"type":"string","description":"Unique 24-hexadecimal digit string that identifies your project. Use the [/groups](#tag/Projects/operation/listProjects) endpoint to retrieve all projects to which the authenticated user has access.\u003cbr\u003e**NOTE**: Groups and projects are synonymous terms. Your group id is the same as your project id. For existing groups, your group or project id remains the same. The resource and corresponding endpoints use the term groups.","description_kind":"markdown","required":true},"provider_account_id":{"type":"string","description":"Account ID from the cloud provider.","description_kind":"markdown","computed":true},"provider_name":{"type":"string","description":"Provider where the Kafka cluster is deployed. Valid values are AWS and AZURE.","description_kind":"markdown","required":true},"region":{"type":"string","description":"The region of the Provider’s cluster. See [AZURE](https://www.mongodb.com/docs/atlas/reference/microsoft-azure/#stream-processing-instances) and [AWS](https://www.mongodb.com/docs/atlas/reference/amazon-aws/#stream-processing-instances) supported regions. When the vendor is `CONFLUENT`, this is the domain name of Confluent cluster. When the vendor is `MSK`, this is computed by the API from the provided `arn`.","description_kind":"markdown","optional":true,"computed":true},"service_endpoint_id":{"type":"string","description":"For AZURE EVENTHUB, this is the [namespace endpoint ID](https://learn.microsoft.com/en-us/rest/api/eventhub/namespaces/get). For AWS CONFLUENT cluster, this is the [VPC Endpoint service name](https://docs.confluent.io/cloud/current/networking/private-links/aws-privatelink.html).","description_kind":"markdown","optional":true},"state":{"type":"string","description":"Status of the connection.","description_kind":"markdown","computed":true},"vendor":{"type":"string","description":"Vendor that manages the Kafka cluster. The following are the vendor values per provider:\u003cbr\u003e- MSK and CONFLUENT for the AWS provider.\u003cbr\u003e- EVENTHUB and CONFLUENT for the AZURE provider.","description_kind":"markdown","required":true}},"description_kind":"plain"}},"mongodbatlas_stream_processor":{"version":0,"block":{"attributes":{"id":{"type":"string","description":"Unique 24-hexadecimal character string that identifies the stream processor.","description_kind":"markdown","computed":true},"instance_name":{"type":"string","description":"Human-readable label that identifies the stream instance.","description_kind":"markdown","required":true},"options":{"nested_type":{"attributes":{"dlq":{"nested_type":{"attributes":{"coll":{"type":"string","description":"Name of the collection to use for the DLQ.","description_kind":"markdown","required":true},"connection_name":{"type":"string","description":"Name of the connection to write DLQ messages to. Must be an Atlas connection.","description_kind":"markdown","required":true},"db":{"type":"string","description":"Name of the database to use for the DLQ.","description_kind":"markdown","required":true}},"nesting_mode":"single"},"description":"Dead letter queue for the stream processor. Refer to the [MongoDB Atlas Docs](https://www.mongodb.com/docs/atlas/reference/glossary/#std-term-dead-letter-queue) for more information.","description_kind":"markdown","required":true}},"nesting_mode":"single"},"description":"Optional configuration for the stream processor.","description_kind":"markdown","optional":true},"pipeline":{"type":"string","description":"Stream aggregation pipeline you want to apply to your streaming data. [MongoDB Atlas Docs](https://www.mongodb.com/docs/atlas/atlas-stream-processing/stream-aggregation/#std-label-stream-aggregation) contain more information. Using [jsonencode](https://developer.hashicorp.com/terraform/language/functions/jsonencode) is recommended when setting this attribute. For more details see the [Aggregation Pipelines Documentation](https://www.mongodb.com/docs/atlas/atlas-stream-processing/stream-aggregation/)","description_kind":"markdown","required":true},"processor_name":{"type":"string","description":"Human-readable label that identifies the stream processor.","description_kind":"markdown","required":true},"project_id":{"type":"string","description":"Unique 24-hexadecimal digit string that identifies your project. Use the [/groups](#tag/Projects/operation/listProjects) endpoint to retrieve all projects to which the authenticated user has access.\n\n**NOTE**: Groups and projects are synonymous terms. Your group id is the same as your project id. For existing groups, your group/project id remains the same. The resource and corresponding endpoints use the term groups.","description_kind":"markdown","required":true},"state":{"type":"string","description":"The state of the stream processor. Commonly occurring states are 'CREATED', 'STARTED', 'STOPPED' and 'FAILED'. Used to start or stop the Stream Processor. Valid values are `CREATED`, `STARTED` or `STOPPED`. When a Stream Processor is created without specifying the state, it will default to `CREATED` state. When a Stream Processor is updated without specifying the state, it will default to the Previous state. \n\n**NOTE** When a Stream Processor is updated without specifying the state, it is stopped and then restored to previous state upon update completion.","description_kind":"markdown","optional":true,"computed":true},"stats":{"type":"string","description":"The stats associated with the stream processor. Refer to the [MongoDB Atlas Docs](https://www.mongodb.com/docs/atlas/atlas-stream-processing/manage-stream-processor/#view-statistics-of-a-stream-processor) for more information.","description_kind":"markdown","computed":true}},"description_kind":"plain"}},"mongodbatlas_team":{"version":0,"block":{"attributes":{"id":{"type":"string","description_kind":"plain","optional":true,"computed":true},"name":{"type":"string","description_kind":"plain","required":true},"org_id":{"type":"string","description_kind":"plain","required":true},"team_id":{"type":"string","description_kind":"plain","computed":true},"usernames":{"type":["set","string"],"description_kind":"plain","required":true}},"description_kind":"plain"}},"mongodbatlas_teams":{"version":0,"block":{"attributes":{"id":{"type":"string","description_kind":"plain","optional":true,"computed":true},"name":{"type":"string","description_kind":"plain","required":true},"org_id":{"type":"string","description_kind":"plain","required":true},"team_id":{"type":"string","description_kind":"plain","computed":true},"usernames":{"type":["set","string"],"description_kind":"plain","required":true}},"description_kind":"plain","deprecated":true}},"mongodbatlas_third_party_integration":{"version":0,"block":{"attributes":{"api_key":{"type":"string","description_kind":"plain","optional":true,"computed":true,"sensitive":true},"channel_name":{"type":"string","description_kind":"plain","optional":true,"computed":true},"enabled":{"type":"bool","description_kind":"plain","optional":true,"computed":true},"id":{"type":"string","description_kind":"plain","computed":true},"microsoft_teams_webhook_url":{"type":"string","description_kind":"plain","optional":true,"computed":true,"sensitive":true},"password":{"type":"string","description_kind":"plain","optional":true,"computed":true,"sensitive":true},"project_id":{"type":"string","description_kind":"plain","required":true},"region":{"type":"string","description_kind":"plain","optional":true,"computed":true},"routing_key":{"type":"string","description_kind":"plain","optional":true,"computed":true,"sensitive":true},"secret":{"type":"string","description_kind":"plain","optional":true,"sensitive":true},"send_collection_latency_metrics":{"type":"bool","description_kind":"plain","optional":true,"computed":true},"send_database_metrics":{"type":"bool","description_kind":"plain","optional":true,"computed":true},"service_discovery":{"type":"string","description_kind":"plain","optional":true,"computed":true,"sensitive":true},"service_key":{"type":"string","description_kind":"plain","optional":true,"computed":true,"sensitive":true},"team_name":{"type":"string","description_kind":"plain","optional":true,"computed":true},"type":{"type":"string","description_kind":"plain","required":true},"url":{"type":"string","description_kind":"plain","optional":true,"computed":true},"user_name":{"type":"string","description_kind":"plain","optional":true,"computed":true,"sensitive":true}},"description_kind":"plain"}},"mongodbatlas_x509_authentication_database_user":{"version":0,"block":{"attributes":{"certificates":{"type":["list",["object",{"created_at":"string","group_id":"string","id":"number","not_after":"string","subject":"string"}]],"description_kind":"plain","computed":true},"current_certificate":{"type":"string","description_kind":"plain","computed":true,"sensitive":true},"customer_x509_cas":{"type":"string","description_kind":"plain","optional":true,"sensitive":true},"id":{"type":"string","description_kind":"plain","optional":true,"computed":true},"months_until_expiration":{"type":"number","description_kind":"plain","optional":true},"project_id":{"type":"string","description_kind":"plain","required":true},"username":{"type":"string","description_kind":"plain","optional":true}},"description_kind":"plain"}}},"data_source_schemas":{"mongodbatlas_access_list_api_key":{"version":0,"block":{"attributes":{"access_count":{"type":"number","description_kind":"plain","computed":true},"api_key_id":{"type":"string","description_kind":"plain","required":true},"cidr_block":{"type":"string","description_kind":"plain","computed":true},"created":{"type":"string","description_kind":"plain","computed":true},"id":{"type":"string","description_kind":"plain","optional":true,"computed":true},"ip_address":{"type":"string","description_kind":"plain","required":true},"last_used":{"type":"string","description_kind":"plain","computed":true},"last_used_address":{"type":"string","description_kind":"plain","computed":true},"org_id":{"type":"string","description_kind":"plain","required":true}},"description_kind":"plain"}},"mongodbatlas_access_list_api_keys":{"version":0,"block":{"attributes":{"api_key_id":{"type":"string","description_kind":"plain","required":true},"id":{"type":"string","description_kind":"plain","optional":true,"computed":true},"items_per_page":{"type":"number","description_kind":"plain","optional":true},"org_id":{"type":"string","description_kind":"plain","required":true},"page_num":{"type":"number","description_kind":"plain","optional":true},"results":{"type":["list",["object",{"access_count":"number","cidr_block":"string","created":"string","ip_address":"string","last_used":"string","last_used_address":"string"}]],"description_kind":"plain","computed":true}},"description_kind":"plain"}},"mongodbatlas_advanced_cluster":{"version":1,"block":{"attributes":{"advanced_configuration":{"type":["list",["object",{"change_stream_options_pre_and_post_images_expire_after_seconds":"number","custom_openssl_cipher_config_tls12":["set","string"],"default_max_time_ms":"number","default_read_concern":"string","default_write_concern":"string","fail_index_key_too_long":"bool","javascript_enabled":"bool","minimum_enabled_tls_protocol":"string","no_table_scan":"bool","oplog_min_retention_hours":"number","oplog_size_mb":"number","sample_refresh_interval_bi_connector":"number","sample_size_bi_connector":"number","tls_cipher_config_mode":"string","transaction_lifetime_limit_seconds":"number"}]],"description_kind":"plain","computed":true},"backup_enabled":{"type":"bool","description_kind":"plain","computed":true},"bi_connector_config":{"type":["list",["object",{"enabled":"bool","read_preference":"string"}]],"description_kind":"plain","computed":true},"cluster_type":{"type":"string","description_kind":"plain","computed":true},"config_server_management_mode":{"type":"string","description_kind":"plain","computed":true},"config_server_type":{"type":"string","description_kind":"plain","computed":true},"connection_strings":{"type":["list",["object",{"private":"string","private_endpoint":["list",["object",{"connection_string":"string","endpoints":["list",["object",{"endpoint_id":"string","provider_name":"string","region":"string"}]],"srv_connection_string":"string","srv_shard_optimized_connection_string":"string","type":"string"}]],"private_srv":"string","standard":"string","standard_srv":"string"}]],"description_kind":"plain","computed":true},"create_date":{"type":"string","description_kind":"plain","computed":true},"disk_size_gb":{"type":"number","description_kind":"plain","deprecated":true,"computed":true},"encryption_at_rest_provider":{"type":"string","description_kind":"plain","computed":true},"global_cluster_self_managed_sharding":{"type":"bool","description_kind":"plain","computed":true},"id":{"type":"string","description_kind":"plain","optional":true,"computed":true},"labels":{"type":["set",["object",{"key":"string","value":"string"}]],"description_kind":"plain","computed":true},"mongo_db_major_version":{"type":"string","description_kind":"plain","computed":true},"mongo_db_version":{"type":"string","description_kind":"plain","computed":true},"name":{"type":"string","description_kind":"plain","required":true},"paused":{"type":"bool","description_kind":"plain","computed":true},"pinned_fcv":{"type":["list",["object",{"expiration_date":"string","version":"string"}]],"description_kind":"plain","computed":true},"pit_enabled":{"type":"bool","description_kind":"plain","optional":true,"computed":true},"project_id":{"type":"string","description_kind":"plain","required":true},"redact_client_log_data":{"type":"bool","description_kind":"plain","computed":true},"replica_set_scaling_strategy":{"type":"string","description_kind":"plain","computed":true},"replication_specs":{"type":["list",["object",{"container_id":["map","string"],"external_id":"string","id":"string","num_shards":"number","region_configs":["list",["object",{"analytics_auto_scaling":["list",["object",{"compute_enabled":"bool","compute_max_instance_size":"string","compute_min_instance_size":"string","compute_scale_down_enabled":"bool","disk_gb_enabled":"bool"}]],"analytics_specs":["list",["object",{"disk_iops":"number","disk_size_gb":"number","ebs_volume_type":"string","instance_size":"string","node_count":"number"}]],"auto_scaling":["list",["object",{"compute_enabled":"bool","compute_max_instance_size":"string","compute_min_instance_size":"string","compute_scale_down_enabled":"bool","disk_gb_enabled":"bool"}]],"backing_provider_name":"string","electable_specs":["list",["object",{"disk_iops":"number","disk_size_gb":"number","ebs_volume_type":"string","instance_size":"string","node_count":"number"}]],"priority":"number","provider_name":"string","read_only_specs":["list",["object",{"disk_iops":"number","disk_size_gb":"number","ebs_volume_type":"string","instance_size":"string","node_count":"number"}]],"region_name":"string"}]],"zone_id":"string","zone_name":"string"}]],"description_kind":"plain","computed":true},"root_cert_type":{"type":"string","description_kind":"plain","computed":true},"state_name":{"type":"string","description_kind":"plain","computed":true},"tags":{"type":["set",["object",{"key":"string","value":"string"}]],"description_kind":"plain","computed":true},"termination_protection_enabled":{"type":"bool","description_kind":"plain","computed":true},"use_replication_spec_per_shard":{"type":"bool","description_kind":"plain","optional":true},"version_release_system":{"type":"string","description_kind":"plain","computed":true}},"description_kind":"plain"}},"mongodbatlas_advanced_clusters":{"version":0,"block":{"attributes":{"id":{"type":"string","description_kind":"plain","optional":true,"computed":true},"project_id":{"type":"string","description_kind":"plain","required":true},"results":{"type":["list",["object",{"advanced_configuration":["list",["object",{"change_stream_options_pre_and_post_images_expire_after_seconds":"number","custom_openssl_cipher_config_tls12":["set","string"],"default_max_time_ms":"number","default_read_concern":"string","default_write_concern":"string","fail_index_key_too_long":"bool","javascript_enabled":"bool","minimum_enabled_tls_protocol":"string","no_table_scan":"bool","oplog_min_retention_hours":"number","oplog_size_mb":"number","sample_refresh_interval_bi_connector":"number","sample_size_bi_connector":"number","tls_cipher_config_mode":"string","transaction_lifetime_limit_seconds":"number"}]],"backup_enabled":"bool","bi_connector_config":["list",["object",{"enabled":"bool","read_preference":"string"}]],"cluster_type":"string","config_server_management_mode":"string","config_server_type":"string","connection_strings":["list",["object",{"private":"string","private_endpoint":["list",["object",{"connection_string":"string","endpoints":["list",["object",{"endpoint_id":"string","provider_name":"string","region":"string"}]],"srv_connection_string":"string","srv_shard_optimized_connection_string":"string","type":"string"}]],"private_srv":"string","standard":"string","standard_srv":"string"}]],"create_date":"string","disk_size_gb":"number","encryption_at_rest_provider":"string","global_cluster_self_managed_sharding":"bool","labels":["set",["object",{"key":"string","value":"string"}]],"mongo_db_major_version":"string","mongo_db_version":"string","name":"string","paused":"bool","pinned_fcv":["list",["object",{"expiration_date":"string","version":"string"}]],"pit_enabled":"bool","redact_client_log_data":"bool","replica_set_scaling_strategy":"string","replication_specs":["list",["object",{"container_id":["map","string"],"external_id":"string","id":"string","num_shards":"number","region_configs":["list",["object",{"analytics_auto_scaling":["list",["object",{"compute_enabled":"bool","compute_max_instance_size":"string","compute_min_instance_size":"string","compute_scale_down_enabled":"bool","disk_gb_enabled":"bool"}]],"analytics_specs":["list",["object",{"disk_iops":"number","disk_size_gb":"number","ebs_volume_type":"string","instance_size":"string","node_count":"number"}]],"auto_scaling":["list",["object",{"compute_enabled":"bool","compute_max_instance_size":"string","compute_min_instance_size":"string","compute_scale_down_enabled":"bool","disk_gb_enabled":"bool"}]],"backing_provider_name":"string","electable_specs":["list",["object",{"disk_iops":"number","disk_size_gb":"number","ebs_volume_type":"string","instance_size":"string","node_count":"number"}]],"priority":"number","provider_name":"string","read_only_specs":["list",["object",{"disk_iops":"number","disk_size_gb":"number","ebs_volume_type":"string","instance_size":"string","node_count":"number"}]],"region_name":"string"}]],"zone_id":"string","zone_name":"string"}]],"root_cert_type":"string","state_name":"string","tags":["set",["object",{"key":"string","value":"string"}]],"termination_protection_enabled":"bool","version_release_system":"string"}]],"description_kind":"plain","computed":true},"use_replication_spec_per_shard":{"type":"bool","description_kind":"plain","optional":true}},"description_kind":"plain"}},"mongodbatlas_alert_configuration":{"version":0,"block":{"attributes":{"alert_configuration_id":{"type":"string","description_kind":"plain","required":true},"created":{"type":"string","description_kind":"plain","computed":true},"enabled":{"type":"bool","description_kind":"plain","computed":true},"event_type":{"type":"string","description_kind":"plain","computed":true},"id":{"type":"string","description_kind":"plain","computed":true},"matcher":{"nested_type":{"attributes":{"field_name":{"type":"string","description_kind":"plain","computed":true},"operator":{"type":"string","description_kind":"plain","computed":true},"value":{"type":"string","description_kind":"plain","computed":true}},"nesting_mode":"list"},"description_kind":"plain","computed":true},"metric_threshold_config":{"nested_type":{"attributes":{"metric_name":{"type":"string","description_kind":"plain","computed":true},"mode":{"type":"string","description_kind":"plain","computed":true},"operator":{"type":"string","description_kind":"plain","computed":true},"threshold":{"type":"number","description_kind":"plain","computed":true},"units":{"type":"string","description_kind":"plain","computed":true}},"nesting_mode":"list"},"description_kind":"plain","computed":true},"notification":{"nested_type":{"attributes":{"api_token":{"type":"string","description_kind":"plain","computed":true,"sensitive":true},"channel_name":{"type":"string","description_kind":"plain","computed":true},"datadog_api_key":{"type":"string","description_kind":"plain","computed":true,"sensitive":true},"datadog_region":{"type":"string","description_kind":"plain","computed":true},"delay_min":{"type":"number","description_kind":"plain","computed":true},"email_address":{"type":"string","description_kind":"plain","computed":true},"email_enabled":{"type":"bool","description_kind":"plain","computed":true},"integration_id":{"type":"string","description_kind":"plain","computed":true},"interval_min":{"type":"number","description_kind":"plain","computed":true},"microsoft_teams_webhook_url":{"type":"string","description_kind":"plain","computed":true,"sensitive":true},"mobile_number":{"type":"string","description_kind":"plain","computed":true},"notifier_id":{"type":"string","description_kind":"plain","computed":true},"ops_genie_api_key":{"type":"string","description_kind":"plain","computed":true,"sensitive":true},"ops_genie_region":{"type":"string","description_kind":"plain","computed":true},"roles":{"type":["list","string"],"description_kind":"plain","computed":true},"service_key":{"type":"string","description_kind":"plain","computed":true,"sensitive":true},"sms_enabled":{"type":"bool","description_kind":"plain","computed":true},"team_id":{"type":"string","description_kind":"plain","computed":true},"team_name":{"type":"string","description_kind":"plain","computed":true},"type_name":{"type":"string","description_kind":"plain","computed":true},"username":{"type":"string","description_kind":"plain","computed":true},"victor_ops_api_key":{"type":"string","description_kind":"plain","computed":true,"sensitive":true},"victor_ops_routing_key":{"type":"string","description_kind":"plain","computed":true,"sensitive":true},"webhook_secret":{"type":"string","description_kind":"plain","computed":true,"sensitive":true},"webhook_url":{"type":"string","description_kind":"plain","computed":true,"sensitive":true}},"nesting_mode":"list"},"description_kind":"plain","computed":true},"project_id":{"type":"string","description_kind":"plain","required":true},"threshold_config":{"nested_type":{"attributes":{"operator":{"type":"string","description_kind":"plain","computed":true},"threshold":{"type":"number","description_kind":"plain","computed":true},"units":{"type":"string","description_kind":"plain","computed":true}},"nesting_mode":"list"},"description_kind":"plain","computed":true},"updated":{"type":"string","description_kind":"plain","computed":true}},"block_types":{"output":{"nesting_mode":"list","block":{"attributes":{"label":{"type":"string","description_kind":"plain","optional":true},"type":{"type":"string","description_kind":"plain","required":true},"value":{"type":"string","description_kind":"plain","computed":true}},"description_kind":"plain"}}},"description_kind":"plain"}},"mongodbatlas_alert_configurations":{"version":0,"block":{"attributes":{"id":{"type":"string","description_kind":"plain","computed":true},"output_type":{"type":["list","string"],"description_kind":"plain","optional":true},"project_id":{"type":"string","description_kind":"plain","required":true},"results":{"nested_type":{"attributes":{"alert_configuration_id":{"type":"string","description_kind":"plain","required":true},"created":{"type":"string","description_kind":"plain","computed":true},"enabled":{"type":"bool","description_kind":"plain","computed":true},"event_type":{"type":"string","description_kind":"plain","computed":true},"id":{"type":"string","description_kind":"plain","computed":true},"matcher":{"nested_type":{"attributes":{"field_name":{"type":"string","description_kind":"plain","computed":true},"operator":{"type":"string","description_kind":"plain","computed":true},"value":{"type":"string","description_kind":"plain","computed":true}},"nesting_mode":"list"},"description_kind":"plain","computed":true},"metric_threshold_config":{"nested_type":{"attributes":{"metric_name":{"type":"string","description_kind":"plain","computed":true},"mode":{"type":"string","description_kind":"plain","computed":true},"operator":{"type":"string","description_kind":"plain","computed":true},"threshold":{"type":"number","description_kind":"plain","computed":true},"units":{"type":"string","description_kind":"plain","computed":true}},"nesting_mode":"list"},"description_kind":"plain","computed":true},"notification":{"nested_type":{"attributes":{"api_token":{"type":"string","description_kind":"plain","computed":true,"sensitive":true},"channel_name":{"type":"string","description_kind":"plain","computed":true},"datadog_api_key":{"type":"string","description_kind":"plain","computed":true,"sensitive":true},"datadog_region":{"type":"string","description_kind":"plain","computed":true},"delay_min":{"type":"number","description_kind":"plain","computed":true},"email_address":{"type":"string","description_kind":"plain","computed":true},"email_enabled":{"type":"bool","description_kind":"plain","computed":true},"integration_id":{"type":"string","description_kind":"plain","computed":true},"interval_min":{"type":"number","description_kind":"plain","computed":true},"microsoft_teams_webhook_url":{"type":"string","description_kind":"plain","computed":true,"sensitive":true},"mobile_number":{"type":"string","description_kind":"plain","computed":true},"notifier_id":{"type":"string","description_kind":"plain","computed":true},"ops_genie_api_key":{"type":"string","description_kind":"plain","computed":true,"sensitive":true},"ops_genie_region":{"type":"string","description_kind":"plain","computed":true},"roles":{"type":["list","string"],"description_kind":"plain","computed":true},"service_key":{"type":"string","description_kind":"plain","computed":true,"sensitive":true},"sms_enabled":{"type":"bool","description_kind":"plain","computed":true},"team_id":{"type":"string","description_kind":"plain","computed":true},"team_name":{"type":"string","description_kind":"plain","computed":true},"type_name":{"type":"string","description_kind":"plain","computed":true},"username":{"type":"string","description_kind":"plain","computed":true},"victor_ops_api_key":{"type":"string","description_kind":"plain","computed":true,"sensitive":true},"victor_ops_routing_key":{"type":"string","description_kind":"plain","computed":true,"sensitive":true},"webhook_secret":{"type":"string","description_kind":"plain","computed":true,"sensitive":true},"webhook_url":{"type":"string","description_kind":"plain","computed":true,"sensitive":true}},"nesting_mode":"list"},"description_kind":"plain","computed":true},"output":{"nested_type":{"attributes":{"label":{"type":"string","description_kind":"plain","computed":true},"type":{"type":"string","description_kind":"plain","computed":true},"value":{"type":"string","description_kind":"plain","computed":true}},"nesting_mode":"list"},"description_kind":"plain","computed":true},"project_id":{"type":"string","description_kind":"plain","required":true},"threshold_config":{"nested_type":{"attributes":{"operator":{"type":"string","description_kind":"plain","computed":true},"threshold":{"type":"number","description_kind":"plain","computed":true},"units":{"type":"string","description_kind":"plain","computed":true}},"nesting_mode":"list"},"description_kind":"plain","computed":true},"updated":{"type":"string","description_kind":"plain","computed":true}},"nesting_mode":"list"},"description_kind":"plain","computed":true},"total_count":{"type":"number","description_kind":"plain","computed":true}},"block_types":{"list_options":{"nesting_mode":"list","block":{"attributes":{"include_count":{"type":"bool","description_kind":"plain","optional":true},"items_per_page":{"type":"number","description_kind":"plain","optional":true},"page_num":{"type":"number","description_kind":"plain","optional":true}},"description_kind":"plain"}}},"description_kind":"plain"}},"mongodbatlas_api_key":{"version":0,"block":{"attributes":{"api_key_id":{"type":"string","description_kind":"plain","required":true},"description":{"type":"string","description_kind":"plain","computed":true},"id":{"type":"string","description_kind":"plain","optional":true,"computed":true},"org_id":{"type":"string","description_kind":"plain","required":true},"public_key":{"type":"string","description_kind":"plain","computed":true},"role_names":{"type":["set","string"],"description_kind":"plain","computed":true}},"description_kind":"plain"}},"mongodbatlas_api_keys":{"version":0,"block":{"attributes":{"id":{"type":"string","description_kind":"plain","optional":true,"computed":true},"items_per_page":{"type":"number","description_kind":"plain","optional":true},"org_id":{"type":"string","description_kind":"plain","required":true},"page_num":{"type":"number","description_kind":"plain","optional":true},"results":{"type":["list",["object",{"api_key_id":"string","description":"string","public_key":"string","role_names":["set","string"]}]],"description_kind":"plain","computed":true}},"description_kind":"plain"}},"mongodbatlas_atlas_user":{"version":0,"block":{"attributes":{"country":{"type":"string","description_kind":"plain","computed":true},"created_at":{"type":"string","description_kind":"plain","computed":true},"email_address":{"type":"string","description_kind":"plain","computed":true},"first_name":{"type":"string","description_kind":"plain","computed":true},"id":{"type":"string","description_kind":"plain","deprecated":true,"computed":true},"last_auth":{"type":"string","description_kind":"plain","computed":true},"last_name":{"type":"string","description_kind":"plain","computed":true},"links":{"nested_type":{"attributes":{"href":{"type":"string","description_kind":"plain","computed":true},"rel":{"type":"string","description_kind":"plain","computed":true}},"nesting_mode":"list"},"description_kind":"plain","computed":true},"mobile_number":{"type":"string","description_kind":"plain","computed":true},"roles":{"nested_type":{"attributes":{"group_id":{"type":"string","description_kind":"plain","computed":true},"org_id":{"type":"string","description_kind":"plain","computed":true},"role_name":{"type":"string","description_kind":"plain","computed":true}},"nesting_mode":"list"},"description_kind":"plain","computed":true},"team_ids":{"type":["list","string"],"description_kind":"plain","computed":true},"user_id":{"type":"string","description_kind":"plain","optional":true},"username":{"type":"string","description_kind":"plain","optional":true}},"description_kind":"plain"}},"mongodbatlas_atlas_users":{"version":0,"block":{"attributes":{"id":{"type":"string","description_kind":"plain","deprecated":true,"computed":true},"items_per_page":{"type":"number","description_kind":"plain","optional":true},"org_id":{"type":"string","description_kind":"plain","optional":true},"page_num":{"type":"number","description_kind":"plain","optional":true},"project_id":{"type":"string","description_kind":"plain","optional":true},"results":{"nested_type":{"attributes":{"country":{"type":"string","description_kind":"plain","computed":true},"created_at":{"type":"string","description_kind":"plain","computed":true},"email_address":{"type":"string","description_kind":"plain","computed":true},"first_name":{"type":"string","description_kind":"plain","computed":true},"id":{"type":"string","description_kind":"plain","computed":true},"last_auth":{"type":"string","description_kind":"plain","computed":true},"last_name":{"type":"string","description_kind":"plain","computed":true},"links":{"nested_type":{"attributes":{"href":{"type":"string","description_kind":"plain","computed":true},"rel":{"type":"string","description_kind":"plain","computed":true}},"nesting_mode":"list"},"description_kind":"plain","computed":true},"mobile_number":{"type":"string","description_kind":"plain","computed":true},"roles":{"nested_type":{"attributes":{"group_id":{"type":"string","description_kind":"plain","computed":true},"org_id":{"type":"string","description_kind":"plain","computed":true},"role_name":{"type":"string","description_kind":"plain","computed":true}},"nesting_mode":"list"},"description_kind":"plain","computed":true},"team_ids":{"type":["list","string"],"description_kind":"plain","computed":true},"user_id":{"type":"string","description_kind":"plain","computed":true},"username":{"type":"string","description_kind":"plain","computed":true}},"nesting_mode":"list"},"description_kind":"plain","computed":true},"team_id":{"type":"string","description_kind":"plain","optional":true},"total_count":{"type":"number","description_kind":"plain","computed":true}},"description_kind":"plain"}},"mongodbatlas_auditing":{"version":0,"block":{"attributes":{"audit_authorization_success":{"type":"bool","description_kind":"plain","computed":true},"audit_filter":{"type":"string","description_kind":"plain","computed":true},"configuration_type":{"type":"string","description_kind":"plain","computed":true},"enabled":{"type":"bool","description_kind":"plain","computed":true},"id":{"type":"string","description_kind":"plain","optional":true,"computed":true},"project_id":{"type":"string","description_kind":"plain","required":true}},"description_kind":"plain"}},"mongodbatlas_backup_compliance_policy":{"version":0,"block":{"attributes":{"authorized_email":{"type":"string","description_kind":"plain","computed":true},"authorized_user_first_name":{"type":"string","description_kind":"plain","computed":true},"authorized_user_last_name":{"type":"string","description_kind":"plain","computed":true},"copy_protection_enabled":{"type":"bool","description_kind":"plain","computed":true},"encryption_at_rest_enabled":{"type":"bool","description_kind":"plain","computed":true},"id":{"type":"string","description_kind":"plain","optional":true,"computed":true},"on_demand_policy_item":{"type":["list",["object",{"frequency_interval":"number","frequency_type":"string","id":"string","retention_unit":"string","retention_value":"number"}]],"description_kind":"plain","computed":true},"pit_enabled":{"type":"bool","description_kind":"plain","computed":true},"policy_item_daily":{"type":["list",["object",{"frequency_interval":"number","frequency_type":"string","id":"string","retention_unit":"string","retention_value":"number"}]],"description_kind":"plain","computed":true},"policy_item_hourly":{"type":["list",["object",{"frequency_interval":"number","frequency_type":"string","id":"string","retention_unit":"string","retention_value":"number"}]],"description_kind":"plain","computed":true},"policy_item_monthly":{"type":["list",["object",{"frequency_interval":"number","frequency_type":"string","id":"string","retention_unit":"string","retention_value":"number"}]],"description_kind":"plain","computed":true},"policy_item_weekly":{"type":["list",["object",{"frequency_interval":"number","frequency_type":"string","id":"string","retention_unit":"string","retention_value":"number"}]],"description_kind":"plain","computed":true},"policy_item_yearly":{"type":["list",["object",{"frequency_interval":"number","frequency_type":"string","id":"string","retention_unit":"string","retention_value":"number"}]],"description_kind":"plain","computed":true},"project_id":{"type":"string","description_kind":"plain","required":true},"restore_window_days":{"type":"number","description_kind":"plain","computed":true},"state":{"type":"string","description_kind":"plain","computed":true},"updated_date":{"type":"string","description_kind":"plain","computed":true},"updated_user":{"type":"string","description_kind":"plain","computed":true}},"description_kind":"plain"}},"mongodbatlas_cloud_backup_schedule":{"version":0,"block":{"attributes":{"auto_export_enabled":{"type":"bool","description_kind":"plain","computed":true},"cluster_id":{"type":"string","description_kind":"plain","computed":true},"cluster_name":{"type":"string","description_kind":"plain","required":true},"copy_settings":{"type":["list",["object",{"cloud_provider":"string","frequencies":["set","string"],"region_name":"string","replication_spec_id":"string","should_copy_oplogs":"bool","zone_id":"string"}]],"description_kind":"plain","computed":true},"export":{"type":["list",["object",{"export_bucket_id":"string","frequency_type":"string"}]],"description_kind":"plain","computed":true},"id":{"type":"string","description_kind":"plain","optional":true,"computed":true},"id_policy":{"type":"string","description_kind":"plain","computed":true},"next_snapshot":{"type":"string","description_kind":"plain","computed":true},"policy_item_daily":{"type":["list",["object",{"frequency_interval":"number","frequency_type":"string","id":"string","retention_unit":"string","retention_value":"number"}]],"description_kind":"plain","computed":true},"policy_item_hourly":{"type":["list",["object",{"frequency_interval":"number","frequency_type":"string","id":"string","retention_unit":"string","retention_value":"number"}]],"description_kind":"plain","computed":true},"policy_item_monthly":{"type":["list",["object",{"frequency_interval":"number","frequency_type":"string","id":"string","retention_unit":"string","retention_value":"number"}]],"description_kind":"plain","computed":true},"policy_item_weekly":{"type":["list",["object",{"frequency_interval":"number","frequency_type":"string","id":"string","retention_unit":"string","retention_value":"number"}]],"description_kind":"plain","computed":true},"policy_item_yearly":{"type":["list",["object",{"frequency_interval":"number","frequency_type":"string","id":"string","retention_unit":"string","retention_value":"number"}]],"description_kind":"plain","computed":true},"project_id":{"type":"string","description_kind":"plain","required":true},"reference_hour_of_day":{"type":"number","description_kind":"plain","computed":true},"reference_minute_of_hour":{"type":"number","description_kind":"plain","computed":true},"restore_window_days":{"type":"number","description_kind":"plain","computed":true},"use_org_and_group_names_in_export_prefix":{"type":"bool","description_kind":"plain","computed":true},"use_zone_id_for_copy_settings":{"type":"bool","description_kind":"plain","optional":true}},"description_kind":"plain"}},"mongodbatlas_cloud_backup_snapshot":{"version":0,"block":{"attributes":{"cloud_provider":{"type":"string","description_kind":"plain","computed":true},"cluster_name":{"type":"string","description_kind":"plain","required":true},"created_at":{"type":"string","description_kind":"plain","computed":true},"description":{"type":"string","description_kind":"plain","computed":true},"expires_at":{"type":"string","description_kind":"plain","computed":true},"id":{"type":"string","description_kind":"plain","optional":true,"computed":true},"master_key_uuid":{"type":"string","description_kind":"plain","computed":true},"members":{"type":["list",["object",{"cloud_provider":"string","id":"string","replica_set_name":"string"}]],"description_kind":"plain","computed":true},"mongod_version":{"type":"string","description_kind":"plain","computed":true},"project_id":{"type":"string","description_kind":"plain","required":true},"replica_set_name":{"type":"string","description_kind":"plain","computed":true},"snapshot_id":{"type":"string","description_kind":"plain","required":true},"snapshot_ids":{"type":["list","string"],"description_kind":"plain","computed":true},"snapshot_type":{"type":"string","description_kind":"plain","computed":true},"status":{"type":"string","description_kind":"plain","computed":true},"storage_size_bytes":{"type":"number","description_kind":"plain","computed":true},"type":{"type":"string","description_kind":"plain","computed":true}},"description_kind":"plain"}},"mongodbatlas_cloud_backup_snapshot_export_bucket":{"version":0,"block":{"attributes":{"bucket_name":{"type":"string","description_kind":"plain","computed":true},"cloud_provider":{"type":"string","description_kind":"plain","computed":true},"export_bucket_id":{"type":"string","description_kind":"plain","required":true},"iam_role_id":{"type":"string","description_kind":"plain","computed":true},"id":{"type":"string","description_kind":"plain","computed":true},"project_id":{"type":"string","description_kind":"plain","required":true},"role_id":{"type":"string","description_kind":"plain","computed":true},"service_url":{"type":"string","description_kind":"plain","computed":true},"tenant_id":{"type":"string","description_kind":"plain","deprecated":true,"computed":true}},"description_kind":"plain"}},"mongodbatlas_cloud_backup_snapshot_export_buckets":{"version":0,"block":{"attributes":{"id":{"type":"string","description_kind":"plain","optional":true,"computed":true},"items_per_page":{"type":"number","description_kind":"plain","optional":true},"page_num":{"type":"number","description_kind":"plain","optional":true},"project_id":{"type":"string","description_kind":"plain","required":true},"results":{"type":["list",["object",{"bucket_name":"string","cloud_provider":"string","export_bucket_id":"string","iam_role_id":"string","role_id":"string","service_url":"string","tenant_id":"string"}]],"description_kind":"plain","computed":true},"total_count":{"type":"number","description_kind":"plain","computed":true}},"description_kind":"plain"}},"mongodbatlas_cloud_backup_snapshot_export_job":{"version":0,"block":{"attributes":{"cluster_name":{"type":"string","description_kind":"plain","required":true},"components":{"type":["set",["object",{"export_id":"string","replica_set_name":"string"}]],"description_kind":"plain","computed":true},"created_at":{"type":"string","description_kind":"plain","computed":true},"custom_data":{"type":["set",["object",{"key":"string","value":"string"}]],"description_kind":"plain","computed":true},"export_bucket_id":{"type":"string","description_kind":"plain","computed":true},"export_job_id":{"type":"string","description_kind":"plain","required":true},"export_status_exported_collections":{"type":"number","description_kind":"plain","computed":true},"export_status_total_collections":{"type":"number","description_kind":"plain","computed":true},"finished_at":{"type":"string","description_kind":"plain","computed":true},"id":{"type":"string","description_kind":"plain","computed":true},"prefix":{"type":"string","description_kind":"plain","computed":true},"project_id":{"type":"string","description_kind":"plain","required":true},"snapshot_id":{"type":"string","description_kind":"plain","computed":true},"state":{"type":"string","description_kind":"plain","computed":true}},"description_kind":"plain"}},"mongodbatlas_cloud_backup_snapshot_export_jobs":{"version":0,"block":{"attributes":{"cluster_name":{"type":"string","description_kind":"plain","required":true},"id":{"type":"string","description_kind":"plain","optional":true,"computed":true},"items_per_page":{"type":"number","description_kind":"plain","optional":true},"page_num":{"type":"number","description_kind":"plain","optional":true},"project_id":{"type":"string","description_kind":"plain","required":true},"results":{"type":["list",["object",{"components":["set",["object",{"export_id":"string","replica_set_name":"string"}]],"created_at":"string","custom_data":["set",["object",{"key":"string","value":"string"}]],"export_bucket_id":"string","export_job_id":"string","export_status_exported_collections":"number","export_status_total_collections":"number","finished_at":"string","prefix":"string","snapshot_id":"string","state":"string"}]],"description_kind":"plain","computed":true},"total_count":{"type":"number","description_kind":"plain","computed":true}},"description_kind":"plain"}},"mongodbatlas_cloud_backup_snapshot_restore_job":{"version":0,"block":{"attributes":{"cancelled":{"type":"bool","description_kind":"plain","computed":true},"cluster_name":{"type":"string","description_kind":"plain","required":true},"delivery_type":{"type":"string","description_kind":"plain","computed":true},"delivery_url":{"type":["list","string"],"description_kind":"plain","computed":true},"expired":{"type":"bool","description_kind":"plain","computed":true},"expires_at":{"type":"string","description_kind":"plain","computed":true},"failed":{"type":"bool","description_kind":"plain","computed":true},"finished_at":{"type":"string","description_kind":"plain","computed":true},"id":{"type":"string","description_kind":"plain","optional":true,"computed":true},"oplog_inc":{"type":"number","description_kind":"plain","computed":true},"oplog_ts":{"type":"number","description_kind":"plain","computed":true},"point_in_time_utc_seconds":{"type":"number","description_kind":"plain","computed":true},"project_id":{"type":"string","description_kind":"plain","required":true},"snapshot_id":{"type":"string","description_kind":"plain","computed":true},"snapshot_restore_job_id":{"type":"string","description_kind":"plain","required":true},"target_cluster_name":{"type":"string","description_kind":"plain","computed":true},"target_project_id":{"type":"string","description_kind":"plain","computed":true},"timestamp":{"type":"string","description_kind":"plain","computed":true}},"description_kind":"plain"}},"mongodbatlas_cloud_backup_snapshot_restore_jobs":{"version":0,"block":{"attributes":{"cluster_name":{"type":"string","description_kind":"plain","required":true},"id":{"type":"string","description_kind":"plain","optional":true,"computed":true},"items_per_page":{"type":"number","description_kind":"plain","optional":true},"page_num":{"type":"number","description_kind":"plain","optional":true},"project_id":{"type":"string","description_kind":"plain","required":true},"results":{"type":["list",["object",{"cancelled":"bool","delivery_type":"string","delivery_url":["list","string"],"expired":"bool","expires_at":"string","failed":"bool","finished_at":"string","id":"string","oplog_inc":"number","oplog_ts":"number","point_in_time_utc_seconds":"number","snapshot_id":"string","target_cluster_name":"string","target_project_id":"string","timestamp":"string"}]],"description_kind":"plain","computed":true},"total_count":{"type":"number","description_kind":"plain","computed":true}},"description_kind":"plain"}},"mongodbatlas_cloud_backup_snapshots":{"version":0,"block":{"attributes":{"cluster_name":{"type":"string","description_kind":"plain","required":true},"id":{"type":"string","description_kind":"plain","optional":true,"computed":true},"items_per_page":{"type":"number","description_kind":"plain","optional":true},"page_num":{"type":"number","description_kind":"plain","optional":true},"project_id":{"type":"string","description_kind":"plain","required":true},"results":{"type":["list",["object",{"cloud_provider":"string","created_at":"string","description":"string","expires_at":"string","id":"string","master_key_uuid":"string","members":["list",["object",{"cloud_provider":"string","id":"string","replica_set_name":"string"}]],"mongod_version":"string","replica_set_name":"string","snapshot_ids":["list","string"],"snapshot_type":"string","status":"string","storage_size_bytes":"number","type":"string"}]],"description_kind":"plain","computed":true},"total_count":{"type":"number","description_kind":"plain","computed":true}},"description_kind":"plain"}},"mongodbatlas_cloud_provider_access_setup":{"version":0,"block":{"attributes":{"aws":{"type":["map","string"],"description_kind":"plain","computed":true},"aws_config":{"type":["list",["object",{"atlas_assumed_role_external_id":"string","atlas_aws_account_arn":"string"}]],"description_kind":"plain","computed":true},"created_date":{"type":"string","description_kind":"plain","computed":true},"id":{"type":"string","description_kind":"plain","optional":true,"computed":true},"last_updated_date":{"type":"string","description_kind":"plain","computed":true},"project_id":{"type":"string","description_kind":"plain","required":true},"provider_name":{"type":"string","description_kind":"plain","required":true},"role_id":{"type":"string","description_kind":"plain","required":true}},"block_types":{"azure_config":{"nesting_mode":"list","block":{"attributes":{"atlas_azure_app_id":{"type":"string","description_kind":"plain","computed":true},"service_principal_id":{"type":"string","description_kind":"plain","computed":true},"tenant_id":{"type":"string","description_kind":"plain","computed":true}},"description_kind":"plain"}}},"description_kind":"plain"}},"mongodbatlas_cluster":{"version":1,"block":{"attributes":{"advanced_configuration":{"type":["list",["object",{"change_stream_options_pre_and_post_images_expire_after_seconds":"number","custom_openssl_cipher_config_tls12":["set","string"],"default_max_time_ms":"number","default_read_concern":"string","default_write_concern":"string","fail_index_key_too_long":"bool","javascript_enabled":"bool","minimum_enabled_tls_protocol":"string","no_table_scan":"bool","oplog_min_retention_hours":"number","oplog_size_mb":"number","sample_refresh_interval_bi_connector":"number","sample_size_bi_connector":"number","tls_cipher_config_mode":"string","transaction_lifetime_limit_seconds":"number"}]],"description_kind":"plain","computed":true},"auto_scaling_compute_enabled":{"type":"bool","description_kind":"plain","computed":true},"auto_scaling_compute_scale_down_enabled":{"type":"bool","description_kind":"plain","computed":true},"auto_scaling_disk_gb_enabled":{"type":"bool","description_kind":"plain","computed":true},"backing_provider_name":{"type":"string","description_kind":"plain","computed":true},"backup_enabled":{"type":"bool","description_kind":"plain","computed":true},"bi_connector_config":{"type":["list",["object",{"enabled":"bool","read_preference":"string"}]],"description_kind":"plain","computed":true},"cluster_type":{"type":"string","description_kind":"plain","computed":true},"connection_strings":{"type":["list",["object",{"aws_private_link":["map","string"],"aws_private_link_srv":["map","string"],"private":"string","private_endpoint":["list",["object",{"connection_string":"string","endpoints":["list",["object",{"endpoint_id":"string","provider_name":"string","region":"string"}]],"srv_connection_string":"string","srv_shard_optimized_connection_string":"string","type":"string"}]],"private_srv":"string","standard":"string","standard_srv":"string"}]],"description_kind":"plain","computed":true},"container_id":{"type":"string","description_kind":"plain","computed":true},"disk_size_gb":{"type":"number","description_kind":"plain","computed":true},"encryption_at_rest_provider":{"type":"string","description_kind":"plain","computed":true},"id":{"type":"string","description_kind":"plain","optional":true,"computed":true},"labels":{"type":["set",["object",{"key":"string","value":"string"}]],"description_kind":"plain","computed":true},"mongo_db_major_version":{"type":"string","description_kind":"plain","computed":true},"mongo_db_version":{"type":"string","description_kind":"plain","computed":true},"mongo_uri":{"type":"string","description_kind":"plain","computed":true},"mongo_uri_updated":{"type":"string","description_kind":"plain","computed":true},"mongo_uri_with_options":{"type":"string","description_kind":"plain","computed":true},"name":{"type":"string","description_kind":"plain","required":true},"num_shards":{"type":"number","description_kind":"plain","computed":true},"paused":{"type":"bool","description_kind":"plain","computed":true},"pinned_fcv":{"type":["list",["object",{"expiration_date":"string","version":"string"}]],"description_kind":"plain","computed":true},"pit_enabled":{"type":"bool","description_kind":"plain","computed":true},"project_id":{"type":"string","description_kind":"plain","required":true},"provider_auto_scaling_compute_max_instance_size":{"type":"string","description_kind":"plain","computed":true},"provider_auto_scaling_compute_min_instance_size":{"type":"string","description_kind":"plain","computed":true},"provider_backup_enabled":{"type":"bool","description_kind":"plain","computed":true},"provider_disk_iops":{"type":"number","description_kind":"plain","computed":true},"provider_disk_type_name":{"type":"string","description_kind":"plain","computed":true},"provider_encrypt_ebs_volume":{"type":"bool","description_kind":"plain","computed":true},"provider_encrypt_ebs_volume_flag":{"type":"bool","description_kind":"plain","computed":true},"provider_instance_size_name":{"type":"string","description_kind":"plain","computed":true},"provider_name":{"type":"string","description_kind":"plain","computed":true},"provider_region_name":{"type":"string","description_kind":"plain","computed":true},"provider_volume_type":{"type":"string","description_kind":"plain","computed":true},"redact_client_log_data":{"type":"bool","description_kind":"plain","computed":true},"replication_factor":{"type":"number","description_kind":"plain","computed":true},"replication_specs":{"type":["list",["object",{"id":"string","num_shards":"number","regions_config":["set",["object",{"analytics_nodes":"number","electable_nodes":"number","priority":"number","read_only_nodes":"number","region_name":"string"}]],"zone_name":"string"}]],"description_kind":"plain","computed":true},"snapshot_backup_policy":{"type":["list",["object",{"cluster_id":"string","cluster_name":"string","next_snapshot":"string","policies":["list",["object",{"id":"string","policy_item":["list",["object",{"frequency_interval":"number","frequency_type":"string","id":"string","retention_unit":"string","retention_value":"number"}]]}]],"reference_hour_of_day":"number","reference_minute_of_hour":"number","restore_window_days":"number","update_snapshots":"bool"}]],"description_kind":"plain","computed":true},"srv_address":{"type":"string","description_kind":"plain","computed":true},"state_name":{"type":"string","description_kind":"plain","computed":true},"tags":{"type":["set",["object",{"key":"string","value":"string"}]],"description_kind":"plain","computed":true},"termination_protection_enabled":{"type":"bool","description_kind":"plain","computed":true},"version_release_system":{"type":"string","description_kind":"plain","computed":true}},"description_kind":"plain"}},"mongodbatlas_cluster_outage_simulation":{"version":0,"block":{"attributes":{"cluster_name":{"type":"string","description_kind":"plain","required":true},"id":{"type":"string","description_kind":"plain","optional":true,"computed":true},"outage_filters":{"type":["list",["object",{"cloud_provider":"string","region_name":"string","type":"string"}]],"description_kind":"plain","computed":true},"project_id":{"type":"string","description_kind":"plain","required":true},"simulation_id":{"type":"string","description_kind":"plain","computed":true},"start_request_date":{"type":"string","description_kind":"plain","computed":true},"state":{"type":"string","description_kind":"plain","computed":true}},"description_kind":"plain"}},"mongodbatlas_clusters":{"version":0,"block":{"attributes":{"id":{"type":"string","description_kind":"plain","optional":true,"computed":true},"project_id":{"type":"string","description_kind":"plain","required":true},"results":{"type":["list",["object",{"advanced_configuration":["list",["object",{"change_stream_options_pre_and_post_images_expire_after_seconds":"number","custom_openssl_cipher_config_tls12":["set","string"],"default_max_time_ms":"number","default_read_concern":"string","default_write_concern":"string","fail_index_key_too_long":"bool","javascript_enabled":"bool","minimum_enabled_tls_protocol":"string","no_table_scan":"bool","oplog_min_retention_hours":"number","oplog_size_mb":"number","sample_refresh_interval_bi_connector":"number","sample_size_bi_connector":"number","tls_cipher_config_mode":"string","transaction_lifetime_limit_seconds":"number"}]],"auto_scaling_compute_enabled":"bool","auto_scaling_compute_scale_down_enabled":"bool","auto_scaling_disk_gb_enabled":"bool","backing_provider_name":"string","backup_enabled":"bool","bi_connector_config":["list",["object",{"enabled":"bool","read_preference":"string"}]],"cluster_type":"string","connection_strings":["list",["object",{"aws_private_link":["map","string"],"aws_private_link_srv":["map","string"],"private":"string","private_endpoint":["list",["object",{"connection_string":"string","endpoints":["list",["object",{"endpoint_id":"string","provider_name":"string","region":"string"}]],"srv_connection_string":"string","srv_shard_optimized_connection_string":"string","type":"string"}]],"private_srv":"string","standard":"string","standard_srv":"string"}]],"container_id":"string","disk_size_gb":"number","encryption_at_rest_provider":"string","labels":["set",["object",{"key":"string","value":"string"}]],"mongo_db_major_version":"string","mongo_db_version":"string","mongo_uri":"string","mongo_uri_updated":"string","mongo_uri_with_options":"string","name":"string","num_shards":"number","paused":"bool","pinned_fcv":["list",["object",{"expiration_date":"string","version":"string"}]],"pit_enabled":"bool","provider_auto_scaling_compute_max_instance_size":"string","provider_auto_scaling_compute_min_instance_size":"string","provider_backup_enabled":"bool","provider_disk_iops":"number","provider_disk_type_name":"string","provider_encrypt_ebs_volume":"bool","provider_instance_size_name":"string","provider_name":"string","provider_region_name":"string","provider_volume_type":"string","redact_client_log_data":"bool","replication_factor":"number","replication_specs":["list",["object",{"id":"string","num_shards":"number","regions_config":["set",["object",{"analytics_nodes":"number","electable_nodes":"number","priority":"number","read_only_nodes":"number","region_name":"string"}]],"zone_name":"string"}]],"snapshot_backup_policy":["list",["object",{"cluster_id":"string","cluster_name":"string","next_snapshot":"string","policies":["list",["object",{"id":"string","policy_item":["list",["object",{"frequency_interval":"number","frequency_type":"string","id":"string","retention_unit":"string","retention_value":"number"}]]}]],"reference_hour_of_day":"number","reference_minute_of_hour":"number","restore_window_days":"number","update_snapshots":"bool"}]],"srv_address":"string","state_name":"string","tags":["set",["object",{"key":"string","value":"string"}]],"termination_protection_enabled":"bool","version_release_system":"string"}]],"description_kind":"plain","computed":true}},"description_kind":"plain"}},"mongodbatlas_control_plane_ip_addresses":{"version":0,"block":{"attributes":{"inbound":{"nested_type":{"attributes":{"aws":{"type":["map",["list","string"]],"description":"Control plane IP addresses in AWS. Each key identifies an Amazon Web Services (AWS) region. Each value identifies control plane IP addresses in the AWS region.","description_kind":"markdown","computed":true},"azure":{"type":["map",["list","string"]],"description":"Control plane IP addresses in Azure. Each key identifies an Azure region. Each value identifies control plane IP addresses in the Azure region.","description_kind":"markdown","computed":true},"gcp":{"type":["map",["list","string"]],"description":"Control plane IP addresses in GCP. Each key identifies a Google Cloud (GCP) region. Each value identifies control plane IP addresses in the GCP region.","description_kind":"markdown","computed":true}},"nesting_mode":"single"},"description":"List of inbound IP addresses to the Atlas control plane, categorized by cloud provider. If your application allows outbound HTTP requests only to specific IP addresses, you must allow access to the following IP addresses so that your API requests can reach the Atlas control plane.","description_kind":"markdown","computed":true},"outbound":{"nested_type":{"attributes":{"aws":{"type":["map",["list","string"]],"description":"Control plane IP addresses in AWS. Each key identifies an Amazon Web Services (AWS) region. Each value identifies control plane IP addresses in the AWS region.","description_kind":"markdown","computed":true},"azure":{"type":["map",["list","string"]],"description":"Control plane IP addresses in Azure. Each key identifies an Azure region. Each value identifies control plane IP addresses in the Azure region.","description_kind":"markdown","computed":true},"gcp":{"type":["map",["list","string"]],"description":"Control plane IP addresses in GCP. Each key identifies a Google Cloud (GCP) region. Each value identifies control plane IP addresses in the GCP region.","description_kind":"markdown","computed":true}},"nesting_mode":"single"},"description":"List of outbound IP addresses from the Atlas control plane, categorized by cloud provider. If your network allows inbound HTTP requests only from specific IP addresses, you must allow access from the following IP addresses so that Atlas can communicate with your webhooks and KMS.","description_kind":"markdown","computed":true}},"description_kind":"plain"}},"mongodbatlas_custom_db_role":{"version":0,"block":{"attributes":{"actions":{"type":["list",["object",{"action":"string","resources":["set",["object",{"cluster":"bool","collection_name":"string","database_name":"string"}]]}]],"description_kind":"plain","computed":true},"id":{"type":"string","description_kind":"plain","optional":true,"computed":true},"project_id":{"type":"string","description_kind":"plain","required":true},"role_name":{"type":"string","description_kind":"plain","required":true}},"block_types":{"inherited_roles":{"nesting_mode":"list","block":{"attributes":{"database_name":{"type":"string","description_kind":"plain","computed":true},"role_name":{"type":"string","description_kind":"plain","computed":true}},"description_kind":"plain"}}},"description_kind":"plain"}},"mongodbatlas_custom_db_roles":{"version":0,"block":{"attributes":{"id":{"type":"string","description_kind":"plain","optional":true,"computed":true},"project_id":{"type":"string","description_kind":"plain","required":true},"results":{"type":["list",["object",{"actions":["list",["object",{"action":"string","resources":["set",["object",{"cluster":"bool","collection_name":"string","database_name":"string"}]]}]],"inherited_roles":["list",["object",{"database_name":"string","role_name":"string"}]],"role_name":"string"}]],"description_kind":"plain","computed":true}},"description_kind":"plain"}},"mongodbatlas_custom_dns_configuration_cluster_aws":{"version":0,"block":{"attributes":{"enabled":{"type":"bool","description_kind":"plain","computed":true},"id":{"type":"string","description_kind":"plain","optional":true,"computed":true},"project_id":{"type":"string","description_kind":"plain","required":true}},"description_kind":"plain"}},"mongodbatlas_data_lake_pipeline":{"version":0,"block":{"attributes":{"created_date":{"type":"string","description_kind":"plain","computed":true},"id":{"type":"string","description_kind":"plain","computed":true},"ingestion_schedules":{"type":["set",["object",{"frequency_interval":"number","frequency_type":"string","id":"string","retention_unit":"string","retention_value":"number"}]],"description_kind":"plain","computed":true},"last_updated_date":{"type":"string","description_kind":"plain","computed":true},"name":{"type":"string","description_kind":"plain","required":true},"project_id":{"type":"string","description_kind":"plain","required":true},"sink":{"type":["list",["object",{"partition_fields":["list",["object",{"field_name":"string","order":"number"}]],"provider":"string","region":"string","type":"string"}]],"description_kind":"plain","computed":true},"snapshots":{"type":["set",["object",{"copy_region":"string","created_at":"string","expires_at":"string","frequency_yype":"string","id":"string","master_key":"string","mongod_version":"string","policies":["list","string"],"provider":"string","replica_set_name":"string","size":"number","status":"string","type":"string"}]],"description_kind":"plain","computed":true},"source":{"type":["list",["object",{"cluster_name":"string","collection_name":"string","database_name":"string","project_id":"string","type":"string"}]],"description_kind":"plain","computed":true},"state":{"type":"string","description_kind":"plain","computed":true},"transformations":{"type":["list",["object",{"field":"string","type":"string"}]],"description_kind":"plain","computed":true}},"description_kind":"plain","deprecated":true}},"mongodbatlas_data_lake_pipeline_run":{"version":0,"block":{"attributes":{"backup_frequency_type":{"type":"string","description_kind":"plain","computed":true},"created_date":{"type":"string","description_kind":"plain","computed":true},"dataset_name":{"type":"string","description_kind":"plain","computed":true},"id":{"type":"string","description_kind":"plain","computed":true},"last_updated_date":{"type":"string","description_kind":"plain","computed":true},"phase":{"type":"string","description_kind":"plain","computed":true},"pipeline_id":{"type":"string","description_kind":"plain","computed":true},"pipeline_name":{"type":"string","description_kind":"plain","required":true},"pipeline_run_id":{"type":"string","description_kind":"plain","required":true},"project_id":{"type":"string","description_kind":"plain","required":true},"snapshot_id":{"type":"string","description_kind":"plain","computed":true},"state":{"type":"string","description_kind":"plain","computed":true},"stats":{"type":["list",["object",{"bytes_exported":"number","num_docs":"number"}]],"description_kind":"plain","computed":true}},"description_kind":"plain","deprecated":true}},"mongodbatlas_data_lake_pipeline_runs":{"version":0,"block":{"attributes":{"id":{"type":"string","description_kind":"plain","optional":true,"computed":true},"pipeline_name":{"type":"string","description_kind":"plain","required":true},"project_id":{"type":"string","description_kind":"plain","required":true},"results":{"type":["list",["object",{"backup_frequency_type":"string","created_date":"string","id":"string","last_updated_date":"string","phase":"string","pipeline_id":"string","pipeline_run_id":"string","snapshot_id":"string","state":"string","stats":["list",["object",{"bytes_exported":"number","num_docs":"number"}]]}]],"description_kind":"plain","computed":true}},"description_kind":"plain","deprecated":true}},"mongodbatlas_data_lake_pipelines":{"version":0,"block":{"attributes":{"id":{"type":"string","description_kind":"plain","optional":true,"computed":true},"project_id":{"type":"string","description_kind":"plain","required":true},"results":{"type":["list",["object",{"created_date":"string","id":"string","last_updated_date":"string","name":"string","project_id":"string","sink":["list",["object",{"partition_fields":["list",["object",{"field_name":"string","order":"number"}]],"provider":"string","region":"string","type":"string"}]],"source":["list",["object",{"cluster_name":"string","collection_name":"string","database_name":"string","project_id":"string","type":"string"}]],"state":"string","transformations":["list",["object",{"field":"string","type":"string"}]]}]],"description_kind":"plain","computed":true}},"description_kind":"plain","deprecated":true}},"mongodbatlas_database_user":{"version":0,"block":{"attributes":{"auth_database_name":{"type":"string","description_kind":"plain","required":true},"aws_iam_type":{"type":"string","description_kind":"plain","computed":true},"description":{"type":"string","description_kind":"plain","computed":true},"id":{"type":"string","description_kind":"plain","computed":true},"labels":{"nested_type":{"attributes":{"key":{"type":"string","description_kind":"plain","computed":true},"value":{"type":"string","description_kind":"plain","computed":true}},"nesting_mode":"list"},"description_kind":"plain","computed":true},"ldap_auth_type":{"type":"string","description_kind":"plain","computed":true},"oidc_auth_type":{"type":"string","description_kind":"plain","computed":true},"project_id":{"type":"string","description_kind":"plain","required":true},"roles":{"nested_type":{"attributes":{"collection_name":{"type":"string","description_kind":"plain","computed":true},"database_name":{"type":"string","description_kind":"plain","computed":true},"role_name":{"type":"string","description_kind":"plain","computed":true}},"nesting_mode":"list"},"description_kind":"plain","computed":true},"scopes":{"nested_type":{"attributes":{"name":{"type":"string","description_kind":"plain","computed":true},"type":{"type":"string","description_kind":"plain","computed":true}},"nesting_mode":"list"},"description_kind":"plain","computed":true},"username":{"type":"string","description_kind":"plain","required":true},"x509_type":{"type":"string","description_kind":"plain","computed":true}},"description_kind":"plain"}},"mongodbatlas_database_users":{"version":0,"block":{"attributes":{"id":{"type":"string","description_kind":"plain","computed":true},"project_id":{"type":"string","description_kind":"plain","required":true},"results":{"nested_type":{"attributes":{"auth_database_name":{"type":"string","description_kind":"plain","computed":true},"aws_iam_type":{"type":"string","description_kind":"plain","computed":true},"description":{"type":"string","description_kind":"plain","computed":true},"id":{"type":"string","description_kind":"plain","computed":true},"labels":{"nested_type":{"attributes":{"key":{"type":"string","description_kind":"plain","computed":true},"value":{"type":"string","description_kind":"plain","computed":true}},"nesting_mode":"set"},"description_kind":"plain","computed":true},"ldap_auth_type":{"type":"string","description_kind":"plain","computed":true},"oidc_auth_type":{"type":"string","description_kind":"plain","computed":true},"project_id":{"type":"string","description_kind":"plain","computed":true},"roles":{"nested_type":{"attributes":{"collection_name":{"type":"string","description_kind":"plain","computed":true},"database_name":{"type":"string","description_kind":"plain","computed":true},"role_name":{"type":"string","description_kind":"plain","computed":true}},"nesting_mode":"set"},"description_kind":"plain","computed":true},"scopes":{"nested_type":{"attributes":{"name":{"type":"string","description_kind":"plain","computed":true},"type":{"type":"string","description_kind":"plain","computed":true}},"nesting_mode":"set"},"description_kind":"plain","computed":true},"username":{"type":"string","description_kind":"plain","computed":true},"x509_type":{"type":"string","description_kind":"plain","computed":true}},"nesting_mode":"list"},"description_kind":"plain","computed":true}},"description_kind":"plain"}},"mongodbatlas_encryption_at_rest":{"version":0,"block":{"attributes":{"aws_kms_config":{"nested_type":{"attributes":{"access_key_id":{"type":"string","description":"Unique alphanumeric string that identifies an Identity and Access Management (IAM) access key with permissions required to access your Amazon Web Services (AWS) Customer Master Key (CMK).","description_kind":"markdown","computed":true,"sensitive":true},"customer_master_key_id":{"type":"string","description":"Unique alphanumeric string that identifies the Amazon Web Services (AWS) Customer Master Key (CMK) you used to encrypt and decrypt the MongoDB master keys.","description_kind":"markdown","computed":true,"sensitive":true},"enabled":{"type":"bool","description":"Flag that indicates whether someone enabled encryption at rest for the specified project through Amazon Web Services (AWS) Key Management Service (KMS). To disable encryption at rest using customer key management and remove the configuration details, pass only this parameter with a value of `false`.","description_kind":"markdown","computed":true},"region":{"type":"string","description":"Physical location where MongoDB Atlas deploys your AWS-hosted MongoDB cluster nodes. The region you choose can affect network latency for clients accessing your databases. When MongoDB Atlas deploys a dedicated cluster, it checks if a VPC or VPC connection exists for that provider and region. If not, MongoDB Atlas creates them as part of the deployment. MongoDB Atlas assigns the VPC a CIDR block. To limit a new VPC peering connection to one CIDR block and region, create the connection first. Deploy the cluster after the connection starts.","description_kind":"markdown","computed":true},"require_private_networking":{"type":"bool","description":"Enable connection to your Amazon Web Services (AWS) Key Management Service (KMS) over private networking.","description_kind":"markdown","computed":true},"role_id":{"type":"string","description":"Unique 24-hexadecimal digit string that identifies an Amazon Web Services (AWS) Identity and Access Management (IAM) role. This IAM role has the permissions required to manage your AWS customer master key.","description_kind":"markdown","computed":true},"secret_access_key":{"type":"string","description":"Human-readable label of the Identity and Access Management (IAM) secret access key with permissions required to access your Amazon Web Services (AWS) customer master key.","description_kind":"markdown","computed":true,"sensitive":true},"valid":{"type":"bool","description":"Flag that indicates whether the Amazon Web Services (AWS) Key Management Service (KMS) encryption key can encrypt and decrypt data.","description_kind":"markdown","computed":true}},"nesting_mode":"single"},"description":"Amazon Web Services (AWS) KMS configuration details and encryption at rest configuration set for the specified project.","description_kind":"markdown","computed":true},"azure_key_vault_config":{"nested_type":{"attributes":{"azure_environment":{"type":"string","description":"Azure environment in which your account credentials reside.","description_kind":"markdown","computed":true},"client_id":{"type":"string","description":"Unique 36-hexadecimal character string that identifies an Azure application associated with your Azure Active Directory tenant.","description_kind":"markdown","computed":true,"sensitive":true},"enabled":{"type":"bool","description":"Flag that indicates whether someone enabled encryption at rest for the specified  project. To disable encryption at rest using customer key management and remove the configuration details, pass only this parameter with a value of `false`.","description_kind":"markdown","computed":true},"key_identifier":{"type":"string","description":"Web address with a unique key that identifies for your Azure Key Vault.","description_kind":"markdown","computed":true,"sensitive":true},"key_vault_name":{"type":"string","description":"Unique string that identifies the Azure Key Vault that contains your key.","description_kind":"markdown","computed":true},"require_private_networking":{"type":"bool","description":"Enable connection to your Azure Key Vault over private networking.","description_kind":"markdown","computed":true},"resource_group_name":{"type":"string","description":"Name of the Azure resource group that contains your Azure Key Vault.","description_kind":"markdown","computed":true},"secret":{"type":"string","description":"Private data that you need secured and that belongs to the specified Azure Key Vault (AKV) tenant (**azureKeyVault.tenantID**). This data can include any type of sensitive data such as passwords, database connection strings, API keys, and the like. AKV stores this information as encrypted binary data.","description_kind":"markdown","computed":true,"sensitive":true},"subscription_id":{"type":"string","description":"Unique 36-hexadecimal character string that identifies your Azure subscription.","description_kind":"markdown","computed":true,"sensitive":true},"tenant_id":{"type":"string","description":"Unique 36-hexadecimal character string that identifies the Azure Active Directory tenant within your Azure subscription.","description_kind":"markdown","computed":true,"sensitive":true},"valid":{"type":"bool","description":"Flag that indicates whether the Azure encryption key can encrypt and decrypt data.","description_kind":"markdown","computed":true}},"nesting_mode":"single"},"description":"Details that define the configuration of Encryption at Rest using Azure Key Vault (AKV).","description_kind":"markdown","computed":true},"enabled_for_search_nodes":{"type":"bool","description":"Flag that indicates whether Encryption at Rest for Dedicated Search Nodes is enabled in the specified project.","description_kind":"markdown","computed":true},"google_cloud_kms_config":{"nested_type":{"attributes":{"enabled":{"type":"bool","description":"Flag that indicates whether someone enabled encryption at rest for the specified  project. To disable encryption at rest using customer key management and remove the configuration details, pass only this parameter with a value of `false`.","description_kind":"markdown","computed":true},"key_version_resource_id":{"type":"string","description":"Resource path that displays the key version resource ID for your Google Cloud KMS.","description_kind":"markdown","computed":true,"sensitive":true},"service_account_key":{"type":"string","description":"JavaScript Object Notation (JSON) object that contains the Google Cloud Key Management Service (KMS). Format the JSON as a string and not as an object.","description_kind":"markdown","computed":true,"sensitive":true},"valid":{"type":"bool","description":"Flag that indicates whether the Google Cloud Key Management Service (KMS) encryption key can encrypt and decrypt data.","description_kind":"markdown","computed":true}},"nesting_mode":"single"},"description":"Details that define the configuration of Encryption at Rest using Google Cloud Key Management Service (KMS).","description_kind":"markdown","computed":true},"id":{"type":"string","description_kind":"plain","computed":true},"project_id":{"type":"string","description":"Unique 24-hexadecimal digit string that identifies your project.","description_kind":"markdown","required":true}},"description_kind":"plain"}},"mongodbatlas_encryption_at_rest_private_endpoint":{"version":0,"block":{"attributes":{"cloud_provider":{"type":"string","description":"Label that identifies the cloud provider for the Encryption At Rest private endpoint.","description_kind":"markdown","required":true},"error_message":{"type":"string","description":"Error message for failures associated with the Encryption At Rest private endpoint.","description_kind":"markdown","computed":true},"id":{"type":"string","description":"Unique 24-hexadecimal digit string that identifies the Private Endpoint Service.","description_kind":"markdown","required":true},"private_endpoint_connection_name":{"type":"string","description":"Connection name of the Azure Private Endpoint.","description_kind":"markdown","computed":true},"project_id":{"type":"string","description":"Unique 24-hexadecimal digit string that identifies your project.","description_kind":"markdown","required":true},"region_name":{"type":"string","description":"Cloud provider region in which the Encryption At Rest private endpoint is located.","description_kind":"markdown","computed":true},"status":{"type":"string","description":"State of the Encryption At Rest private endpoint.","description_kind":"markdown","computed":true}},"description_kind":"plain"}},"mongodbatlas_encryption_at_rest_private_endpoints":{"version":0,"block":{"attributes":{"cloud_provider":{"type":"string","description":"Label that identifies the cloud provider for the Encryption At Rest private endpoint.","description_kind":"markdown","required":true},"project_id":{"type":"string","description":"Unique 24-hexadecimal digit string that identifies your project.","description_kind":"markdown","required":true},"results":{"nested_type":{"attributes":{"cloud_provider":{"type":"string","description":"Label that identifies the cloud provider for the Encryption At Rest private endpoint.","description_kind":"markdown","computed":true},"error_message":{"type":"string","description":"Error message for failures associated with the Encryption At Rest private endpoint.","description_kind":"markdown","computed":true},"id":{"type":"string","description":"Unique 24-hexadecimal digit string that identifies the Private Endpoint Service.","description_kind":"markdown","computed":true},"private_endpoint_connection_name":{"type":"string","description":"Connection name of the Azure Private Endpoint.","description_kind":"markdown","computed":true},"project_id":{"type":"string","description":"Unique 24-hexadecimal digit string that identifies your project.","description_kind":"markdown","computed":true},"region_name":{"type":"string","description":"Cloud provider region in which the Encryption At Rest private endpoint is located.","description_kind":"markdown","computed":true},"status":{"type":"string","description":"State of the Encryption At Rest private endpoint.","description_kind":"markdown","computed":true}},"nesting_mode":"list"},"description":"List of documents that MongoDB Cloud returns for this request.","description_kind":"markdown","computed":true}},"description_kind":"plain"}},"mongodbatlas_event_trigger":{"version":0,"block":{"attributes":{"app_id":{"type":"string","description_kind":"plain","required":true},"config_collection":{"type":"string","description_kind":"plain","computed":true},"config_database":{"type":"string","description_kind":"plain","computed":true},"config_full_document":{"type":"bool","description_kind":"plain","computed":true},"config_full_document_before":{"type":"bool","description_kind":"plain","computed":true},"config_match":{"type":"string","description_kind":"plain","computed":true},"config_operation_type":{"type":"string","description_kind":"plain","computed":true},"config_operation_types":{"type":["list","string"],"description_kind":"plain","computed":true},"config_project":{"type":"string","description_kind":"plain","computed":true},"config_providers":{"type":["list","string"],"description_kind":"plain","computed":true},"config_schedule":{"type":"string","description_kind":"plain","computed":true},"config_schedule_type":{"type":"string","description_kind":"plain","computed":true},"config_service_id":{"type":"string","description_kind":"plain","computed":true},"disabled":{"type":"bool","description_kind":"plain","computed":true},"event_processors":{"type":["list",["object",{"aws_eventbridge":["list",["object",{"config_account_id":"string","config_region":"string"}]]}]],"description_kind":"plain","computed":true},"function_id":{"type":"string","description_kind":"plain","computed":true},"function_name":{"type":"string","description_kind":"plain","computed":true},"id":{"type":"string","description_kind":"plain","optional":true,"computed":true},"name":{"type":"string","description_kind":"plain","computed":true},"project_id":{"type":"string","description_kind":"plain","required":true},"trigger_id":{"type":"string","description_kind":"plain","required":true},"type":{"type":"string","description_kind":"plain","computed":true},"unordered":{"type":"bool","description_kind":"plain","computed":true}},"description_kind":"plain"}},"mongodbatlas_event_triggers":{"version":0,"block":{"attributes":{"app_id":{"type":"string","description_kind":"plain","required":true},"id":{"type":"string","description_kind":"plain","optional":true,"computed":true},"project_id":{"type":"string","description_kind":"plain","required":true},"results":{"type":["list",["object",{"config_collection":"string","config_database":"string","config_full_document":"bool","config_full_document_before":"bool","config_match":"string","config_operation_type":"string","config_operation_types":["list","string"],"config_project":"string","config_providers":["list","string"],"config_schedule":"string","config_schedule_type":"string","config_service_id":"string","disabled":"bool","event_processors":["list",["object",{"aws_eventbridge":["list",["object",{"config_account_id":"string","config_region":"string"}]]}]],"function_id":"string","function_name":"string","name":"string","trigger_id":"string","type":"string","unordered":"bool"}]],"description_kind":"plain","computed":true}},"description_kind":"plain"}},"mongodbatlas_federated_database_instance":{"version":0,"block":{"attributes":{"data_process_region":{"type":["list",["object",{"cloud_provider":"string","region":"string"}]],"description_kind":"plain","computed":true},"hostnames":{"type":["list","string"],"description_kind":"plain","computed":true},"id":{"type":"string","description_kind":"plain","optional":true,"computed":true},"name":{"type":"string","description_kind":"plain","required":true},"project_id":{"type":"string","description_kind":"plain","required":true},"state":{"type":"string","description_kind":"plain","computed":true},"storage_databases":{"type":["set",["object",{"collections":["set",["object",{"data_sources":["set",["object",{"allow_insecure":"bool","collection":"string","collection_regex":"string","database":"string","database_regex":"string","dataset_name":"string","default_format":"string","path":"string","provenance_field_name":"string","store_name":"string","urls":["list","string"]}]],"name":"string"}]],"max_wildcard_collections":"number","name":"string","views":["set",["object",{"name":"string","pipeline":"string","source":"string"}]]}]],"description_kind":"plain","computed":true},"storage_stores":{"type":["set",["object",{"additional_storage_classes":["list","string"],"allow_insecure":"bool","bucket":"string","cluster_name":"string","default_format":"string","delimiter":"string","include_tags":"bool","name":"string","prefix":"string","project_id":"string","provider":"string","public":"string","read_preference":["list",["object",{"max_staleness_seconds":"number","mode":"string","tag_sets":["list",["object",{"tags":["list",["object",{"name":"string","value":"string"}]]}]]}]],"region":"string","urls":["list","string"]}]],"description_kind":"plain","computed":true}},"block_types":{"cloud_provider_config":{"nesting_mode":"list","block":{"block_types":{"aws":{"nesting_mode":"list","block":{"attributes":{"external_id":{"type":"string","description_kind":"plain","computed":true},"iam_assumed_role_arn":{"type":"string","description_kind":"plain","computed":true},"iam_user_arn":{"type":"string","description_kind":"plain","computed":true},"role_id":{"type":"string","description_kind":"plain","computed":true},"test_s3_bucket":{"type":"string","description_kind":"plain","optional":true,"computed":true}},"description_kind":"plain"},"max_items":1}},"description_kind":"plain"},"max_items":1}},"description_kind":"plain"}},"mongodbatlas_federated_database_instances":{"version":0,"block":{"attributes":{"id":{"type":"string","description_kind":"plain","optional":true,"computed":true},"project_id":{"type":"string","description_kind":"plain","required":true},"results":{"type":["list",["object",{"cloud_provider_config":["list",["object",{"aws":["list",["object",{"external_id":"string","iam_assumed_role_arn":"string","iam_user_arn":"string","role_id":"string","test_s3_bucket":"string"}]]}]],"data_process_region":["list",["object",{"cloud_provider":"string","region":"string"}]],"hostnames":["list","string"],"name":"string","project_id":"string","state":"string","storage_databases":["set",["object",{"collections":["set",["object",{"data_sources":["set",["object",{"allow_insecure":"bool","collection":"string","collection_regex":"string","database":"string","database_regex":"string","dataset_name":"string","default_format":"string","path":"string","provenance_field_name":"string","store_name":"string","urls":["list","string"]}]],"name":"string"}]],"max_wildcard_collections":"number","name":"string","views":["set",["object",{"name":"string","pipeline":"string","source":"string"}]]}]],"storage_stores":["set",["object",{"additional_storage_classes":["list","string"],"allow_insecure":"bool","bucket":"string","cluster_name":"string","default_format":"string","delimiter":"string","include_tags":"bool","name":"string","prefix":"string","project_id":"string","provider":"string","public":"string","read_preference":["list",["object",{"max_staleness_seconds":"number","mode":"string","tag_sets":["list",["object",{"tags":["list",["object",{"name":"string","value":"string"}]]}]]}]],"region":"string","urls":["list","string"]}]]}]],"description_kind":"plain","computed":true}},"description_kind":"plain"}},"mongodbatlas_federated_query_limit":{"version":0,"block":{"attributes":{"current_usage":{"type":"number","description_kind":"plain","computed":true},"default_limit":{"type":"number","description_kind":"plain","computed":true},"id":{"type":"string","description_kind":"plain","optional":true,"computed":true},"last_modified_date":{"type":"string","description_kind":"plain","computed":true},"limit_name":{"type":"string","description_kind":"plain","required":true},"maximum_limit":{"type":"number","description_kind":"plain","computed":true},"overrun_policy":{"type":"string","description_kind":"plain","computed":true},"project_id":{"type":"string","description_kind":"plain","required":true},"tenant_name":{"type":"string","description_kind":"plain","required":true},"value":{"type":"number","description_kind":"plain","computed":true}},"description_kind":"plain"}},"mongodbatlas_federated_query_limits":{"version":0,"block":{"attributes":{"id":{"type":"string","description_kind":"plain","optional":true,"computed":true},"project_id":{"type":"string","description_kind":"plain","required":true},"results":{"type":["list",["object",{"current_usage":"number","default_limit":"number","last_modified_date":"string","limit_name":"string","maximum_limit":"number","overrun_policy":"string","project_id":"string","tenant_name":"string","value":"number"}]],"description_kind":"plain","computed":true},"tenant_name":{"type":"string","description_kind":"plain","required":true}},"description_kind":"plain"}},"mongodbatlas_federated_settings":{"version":0,"block":{"attributes":{"federated_domains":{"type":["list","string"],"description_kind":"plain","computed":true},"has_role_mappings":{"type":"bool","description_kind":"plain","computed":true},"id":{"type":"string","description_kind":"plain","computed":true},"identity_provider_id":{"type":"string","description_kind":"plain","computed":true},"identity_provider_status":{"type":"string","description_kind":"plain","computed":true},"org_id":{"type":"string","description_kind":"plain","required":true}},"description_kind":"plain"}},"mongodbatlas_federated_settings_identity_provider":{"version":0,"block":{"attributes":{"acs_url":{"type":"string","description_kind":"plain","computed":true},"associated_domains":{"type":["list","string"],"description_kind":"plain","computed":true},"associated_orgs":{"type":["list",["object",{"domain_allow_list":["list","string"],"domain_restriction_enabled":"bool","identity_provider_id":"string","org_id":"string","post_auth_role_grants":["list","string"],"role_mappings":["list",["object",{"external_group_name":"string","id":"string","role_assignments":["list",["object",{"group_id":"string","org_id":"string","role":"string"}]]}]],"user_conflicts":["list",["object",{"email_address":"string","federation_settings_id":"string","first_name":"string","last_name":"string","user_id":"string"}]]}]],"description_kind":"plain","computed":true},"audience":{"type":"string","description_kind":"plain","computed":true},"audience_uri":{"type":"string","description_kind":"plain","computed":true},"authorization_type":{"type":"string","description_kind":"plain","computed":true},"client_id":{"type":"string","description_kind":"plain","computed":true},"description":{"type":"string","description_kind":"plain","computed":true},"display_name":{"type":"string","description_kind":"plain","computed":true},"federation_settings_id":{"type":"string","description_kind":"plain","required":true},"groups_claim":{"type":"string","description_kind":"plain","computed":true},"id":{"type":"string","description_kind":"plain","optional":true,"computed":true},"identity_provider_id":{"type":"string","description_kind":"plain","required":true},"idp_id":{"type":"string","description_kind":"plain","computed":true},"idp_type":{"type":"string","description_kind":"plain","computed":true},"issuer_uri":{"type":"string","description_kind":"plain","computed":true},"okta_idp_id":{"type":"string","description_kind":"plain","computed":true},"pem_file_info":{"type":["list",["object",{"certificates":["list",["object",{"not_after":"string","not_before":"string"}]],"file_name":"string"}]],"description_kind":"plain","computed":true},"protocol":{"type":"string","description_kind":"plain","computed":true},"request_binding":{"type":"string","description_kind":"plain","computed":true},"requested_scopes":{"type":["list","string"],"description_kind":"plain","computed":true},"response_signature_algorithm":{"type":"string","description_kind":"plain","computed":true},"sso_debug_enabled":{"type":"bool","description_kind":"plain","computed":true},"sso_url":{"type":"string","description_kind":"plain","computed":true},"status":{"type":"string","description_kind":"plain","computed":true},"user_claim":{"type":"string","description_kind":"plain","computed":true}},"description_kind":"plain"}},"mongodbatlas_federated_settings_identity_providers":{"version":0,"block":{"attributes":{"federation_settings_id":{"type":"string","description_kind":"plain","required":true},"id":{"type":"string","description_kind":"plain","optional":true,"computed":true},"idp_types":{"type":["list","string"],"description_kind":"plain","optional":true},"protocols":{"type":["list","string"],"description_kind":"plain","optional":true},"results":{"type":["list",["object",{"acs_url":"string","associated_domains":["list","string"],"associated_orgs":["list",["object",{"domain_allow_list":["list","string"],"domain_restriction_enabled":"bool","identity_provider_id":"string","org_id":"string","post_auth_role_grants":["list","string"],"role_mappings":["list",["object",{"external_group_name":"string","id":"string","role_assignments":["list",["object",{"group_id":"string","org_id":"string","role":"string"}]]}]],"user_conflicts":["list",["object",{"email_address":"string","federation_settings_id":"string","first_name":"string","last_name":"string","user_id":"string"}]]}]],"audience":"string","audience_uri":"string","authorization_type":"string","client_id":"string","description":"string","display_name":"string","groups_claim":"string","idp_id":"string","idp_type":"string","issuer_uri":"string","okta_idp_id":"string","pem_file_info":["list",["object",{"certificates":["list",["object",{"not_after":"string","not_before":"string"}]],"file_name":"string"}]],"protocol":"string","request_binding":"string","requested_scopes":["list","string"],"response_signature_algorithm":"string","sso_debug_enabled":"bool","sso_url":"string","status":"string","user_claim":"string"}]],"description_kind":"plain","computed":true}},"description_kind":"plain"}},"mongodbatlas_federated_settings_org_config":{"version":0,"block":{"attributes":{"data_access_identity_provider_ids":{"type":["list","string"],"description_kind":"plain","computed":true},"domain_allow_list":{"type":["list","string"],"description_kind":"plain","computed":true},"domain_restriction_enabled":{"type":"bool","description_kind":"plain","computed":true},"federation_settings_id":{"type":"string","description_kind":"plain","required":true},"id":{"type":"string","description_kind":"plain","optional":true,"computed":true},"identity_provider_id":{"type":"string","description_kind":"plain","computed":true},"org_id":{"type":"string","description_kind":"plain","required":true},"post_auth_role_grants":{"type":["list","string"],"description_kind":"plain","computed":true},"role_mappings":{"type":["list",["object",{"external_group_name":"string","id":"string","role_assignments":["list",["object",{"group_id":"string","org_id":"string","role":"string"}]]}]],"description_kind":"plain","computed":true},"user_conflicts":{"type":["list",["object",{"email_address":"string","federation_settings_id":"string","first_name":"string","last_name":"string","user_id":"string"}]],"description_kind":"plain","computed":true}},"description_kind":"plain"}},"mongodbatlas_federated_settings_org_configs":{"version":0,"block":{"attributes":{"federation_settings_id":{"type":"string","description_kind":"plain","required":true},"id":{"type":"string","description_kind":"plain","optional":true,"computed":true},"items_per_page":{"type":"number","description_kind":"plain","optional":true},"page_num":{"type":"number","description_kind":"plain","optional":true},"results":{"type":["list",["object",{"data_access_identity_provider_ids":["list","string"],"domain_allow_list":["list","string"],"domain_restriction_enabled":"bool","identity_provider_id":"string","org_id":"string","post_auth_role_grants":["list","string"],"role_mappings":["list",["object",{"external_group_name":"string","id":"string","role_assignments":["list",["object",{"group_id":"string","org_id":"string","role":"string"}]]}]],"user_conflicts":["list",["object",{"email_address":"string","federation_settings_id":"string","first_name":"string","last_name":"string","user_id":"string"}]]}]],"description_kind":"plain","computed":true}},"description_kind":"plain"}},"mongodbatlas_federated_settings_org_role_mapping":{"version":0,"block":{"attributes":{"external_group_name":{"type":"string","description_kind":"plain","computed":true},"federation_settings_id":{"type":"string","description_kind":"plain","required":true},"id":{"type":"string","description_kind":"plain","computed":true},"org_id":{"type":"string","description_kind":"plain","required":true},"role_assignments":{"type":["list",["object",{"group_id":"string","org_id":"string","role":"string"}]],"description_kind":"plain","computed":true},"role_mapping_id":{"type":"string","description_kind":"plain","required":true}},"description_kind":"plain"}},"mongodbatlas_federated_settings_org_role_mappings":{"version":0,"block":{"attributes":{"federation_settings_id":{"type":"string","description_kind":"plain","required":true},"id":{"type":"string","description_kind":"plain","optional":true,"computed":true},"items_per_page":{"type":"number","description_kind":"plain","optional":true},"org_id":{"type":"string","description_kind":"plain","required":true},"page_num":{"type":"number","description_kind":"plain","optional":true},"results":{"type":["list",["object",{"external_group_name":"string","id":"string","role_assignments":["list",["object",{"group_id":"string","org_id":"string","role":"string"}]]}]],"description_kind":"plain","computed":true}},"description_kind":"plain"}},"mongodbatlas_flex_cluster":{"version":0,"block":{"attributes":{"backup_settings":{"nested_type":{"attributes":{"enabled":{"type":"bool","description":"Flag that indicates whether backups are performed for this flex cluster. Backup uses [flex cluster backups](https://www.mongodb.com/docs/atlas/backup/cloud-backup/flex-cluster-backup/).","description_kind":"markdown","computed":true}},"nesting_mode":"single"},"description":"Flex backup configuration","description_kind":"markdown","computed":true},"cluster_type":{"type":"string","description":"Flex cluster topology.","description_kind":"markdown","computed":true},"connection_strings":{"nested_type":{"attributes":{"standard":{"type":"string","description":"Public connection string that you can use to connect to this cluster. This connection string uses the mongodb:// protocol.","description_kind":"markdown","computed":true},"standard_srv":{"type":"string","description":"Public connection string that you can use to connect to this flex cluster. This connection string uses the `mongodb+srv://` protocol.","description_kind":"markdown","computed":true}},"nesting_mode":"single"},"description":"Collection of Uniform Resource Locators that point to the MongoDB database.","description_kind":"markdown","computed":true},"create_date":{"type":"string","description":"Date and time when MongoDB Cloud created this instance. This parameter expresses its value in ISO 8601 format in UTC.","description_kind":"markdown","computed":true},"id":{"type":"string","description":"Unique 24-hexadecimal digit string that identifies the instance.","description_kind":"markdown","computed":true},"mongo_db_version":{"type":"string","description":"Version of MongoDB that the instance runs.","description_kind":"markdown","computed":true},"name":{"type":"string","description":"Human-readable label that identifies the instance.","description_kind":"markdown","required":true},"project_id":{"type":"string","description":"Unique 24-hexadecimal character string that identifies the project.","description_kind":"markdown","required":true},"provider_settings":{"nested_type":{"attributes":{"backing_provider_name":{"type":"string","description":"Cloud service provider on which MongoDB Cloud provisioned the flex cluster.","description_kind":"markdown","computed":true},"disk_size_gb":{"type":"number","description":"Storage capacity available to the flex cluster expressed in gigabytes.","description_kind":"markdown","computed":true},"provider_name":{"type":"string","description":"Human-readable label that identifies the cloud service provider.","description_kind":"markdown","computed":true},"region_name":{"type":"string","description":"Human-readable label that identifies the geographic location of your MongoDB flex cluster. The region you choose can affect network latency for clients accessing your databases. For a complete list of region names, see [AWS](https://docs.atlas.mongodb.com/reference/amazon-aws/#std-label-amazon-aws), [GCP](https://docs.atlas.mongodb.com/reference/google-gcp/), and [Azure](https://docs.atlas.mongodb.com/reference/microsoft-azure/).","description_kind":"markdown","computed":true}},"nesting_mode":"single"},"description":"Group of cloud provider settings that configure the provisioned MongoDB flex cluster.","description_kind":"markdown","computed":true},"state_name":{"type":"string","description":"Human-readable label that indicates the current operating condition of this instance.","description_kind":"markdown","computed":true},"tags":{"type":["map","string"],"description":"Map that contains key-value pairs between 1 to 255 characters in length for tagging and categorizing the instance.","description_kind":"markdown","computed":true},"termination_protection_enabled":{"type":"bool","description":"Flag that indicates whether termination protection is enabled on the cluster. If set to `true`, MongoDB Cloud won't delete the cluster. If set to `false`, MongoDB Cloud will delete the cluster.","description_kind":"markdown","computed":true},"version_release_system":{"type":"string","description":"Method by which the cluster maintains the MongoDB versions.","description_kind":"markdown","computed":true}},"description_kind":"plain"}},"mongodbatlas_flex_clusters":{"version":0,"block":{"attributes":{"project_id":{"type":"string","description":"Unique 24-hexadecimal character string that identifies the project.","description_kind":"markdown","required":true},"results":{"nested_type":{"attributes":{"backup_settings":{"nested_type":{"attributes":{"enabled":{"type":"bool","description":"Flag that indicates whether backups are performed for this flex cluster. Backup uses [flex cluster backups](https://www.mongodb.com/docs/atlas/backup/cloud-backup/flex-cluster-backup/).","description_kind":"markdown","computed":true}},"nesting_mode":"single"},"description":"Flex backup configuration","description_kind":"markdown","computed":true},"cluster_type":{"type":"string","description":"Flex cluster topology.","description_kind":"markdown","computed":true},"connection_strings":{"nested_type":{"attributes":{"standard":{"type":"string","description":"Public connection string that you can use to connect to this cluster. This connection string uses the mongodb:// protocol.","description_kind":"markdown","computed":true},"standard_srv":{"type":"string","description":"Public connection string that you can use to connect to this flex cluster. This connection string uses the `mongodb+srv://` protocol.","description_kind":"markdown","computed":true}},"nesting_mode":"single"},"description":"Collection of Uniform Resource Locators that point to the MongoDB database.","description_kind":"markdown","computed":true},"create_date":{"type":"string","description":"Date and time when MongoDB Cloud created this instance. This parameter expresses its value in ISO 8601 format in UTC.","description_kind":"markdown","computed":true},"id":{"type":"string","description":"Unique 24-hexadecimal digit string that identifies the instance.","description_kind":"markdown","computed":true},"mongo_db_version":{"type":"string","description":"Version of MongoDB that the instance runs.","description_kind":"markdown","computed":true},"name":{"type":"string","description":"Human-readable label that identifies the instance.","description_kind":"markdown","computed":true},"project_id":{"type":"string","description":"Unique 24-hexadecimal character string that identifies the project.","description_kind":"markdown","computed":true},"provider_settings":{"nested_type":{"attributes":{"backing_provider_name":{"type":"string","description":"Cloud service provider on which MongoDB Cloud provisioned the flex cluster.","description_kind":"markdown","computed":true},"disk_size_gb":{"type":"number","description":"Storage capacity available to the flex cluster expressed in gigabytes.","description_kind":"markdown","computed":true},"provider_name":{"type":"string","description":"Human-readable label that identifies the cloud service provider.","description_kind":"markdown","computed":true},"region_name":{"type":"string","description":"Human-readable label that identifies the geographic location of your MongoDB flex cluster. The region you choose can affect network latency for clients accessing your databases. For a complete list of region names, see [AWS](https://docs.atlas.mongodb.com/reference/amazon-aws/#std-label-amazon-aws), [GCP](https://docs.atlas.mongodb.com/reference/google-gcp/), and [Azure](https://docs.atlas.mongodb.com/reference/microsoft-azure/).","description_kind":"markdown","computed":true}},"nesting_mode":"single"},"description":"Group of cloud provider settings that configure the provisioned MongoDB flex cluster.","description_kind":"markdown","computed":true},"state_name":{"type":"string","description":"Human-readable label that indicates the current operating condition of this instance.","description_kind":"markdown","computed":true},"tags":{"type":["map","string"],"description":"Map that contains key-value pairs between 1 to 255 characters in length for tagging and categorizing the instance.","description_kind":"markdown","computed":true},"termination_protection_enabled":{"type":"bool","description":"Flag that indicates whether termination protection is enabled on the cluster. If set to `true`, MongoDB Cloud won't delete the cluster. If set to `false`, MongoDB Cloud will delete the cluster.","description_kind":"markdown","computed":true},"version_release_system":{"type":"string","description":"Method by which the cluster maintains the MongoDB versions.","description_kind":"markdown","computed":true}},"nesting_mode":"list"},"description":"List of documents that MongoDB Cloud returns for this request.","description_kind":"markdown","computed":true}},"description_kind":"plain"}},"mongodbatlas_flex_restore_job":{"version":0,"block":{"attributes":{"delivery_type":{"type":"string","description":"Means by which this resource returns the snapshot to the requesting MongoDB Cloud user.","description_kind":"markdown","computed":true},"expiration_date":{"type":"string","description":"Date and time when the download link no longer works. This parameter expresses its value in the ISO 8601 timestamp format in UTC.","description_kind":"markdown","computed":true},"name":{"type":"string","description":"Human-readable label that identifies the flex cluster whose snapshot you want to restore.","description_kind":"markdown","required":true},"project_id":{"type":"string","description":"Unique 24-hexadecimal digit string that identifies your project. Use the [/groups](#tag/Projects/operation/listProjects) endpoint to retrieve all projects to which the authenticated user has access.\n\n**NOTE**: Groups and projects are synonymous terms. Your group id is the same as your project id. For existing groups, your group/project id remains the same. The resource and corresponding endpoints use the term groups.","description_kind":"markdown","required":true},"restore_finished_date":{"type":"string","description":"Date and time when MongoDB Cloud completed writing this snapshot. MongoDB Cloud changes the status of the restore job to `CLOSED`. This parameter expresses its value in the ISO 8601 timestamp format in UTC.","description_kind":"markdown","computed":true},"restore_job_id":{"type":"string","description":"Unique 24-hexadecimal digit string that identifies the restore job.","description_kind":"markdown","required":true},"restore_scheduled_date":{"type":"string","description":"Date and time when MongoDB Cloud will restore this snapshot. This parameter expresses its value in the ISO 8601 timestamp format in UTC.","description_kind":"markdown","computed":true},"snapshot_finished_date":{"type":"string","description":"Date and time when MongoDB Cloud completed writing this snapshot. This parameter expresses its value in the ISO 8601 timestamp format in UTC.","description_kind":"markdown","computed":true},"snapshot_id":{"type":"string","description":"Unique 24-hexadecimal digit string that identifies the snapshot to restore.","description_kind":"markdown","computed":true},"snapshot_url":{"type":"string","description":"Internet address from which you can download the compressed snapshot files. The resource returns this parameter when  `\"deliveryType\" : \"DOWNLOAD\"`.","description_kind":"markdown","computed":true},"status":{"type":"string","description":"Phase of the restore workflow for this job at the time this resource made this request.","description_kind":"markdown","computed":true},"target_deployment_item_name":{"type":"string","description":"Human-readable label that identifies the instance or cluster on the target project to which you want to restore the snapshot. You can restore the snapshot to another flex cluster or dedicated cluster tier.","description_kind":"markdown","computed":true},"target_project_id":{"type":"string","description":"Unique 24-hexadecimal digit string that identifies the project that contains the instance or cluster to which you want to restore the snapshot.","description_kind":"markdown","computed":true}},"description_kind":"plain"}},"mongodbatlas_flex_restore_jobs":{"version":0,"block":{"attributes":{"name":{"type":"string","description":"Human-readable label that identifies the flex cluster whose snapshot you want to restore.","description_kind":"markdown","required":true},"project_id":{"type":"string","description":"Unique 24-hexadecimal digit string that identifies your project. Use the [/groups](#tag/Projects/operation/listProjects) endpoint to retrieve all projects to which the authenticated user has access.\n\n**NOTE**: Groups and projects are synonymous terms. Your group id is the same as your project id. For existing groups, your group/project id remains the same. The resource and corresponding endpoints use the term groups.","description_kind":"markdown","required":true},"results":{"nested_type":{"attributes":{"delivery_type":{"type":"string","description":"Means by which this resource returns the snapshot to the requesting MongoDB Cloud user.","description_kind":"markdown","computed":true},"expiration_date":{"type":"string","description":"Date and time when the download link no longer works. This parameter expresses its value in the ISO 8601 timestamp format in UTC.","description_kind":"markdown","computed":true},"name":{"type":"string","description":"Human-readable label that identifies the flex cluster whose snapshot you want to restore.","description_kind":"markdown","computed":true},"project_id":{"type":"string","description":"Unique 24-hexadecimal digit string that identifies your project. Use the [/groups](#tag/Projects/operation/listProjects) endpoint to retrieve all projects to which the authenticated user has access.\n\n**NOTE**: Groups and projects are synonymous terms. Your group id is the same as your project id. For existing groups, your group/project id remains the same. The resource and corresponding endpoints use the term groups.","description_kind":"markdown","computed":true},"restore_finished_date":{"type":"string","description":"Date and time when MongoDB Cloud completed writing this snapshot. MongoDB Cloud changes the status of the restore job to `CLOSED`. This parameter expresses its value in the ISO 8601 timestamp format in UTC.","description_kind":"markdown","computed":true},"restore_job_id":{"type":"string","description":"Unique 24-hexadecimal digit string that identifies the restore job.","description_kind":"markdown","computed":true},"restore_scheduled_date":{"type":"string","description":"Date and time when MongoDB Cloud will restore this snapshot. This parameter expresses its value in the ISO 8601 timestamp format in UTC.","description_kind":"markdown","computed":true},"snapshot_finished_date":{"type":"string","description":"Date and time when MongoDB Cloud completed writing this snapshot. This parameter expresses its value in the ISO 8601 timestamp format in UTC.","description_kind":"markdown","computed":true},"snapshot_id":{"type":"string","description":"Unique 24-hexadecimal digit string that identifies the snapshot to restore.","description_kind":"markdown","computed":true},"snapshot_url":{"type":"string","description":"Internet address from which you can download the compressed snapshot files. The resource returns this parameter when  `\"deliveryType\" : \"DOWNLOAD\"`.","description_kind":"markdown","computed":true},"status":{"type":"string","description":"Phase of the restore workflow for this job at the time this resource made this request.","description_kind":"markdown","computed":true},"target_deployment_item_name":{"type":"string","description":"Human-readable label that identifies the instance or cluster on the target project to which you want to restore the snapshot. You can restore the snapshot to another flex cluster or dedicated cluster tier.","description_kind":"markdown","computed":true},"target_project_id":{"type":"string","description":"Unique 24-hexadecimal digit string that identifies the project that contains the instance or cluster to which you want to restore the snapshot.","description_kind":"markdown","computed":true}},"nesting_mode":"list"},"description":"List of documents that MongoDB Cloud returns for this request.","description_kind":"markdown","computed":true}},"description_kind":"plain"}},"mongodbatlas_flex_snapshot":{"version":0,"block":{"attributes":{"expiration":{"type":"string","description":"Date and time when the download link no longer works. This parameter expresses its value in the ISO 8601 timestamp format in UTC.","description_kind":"markdown","computed":true},"finish_time":{"type":"string","description":"Date and time when MongoDB Cloud completed writing this snapshot. This parameter expresses its value in the ISO 8601 timestamp format in UTC.","description_kind":"markdown","computed":true},"mongo_db_version":{"type":"string","description":"MongoDB host version that the snapshot runs.","description_kind":"markdown","computed":true},"name":{"type":"string","description":"Human-readable label that identifies the flex cluster whose snapshot you want to restore.","description_kind":"markdown","required":true},"project_id":{"type":"string","description":"Unique 24-hexadecimal digit string that identifies your project. Use the [/groups](#tag/Projects/operation/listProjects) endpoint to retrieve all projects to which the authenticated user has access.\n\n**NOTE**: Groups and projects are synonymous terms. Your group id is the same as your project id. For existing groups, your group/project id remains the same. The resource and corresponding endpoints use the term groups.","description_kind":"markdown","required":true},"scheduled_time":{"type":"string","description":"Date and time when MongoDB Cloud will take the snapshot. This parameter expresses its value in the ISO 8601 timestamp format in UTC.","description_kind":"markdown","computed":true},"snapshot_id":{"type":"string","description":"Unique 24-hexadecimal digit string that identifies the snapshot to restore.","description_kind":"markdown","required":true},"start_time":{"type":"string","description":"Date and time when MongoDB Cloud began taking the snapshot. This parameter expresses its value in the ISO 8601 timestamp format in UTC.","description_kind":"markdown","computed":true},"status":{"type":"string","description":"Phase of the restore workflow for this job at the time this resource made this request.","description_kind":"markdown","computed":true}},"description_kind":"plain"}},"mongodbatlas_flex_snapshots":{"version":0,"block":{"attributes":{"name":{"type":"string","description":"Human-readable label that identifies the flex cluster whose snapshot you want to restore.","description_kind":"markdown","required":true},"project_id":{"type":"string","description":"Unique 24-hexadecimal digit string that identifies your project. Use the [/groups](#tag/Projects/operation/listProjects) endpoint to retrieve all projects to which the authenticated user has access.\n\n**NOTE**: Groups and projects are synonymous terms. Your group id is the same as your project id. For existing groups, your group/project id remains the same. The resource and corresponding endpoints use the term groups.","description_kind":"markdown","required":true},"results":{"nested_type":{"attributes":{"expiration":{"type":"string","description":"Date and time when the download link no longer works. This parameter expresses its value in the ISO 8601 timestamp format in UTC.","description_kind":"markdown","computed":true},"finish_time":{"type":"string","description":"Date and time when MongoDB Cloud completed writing this snapshot. This parameter expresses its value in the ISO 8601 timestamp format in UTC.","description_kind":"markdown","computed":true},"mongo_db_version":{"type":"string","description":"MongoDB host version that the snapshot runs.","description_kind":"markdown","computed":true},"name":{"type":"string","description":"Human-readable label that identifies the flex cluster whose snapshot you want to restore.","description_kind":"markdown","computed":true},"project_id":{"type":"string","description":"Unique 24-hexadecimal digit string that identifies your project. Use the [/groups](#tag/Projects/operation/listProjects) endpoint to retrieve all projects to which the authenticated user has access.\n\n**NOTE**: Groups and projects are synonymous terms. Your group id is the same as your project id. For existing groups, your group/project id remains the same. The resource and corresponding endpoints use the term groups.","description_kind":"markdown","computed":true},"scheduled_time":{"type":"string","description":"Date and time when MongoDB Cloud will take the snapshot. This parameter expresses its value in the ISO 8601 timestamp format in UTC.","description_kind":"markdown","computed":true},"snapshot_id":{"type":"string","description":"Unique 24-hexadecimal digit string that identifies the snapshot to restore.","description_kind":"markdown","computed":true},"start_time":{"type":"string","description":"Date and time when MongoDB Cloud began taking the snapshot. This parameter expresses its value in the ISO 8601 timestamp format in UTC.","description_kind":"markdown","computed":true},"status":{"type":"string","description":"Phase of the restore workflow for this job at the time this resource made this request.","description_kind":"markdown","computed":true}},"nesting_mode":"list"},"description":"List of documents that MongoDB Cloud returns for this request.","description_kind":"markdown","computed":true}},"description_kind":"plain"}},"mongodbatlas_global_cluster_config":{"version":0,"block":{"attributes":{"cluster_name":{"type":"string","description_kind":"plain","required":true},"custom_zone_mapping":{"type":["map","string"],"description_kind":"plain","deprecated":true,"computed":true},"custom_zone_mapping_zone_id":{"type":["map","string"],"description_kind":"plain","computed":true},"id":{"type":"string","description_kind":"plain","optional":true,"computed":true},"project_id":{"type":"string","description_kind":"plain","required":true}},"block_types":{"managed_namespaces":{"nesting_mode":"set","block":{"attributes":{"collection":{"type":"string","description_kind":"plain","required":true},"custom_shard_key":{"type":"string","description_kind":"plain","required":true},"db":{"type":"string","description_kind":"plain","required":true},"is_custom_shard_key_hashed":{"type":"bool","description_kind":"plain","optional":true,"computed":true},"is_shard_key_unique":{"type":"bool","description_kind":"plain","optional":true,"computed":true}},"description_kind":"plain"}}},"description_kind":"plain"}},"mongodbatlas_ldap_configuration":{"version":0,"block":{"attributes":{"authentication_enabled":{"type":"bool","description_kind":"plain","computed":true},"authorization_enabled":{"type":"bool","description_kind":"plain","computed":true},"authz_query_template":{"type":"string","description_kind":"plain","computed":true},"bind_password":{"type":"string","description_kind":"plain","computed":true},"bind_username":{"type":"string","description_kind":"plain","computed":true},"ca_certificate":{"type":"string","description_kind":"plain","computed":true},"hostname":{"type":"string","description_kind":"plain","computed":true},"id":{"type":"string","description_kind":"plain","optional":true,"computed":true},"port":{"type":"number","description_kind":"plain","computed":true},"project_id":{"type":"string","description_kind":"plain","required":true},"user_to_dn_mapping":{"type":["list",["object",{"ldap_query":"string","match":"string","substitution":"string"}]],"description_kind":"plain","computed":true}},"description_kind":"plain"}},"mongodbatlas_ldap_verify":{"version":0,"block":{"attributes":{"bind_username":{"type":"string","description_kind":"plain","computed":true},"hostname":{"type":"string","description_kind":"plain","computed":true},"id":{"type":"string","description_kind":"plain","optional":true,"computed":true},"links":{"type":["list",["object",{"href":"string","rel":"string"}]],"description_kind":"plain","computed":true},"port":{"type":"number","description_kind":"plain","computed":true},"project_id":{"type":"string","description_kind":"plain","required":true},"request_id":{"type":"string","description_kind":"plain","required":true},"status":{"type":"string","description_kind":"plain","computed":true},"validations":{"type":["list",["object",{"status":"string","validation_type":"string"}]],"description_kind":"plain","computed":true}},"description_kind":"plain"}},"mongodbatlas_maintenance_window":{"version":0,"block":{"attributes":{"auto_defer_once_enabled":{"type":"bool","description_kind":"plain","computed":true},"day_of_week":{"type":"number","description_kind":"plain","computed":true},"hour_of_day":{"type":"number","description_kind":"plain","computed":true},"id":{"type":"string","description_kind":"plain","optional":true,"computed":true},"number_of_deferrals":{"type":"number","description_kind":"plain","computed":true},"project_id":{"type":"string","description_kind":"plain","required":true},"protected_hours":{"type":["list",["object",{"end_hour_of_day":"number","start_hour_of_day":"number"}]],"description_kind":"plain","computed":true},"start_asap":{"type":"bool","description_kind":"plain","computed":true},"time_zone_id":{"type":"string","description_kind":"plain","computed":true}},"description_kind":"plain"}},"mongodbatlas_mongodb_employee_access_grant":{"version":0,"block":{"attributes":{"cluster_name":{"type":"string","description":"Human-readable label that identifies this cluster.","description_kind":"markdown","required":true},"expiration_time":{"type":"string","description":"Expiration date for the employee access grant.","description_kind":"markdown","computed":true},"grant_type":{"type":"string","description":"Level of access to grant to MongoDB Employees. Possible values are CLUSTER_DATABASE_LOGS, CLUSTER_INFRASTRUCTURE or CLUSTER_INFRASTRUCTURE_AND_APP_SERVICES_SYNC_DATA.","description_kind":"markdown","computed":true},"project_id":{"type":"string","description":"Unique 24-hexadecimal digit string that identifies your project. Use the [/groups](#tag/Projects/operation/listProjects) endpoint to retrieve all projects to which the authenticated user has access.\n\n**NOTE**: Groups and projects are synonymous terms. Your group id is the same as your project id. For existing groups, your group/project id remains the same. The resource and corresponding endpoints use the term groups.","description_kind":"markdown","required":true}},"description_kind":"plain"}},"mongodbatlas_network_container":{"version":0,"block":{"attributes":{"atlas_cidr_block":{"type":"string","description_kind":"plain","computed":true},"azure_subscription_id":{"type":"string","description_kind":"plain","computed":true},"container_id":{"type":"string","description_kind":"plain","required":true},"gcp_project_id":{"type":"string","description_kind":"plain","computed":true},"id":{"type":"string","description_kind":"plain","optional":true,"computed":true},"network_name":{"type":"string","description_kind":"plain","computed":true},"project_id":{"type":"string","description_kind":"plain","required":true},"provider_name":{"type":"string","description_kind":"plain","computed":true},"provisioned":{"type":"bool","description_kind":"plain","computed":true},"region":{"type":"string","description_kind":"plain","computed":true},"region_name":{"type":"string","description_kind":"plain","computed":true},"regions":{"type":["list","string"],"description_kind":"plain","computed":true},"vnet_name":{"type":"string","description_kind":"plain","computed":true},"vpc_id":{"type":"string","description_kind":"plain","computed":true}},"description_kind":"plain"}},"mongodbatlas_network_containers":{"version":0,"block":{"attributes":{"id":{"type":"string","description_kind":"plain","optional":true,"computed":true},"project_id":{"type":"string","description_kind":"plain","required":true},"provider_name":{"type":"string","description_kind":"plain","required":true},"results":{"type":["list",["object",{"atlas_cidr_block":"string","azure_subscription_id":"string","gcp_project_id":"string","id":"string","network_name":"string","provider_name":"string","provisioned":"bool","region":"string","region_name":"string","regions":["list","string"],"vnet_name":"string","vpc_id":"string"}]],"description_kind":"plain","computed":true}},"description_kind":"plain"}},"mongodbatlas_network_peering":{"version":0,"block":{"attributes":{"accepter_region_name":{"type":"string","description_kind":"plain","computed":true},"atlas_cidr_block":{"type":"string","description_kind":"plain","computed":true},"atlas_id":{"type":"string","description_kind":"plain","computed":true},"aws_account_id":{"type":"string","description_kind":"plain","computed":true},"azure_directory_id":{"type":"string","description_kind":"plain","computed":true},"azure_subscription_id":{"type":"string","description_kind":"plain","computed":true},"connection_id":{"type":"string","description_kind":"plain","computed":true},"container_id":{"type":"string","description_kind":"plain","computed":true},"error_message":{"type":"string","description_kind":"plain","computed":true},"error_state":{"type":"string","description_kind":"plain","computed":true},"error_state_name":{"type":"string","description_kind":"plain","computed":true},"gcp_project_id":{"type":"string","description_kind":"plain","computed":true},"id":{"type":"string","description_kind":"plain","optional":true,"computed":true},"network_name":{"type":"string","description_kind":"plain","computed":true},"peering_id":{"type":"string","description_kind":"plain","required":true},"project_id":{"type":"string","description_kind":"plain","required":true},"provider_name":{"type":"string","description_kind":"plain","computed":true},"resource_group_name":{"type":"string","description_kind":"plain","computed":true},"route_table_cidr_block":{"type":"string","description_kind":"plain","computed":true},"status":{"type":"string","description_kind":"plain","computed":true},"status_name":{"type":"string","description_kind":"plain","computed":true},"vnet_name":{"type":"string","description_kind":"plain","computed":true},"vpc_id":{"type":"string","description_kind":"plain","computed":true}},"description_kind":"plain"}},"mongodbatlas_network_peerings":{"version":0,"block":{"attributes":{"id":{"type":"string","description_kind":"plain","optional":true,"computed":true},"project_id":{"type":"string","description_kind":"plain","required":true},"results":{"type":["list",["object",{"accepter_region_name":"string","atlas_cidr_block":"string","aws_account_id":"string","azure_directory_id":"string","azure_subscription_id":"string","connection_id":"string","container_id":"string","error_message":"string","error_state":"string","error_state_name":"string","gcp_project_id":"string","network_name":"string","peering_id":"string","provider_name":"string","resource_group_name":"string","route_table_cidr_block":"string","status":"string","status_name":"string","vnet_name":"string","vpc_id":"string"}]],"description_kind":"plain","computed":true}},"description_kind":"plain"}},"mongodbatlas_online_archive":{"version":0,"block":{"attributes":{"archive_id":{"type":"string","description_kind":"plain","required":true},"cluster_name":{"type":"string","description_kind":"plain","required":true},"coll_name":{"type":"string","description_kind":"plain","computed":true},"collection_type":{"type":"string","description_kind":"plain","computed":true},"criteria":{"type":["list",["object",{"date_field":"string","date_format":"string","expire_after_days":"number","query":"string","type":"string"}]],"description_kind":"plain","computed":true},"data_expiration_rule":{"type":["list",["object",{"expire_after_days":"number"}]],"description_kind":"plain","computed":true},"data_process_region":{"type":["list",["object",{"cloud_provider":"string","region":"string"}]],"description_kind":"plain","computed":true},"db_name":{"type":"string","description_kind":"plain","computed":true},"id":{"type":"string","description_kind":"plain","optional":true,"computed":true},"partition_fields":{"type":["list",["object",{"field_name":"string","field_type":"string","order":"number"}]],"description_kind":"plain","computed":true},"paused":{"type":"bool","description_kind":"plain","computed":true},"project_id":{"type":"string","description_kind":"plain","required":true},"schedule":{"type":["list",["object",{"day_of_month":"number","day_of_week":"number","end_hour":"number","end_minute":"number","start_hour":"number","start_minute":"number","type":"string"}]],"description_kind":"plain","computed":true},"state":{"type":"string","description_kind":"plain","computed":true}},"description_kind":"plain"}},"mongodbatlas_online_archives":{"version":0,"block":{"attributes":{"cluster_name":{"type":"string","description_kind":"plain","required":true},"id":{"type":"string","description_kind":"plain","optional":true,"computed":true},"project_id":{"type":"string","description_kind":"plain","required":true},"results":{"type":["list",["object",{"archive_id":"string","cluster_name":"string","coll_name":"string","collection_type":"string","criteria":["list",["object",{"date_field":"string","date_format":"string","expire_after_days":"number","query":"string","type":"string"}]],"data_expiration_rule":["list",["object",{"expire_after_days":"number"}]],"data_process_region":["list",["object",{"cloud_provider":"string","region":"string"}]],"db_name":"string","partition_fields":["list",["object",{"field_name":"string","field_type":"string","order":"number"}]],"paused":"bool","project_id":"string","schedule":["list",["object",{"day_of_month":"number","day_of_week":"number","end_hour":"number","end_minute":"number","start_hour":"number","start_minute":"number","type":"string"}]],"state":"string"}]],"description_kind":"plain","computed":true},"total_count":{"type":"number","description_kind":"plain","computed":true}},"description_kind":"plain"}},"mongodbatlas_org_invitation":{"version":0,"block":{"attributes":{"created_at":{"type":"string","description_kind":"plain","computed":true},"expires_at":{"type":"string","description_kind":"plain","computed":true},"id":{"type":"string","description_kind":"plain","optional":true,"computed":true},"invitation_id":{"type":"string","description_kind":"plain","required":true},"inviter_username":{"type":"string","description_kind":"plain","computed":true},"org_id":{"type":"string","description_kind":"plain","required":true},"roles":{"type":["set","string"],"description_kind":"plain","computed":true},"teams_ids":{"type":["set","string"],"description_kind":"plain","computed":true},"username":{"type":"string","description_kind":"plain","required":true}},"description_kind":"plain"}},"mongodbatlas_organization":{"version":0,"block":{"attributes":{"api_access_list_required":{"type":"bool","description_kind":"plain","computed":true},"gen_ai_features_enabled":{"type":"bool","description_kind":"plain","computed":true},"id":{"type":"string","description_kind":"plain","optional":true,"computed":true},"is_deleted":{"type":"bool","description_kind":"plain","computed":true},"links":{"type":["list",["object",{"href":"string","rel":"string"}]],"description_kind":"plain","computed":true},"multi_factor_auth_required":{"type":"bool","description_kind":"plain","computed":true},"name":{"type":"string","description_kind":"plain","computed":true},"org_id":{"type":"string","description_kind":"plain","required":true},"restrict_employee_access":{"type":"bool","description_kind":"plain","computed":true},"security_contact":{"type":"string","description_kind":"plain","computed":true},"skip_default_alerts_settings":{"type":"bool","description_kind":"plain","computed":true}},"description_kind":"plain"}},"mongodbatlas_organizations":{"version":0,"block":{"attributes":{"id":{"type":"string","description_kind":"plain","optional":true,"computed":true},"items_per_page":{"type":"number","description_kind":"plain","optional":true},"name":{"type":"string","description_kind":"plain","optional":true},"page_num":{"type":"number","description_kind":"plain","optional":true},"results":{"type":["list",["object",{"api_access_list_required":"bool","gen_ai_features_enabled":"bool","id":"string","is_deleted":"bool","links":["list",["object",{"href":"string","rel":"string"}]],"multi_factor_auth_required":"bool","name":"string","restrict_employee_access":"bool","security_contact":"string","skip_default_alerts_settings":"bool"}]],"description_kind":"plain","computed":true},"total_count":{"type":"number","description_kind":"plain","computed":true}},"description_kind":"plain"}},"mongodbatlas_private_endpoint_regional_mode":{"version":0,"block":{"attributes":{"enabled":{"type":"bool","description_kind":"plain","optional":true},"id":{"type":"string","description_kind":"plain","optional":true,"computed":true},"project_id":{"type":"string","description_kind":"plain","required":true}},"description_kind":"plain"}},"mongodbatlas_privatelink_endpoint":{"version":0,"block":{"attributes":{"endpoint_group_names":{"type":["list","string"],"description_kind":"plain","computed":true},"endpoint_service_name":{"type":"string","description_kind":"plain","computed":true},"error_message":{"type":"string","description_kind":"plain","computed":true},"id":{"type":"string","description_kind":"plain","optional":true,"computed":true},"interface_endpoints":{"type":["list","string"],"description_kind":"plain","computed":true},"private_endpoints":{"type":["list","string"],"description_kind":"plain","computed":true},"private_link_id":{"type":"string","description_kind":"plain","required":true},"private_link_service_name":{"type":"string","description_kind":"plain","computed":true},"private_link_service_resource_id":{"type":"string","description_kind":"plain","computed":true},"project_id":{"type":"string","description_kind":"plain","required":true},"provider_name":{"type":"string","description_kind":"plain","required":true},"region_name":{"type":"string","description_kind":"plain","computed":true},"service_attachment_names":{"type":["list","string"],"description_kind":"plain","computed":true},"status":{"type":"string","description_kind":"plain","computed":true}},"description_kind":"plain"}},"mongodbatlas_privatelink_endpoint_service":{"version":0,"block":{"attributes":{"aws_connection_status":{"type":"string","description_kind":"plain","computed":true},"azure_status":{"type":"string","description_kind":"plain","computed":true},"delete_requested":{"type":"bool","description_kind":"plain","computed":true},"endpoint_service_id":{"type":"string","description_kind":"plain","required":true},"endpoints":{"type":["list",["object",{"endpoint_name":"string","ip_address":"string","status":"string"}]],"description_kind":"plain","computed":true},"error_message":{"type":"string","description_kind":"plain","computed":true},"gcp_status":{"type":"string","description_kind":"plain","computed":true},"id":{"type":"string","description_kind":"plain","optional":true,"computed":true},"interface_endpoint_id":{"type":"string","description_kind":"plain","computed":true},"private_endpoint_connection_name":{"type":"string","description_kind":"plain","computed":true},"private_endpoint_ip_address":{"type":"string","description_kind":"plain","computed":true},"private_endpoint_resource_id":{"type":"string","description_kind":"plain","computed":true},"private_link_id":{"type":"string","description_kind":"plain","required":true},"project_id":{"type":"string","description_kind":"plain","required":true},"provider_name":{"type":"string","description_kind":"plain","required":true}},"description_kind":"plain"}},"mongodbatlas_privatelink_endpoint_service_data_federation_online_archive":{"version":0,"block":{"attributes":{"comment":{"type":"string","description_kind":"plain","computed":true},"customer_endpoint_dns_name":{"type":"string","description_kind":"plain","computed":true},"endpoint_id":{"type":"string","description_kind":"plain","required":true},"id":{"type":"string","description_kind":"plain","optional":true,"computed":true},"project_id":{"type":"string","description_kind":"plain","required":true},"provider_name":{"type":"string","description_kind":"plain","computed":true},"region":{"type":"string","description_kind":"plain","computed":true},"type":{"type":"string","description_kind":"plain","computed":true}},"description_kind":"plain"}},"mongodbatlas_privatelink_endpoint_service_data_federation_online_archives":{"version":0,"block":{"attributes":{"id":{"type":"string","description_kind":"plain","optional":true,"computed":true},"project_id":{"type":"string","description_kind":"plain","required":true},"results":{"type":["list",["object",{"comment":"string","customer_endpoint_dns_name":"string","endpoint_id":"string","provider_name":"string","region":"string","type":"string"}]],"description_kind":"plain","computed":true}},"description_kind":"plain"}},"mongodbatlas_privatelink_endpoint_service_serverless":{"version":0,"block":{"attributes":{"cloud_provider_endpoint_id":{"type":"string","description_kind":"plain","computed":true},"comment":{"type":"string","description_kind":"plain","computed":true},"endpoint_id":{"type":"string","description_kind":"plain","required":true},"endpoint_service_name":{"type":"string","description_kind":"plain","computed":true},"error_message":{"type":"string","description_kind":"plain","computed":true},"id":{"type":"string","description_kind":"plain","optional":true,"computed":true},"instance_name":{"type":"string","description_kind":"plain","required":true},"private_endpoint_ip_address":{"type":"string","description_kind":"plain","computed":true},"private_link_service_resource_id":{"type":"string","description_kind":"plain","computed":true},"project_id":{"type":"string","description_kind":"plain","required":true},"status":{"type":"string","description_kind":"plain","computed":true}},"description_kind":"plain","deprecated":true}},"mongodbatlas_privatelink_endpoints_service_serverless":{"version":0,"block":{"attributes":{"id":{"type":"string","description_kind":"plain","optional":true,"computed":true},"instance_name":{"type":"string","description_kind":"plain","required":true},"project_id":{"type":"string","description_kind":"plain","required":true},"results":{"type":["list",["object",{"cloud_provider_endpoint_id":"string","comment":"string","endpoint_id":"string","endpoint_service_name":"string","error_message":"string","private_endpoint_ip_address":"string","private_link_service_resource_id":"string","status":"string"}]],"description_kind":"plain","computed":true}},"description_kind":"plain","deprecated":true}},"mongodbatlas_project":{"version":0,"block":{"attributes":{"cluster_count":{"type":"number","description_kind":"plain","computed":true},"created":{"type":"string","description_kind":"plain","computed":true},"id":{"type":"string","description_kind":"plain","computed":true},"ip_addresses":{"nested_type":{"attributes":{"services":{"nested_type":{"attributes":{"clusters":{"nested_type":{"attributes":{"cluster_name":{"type":"string","description_kind":"plain","computed":true},"inbound":{"type":["list","string"],"description_kind":"plain","computed":true},"outbound":{"type":["list","string"],"description_kind":"plain","computed":true}},"nesting_mode":"list"},"description_kind":"plain","computed":true}},"nesting_mode":"single"},"description_kind":"plain","computed":true}},"nesting_mode":"single"},"description_kind":"plain","deprecated":true,"computed":true},"is_collect_database_specifics_statistics_enabled":{"type":"bool","description_kind":"plain","computed":true},"is_data_explorer_enabled":{"type":"bool","description_kind":"plain","computed":true},"is_extended_storage_sizes_enabled":{"type":"bool","description_kind":"plain","computed":true},"is_performance_advisor_enabled":{"type":"bool","description_kind":"plain","computed":true},"is_realtime_performance_panel_enabled":{"type":"bool","description_kind":"plain","computed":true},"is_schema_advisor_enabled":{"type":"bool","description_kind":"plain","computed":true},"is_slow_operation_thresholding_enabled":{"type":"bool","description_kind":"plain","deprecated":true,"computed":true},"limits":{"nested_type":{"attributes":{"current_usage":{"type":"number","description_kind":"plain","computed":true},"default_limit":{"type":"number","description_kind":"plain","computed":true},"maximum_limit":{"type":"number","description_kind":"plain","computed":true},"name":{"type":"string","description_kind":"plain","computed":true},"value":{"type":"number","description_kind":"plain","computed":true}},"nesting_mode":"set"},"description_kind":"plain","computed":true},"name":{"type":"string","description_kind":"plain","optional":true},"org_id":{"type":"string","description_kind":"plain","computed":true},"project_id":{"type":"string","description_kind":"plain","optional":true},"region_usage_restrictions":{"type":"string","description_kind":"plain","computed":true},"tags":{"type":["map","string"],"description_kind":"plain","computed":true},"teams":{"nested_type":{"attributes":{"role_names":{"type":["list","string"],"description_kind":"plain","computed":true},"team_id":{"type":"string","description_kind":"plain","computed":true}},"nesting_mode":"list"},"description_kind":"plain","computed":true}},"description_kind":"plain"}},"mongodbatlas_project_api_key":{"version":0,"block":{"attributes":{"api_key_id":{"type":"string","description_kind":"plain","required":true},"description":{"type":"string","description_kind":"plain","computed":true},"id":{"type":"string","description_kind":"plain","optional":true,"computed":true},"private_key":{"type":"string","description_kind":"plain","computed":true},"project_assignment":{"type":["set",["object",{"project_id":"string","role_names":["set","string"]}]],"description_kind":"plain","computed":true},"project_id":{"type":"string","description_kind":"plain","required":true},"public_key":{"type":"string","description_kind":"plain","computed":true}},"description_kind":"plain"}},"mongodbatlas_project_api_keys":{"version":0,"block":{"attributes":{"id":{"type":"string","description_kind":"plain","optional":true,"computed":true},"items_per_page":{"type":"number","description_kind":"plain","optional":true},"page_num":{"type":"number","description_kind":"plain","optional":true},"project_id":{"type":"string","description_kind":"plain","required":true},"results":{"type":["list",["object",{"api_key_id":"string","description":"string","private_key":"string","project_assignment":["set",["object",{"project_id":"string","role_names":["set","string"]}]],"public_key":"string"}]],"description_kind":"plain","computed":true}},"description_kind":"plain"}},"mongodbatlas_project_invitation":{"version":0,"block":{"attributes":{"created_at":{"type":"string","description_kind":"plain","computed":true},"expires_at":{"type":"string","description_kind":"plain","computed":true},"id":{"type":"string","description_kind":"plain","optional":true,"computed":true},"invitation_id":{"type":"string","description_kind":"plain","required":true},"inviter_username":{"type":"string","description_kind":"plain","computed":true},"project_id":{"type":"string","description_kind":"plain","required":true},"roles":{"type":["set","string"],"description_kind":"plain","computed":true},"username":{"type":"string","description_kind":"plain","required":true}},"description_kind":"plain"}},"mongodbatlas_project_ip_access_list":{"version":0,"block":{"attributes":{"aws_security_group":{"type":"string","description_kind":"plain","optional":true,"computed":true},"cidr_block":{"type":"string","description_kind":"plain","optional":true,"computed":true},"comment":{"type":"string","description_kind":"plain","computed":true},"id":{"type":"string","description_kind":"plain","computed":true},"ip_address":{"type":"string","description_kind":"plain","optional":true,"computed":true},"project_id":{"type":"string","description_kind":"plain","required":true}},"description_kind":"plain"}},"mongodbatlas_project_ip_addresses":{"version":0,"block":{"attributes":{"project_id":{"type":"string","description":"Unique 24-hexadecimal digit string that identifies your project.","description_kind":"markdown","required":true},"services":{"nested_type":{"attributes":{"clusters":{"nested_type":{"attributes":{"cluster_name":{"type":"string","description":"Human-readable label that identifies the cluster.","description_kind":"markdown","computed":true},"future_inbound":{"type":["list","string"],"description":"List of future inbound IP addresses associated with the cluster. If your network allows outbound HTTP requests only to specific IP addresses, you must allow access to the following IP addresses so that your application can connect to your Atlas cluster.","description_kind":"markdown","computed":true},"future_outbound":{"type":["list","string"],"description":"List of future outbound IP addresses associated with the cluster. If your network allows inbound HTTP requests only from specific IP addresses, you must allow access from the following IP addresses so that your Atlas cluster can communicate with your webhooks and KMS.","description_kind":"markdown","computed":true},"inbound":{"type":["list","string"],"description":"List of inbound IP addresses associated with the cluster. If your network allows outbound HTTP requests only to specific IP addresses, you must allow access to the following IP addresses so that your application can connect to your Atlas cluster.","description_kind":"markdown","computed":true},"outbound":{"type":["list","string"],"description":"List of outbound IP addresses associated with the cluster. If your network allows inbound HTTP requests only from specific IP addresses, you must allow access from the following IP addresses so that your Atlas cluster can communicate with your webhooks and KMS.","description_kind":"markdown","computed":true}},"nesting_mode":"list"},"description":"IP addresses of clusters.","description_kind":"markdown","computed":true}},"nesting_mode":"single"},"description":"List of IP addresses in a project categorized by services.","description_kind":"markdown","computed":true}},"description_kind":"plain"}},"mongodbatlas_projects":{"version":0,"block":{"attributes":{"id":{"type":"string","description_kind":"plain","deprecated":true,"computed":true},"items_per_page":{"type":"number","description_kind":"plain","optional":true},"page_num":{"type":"number","description_kind":"plain","optional":true},"results":{"nested_type":{"attributes":{"cluster_count":{"type":"number","description_kind":"plain","computed":true},"created":{"type":"string","description_kind":"plain","computed":true},"id":{"type":"string","description_kind":"plain","computed":true},"ip_addresses":{"nested_type":{"attributes":{"services":{"nested_type":{"attributes":{"clusters":{"nested_type":{"attributes":{"cluster_name":{"type":"string","description_kind":"plain","computed":true},"inbound":{"type":["list","string"],"description_kind":"plain","computed":true},"outbound":{"type":["list","string"],"description_kind":"plain","computed":true}},"nesting_mode":"list"},"description_kind":"plain","computed":true}},"nesting_mode":"single"},"description_kind":"plain","computed":true}},"nesting_mode":"single"},"description_kind":"plain","deprecated":true,"computed":true},"is_collect_database_specifics_statistics_enabled":{"type":"bool","description_kind":"plain","computed":true},"is_data_explorer_enabled":{"type":"bool","description_kind":"plain","computed":true},"is_extended_storage_sizes_enabled":{"type":"bool","description_kind":"plain","computed":true},"is_performance_advisor_enabled":{"type":"bool","description_kind":"plain","computed":true},"is_realtime_performance_panel_enabled":{"type":"bool","description_kind":"plain","computed":true},"is_schema_advisor_enabled":{"type":"bool","description_kind":"plain","computed":true},"is_slow_operation_thresholding_enabled":{"type":"bool","description_kind":"plain","deprecated":true,"computed":true},"limits":{"nested_type":{"attributes":{"current_usage":{"type":"number","description_kind":"plain","computed":true},"default_limit":{"type":"number","description_kind":"plain","computed":true},"maximum_limit":{"type":"number","description_kind":"plain","computed":true},"name":{"type":"string","description_kind":"plain","computed":true},"value":{"type":"number","description_kind":"plain","computed":true}},"nesting_mode":"set"},"description_kind":"plain","computed":true},"name":{"type":"string","description_kind":"plain","computed":true},"org_id":{"type":"string","description_kind":"plain","computed":true},"project_id":{"type":"string","description_kind":"plain","computed":true},"region_usage_restrictions":{"type":"string","description_kind":"plain","computed":true},"tags":{"type":["map","string"],"description_kind":"plain","computed":true},"teams":{"nested_type":{"attributes":{"role_names":{"type":["list","string"],"description_kind":"plain","computed":true},"team_id":{"type":"string","description_kind":"plain","computed":true}},"nesting_mode":"list"},"description_kind":"plain","computed":true}},"nesting_mode":"list"},"description_kind":"plain","computed":true},"total_count":{"type":"number","description_kind":"plain","computed":true}},"description_kind":"plain"}},"mongodbatlas_push_based_log_export":{"version":0,"block":{"attributes":{"bucket_name":{"type":"string","description":"The name of the bucket to which the agent sends the logs to.","description_kind":"markdown","computed":true},"create_date":{"type":"string","description":"Date and time that this feature was enabled on.","description_kind":"markdown","computed":true},"iam_role_id":{"type":"string","description":"ID of the AWS IAM role that is used to write to the S3 bucket.","description_kind":"markdown","computed":true},"prefix_path":{"type":"string","description":"S3 directory in which vector writes in order to store the logs. An empty string denotes the root directory.","description_kind":"markdown","computed":true},"project_id":{"type":"string","description":"Unique 24-hexadecimal digit string that identifies your project. Use the [/groups](#tag/Projects/operation/listProjects) endpoint to retrieve all projects to which the authenticated user has access.\n\n**NOTE**: Groups and projects are synonymous terms. Your group id is the same as your project id. For existing groups, your group/project id remains the same. The resource and corresponding endpoints use the term groups.","description_kind":"markdown","required":true},"state":{"type":"string","description":"Describes whether or not the feature is enabled and what status it is in.","description_kind":"markdown","computed":true}},"description_kind":"plain"}},"mongodbatlas_resource_policies":{"version":0,"block":{"attributes":{"org_id":{"type":"string","description":"Unique 24-hexadecimal digit string that identifies the organization that contains your projects. Use the [/orgs](#tag/Organizations/operation/listOrganizations) endpoint to retrieve all organizations to which the authenticated user has access.","description_kind":"markdown","required":true},"resource_policies":{"nested_type":{"attributes":{"created_by_user":{"nested_type":{"attributes":{"id":{"type":"string","description":"Unique 24-hexadecimal character string that identifies a user.","description_kind":"markdown","computed":true},"name":{"type":"string","description":"Human-readable label that describes a user.","description_kind":"markdown","computed":true}},"nesting_mode":"single"},"description":"The user that last updated the Atlas resource policy.","description_kind":"markdown","computed":true},"created_date":{"type":"string","description":"Date and time in UTC when the Atlas resource policy was created.","description_kind":"markdown","computed":true},"description":{"type":"string","description":"Description of the Atlas resource policy.","description_kind":"markdown","computed":true},"id":{"type":"string","description":"Unique 24-hexadecimal digit string that identifies an Atlas resource policy.","description_kind":"markdown","computed":true},"last_updated_by_user":{"nested_type":{"attributes":{"id":{"type":"string","description":"Unique 24-hexadecimal character string that identifies a user.","description_kind":"markdown","computed":true},"name":{"type":"string","description":"Human-readable label that describes a user.","description_kind":"markdown","computed":true}},"nesting_mode":"single"},"description":"The user that last updated the Atlas resource policy.","description_kind":"markdown","computed":true},"last_updated_date":{"type":"string","description":"Date and time in UTC when the Atlas resource policy was last updated.","description_kind":"markdown","computed":true},"name":{"type":"string","description":"Human-readable label that describes the Atlas resource policy.","description_kind":"markdown","computed":true},"org_id":{"type":"string","description":"Unique 24-hexadecimal digit string that identifies the organization that contains your projects. Use the [/orgs](#tag/Organizations/operation/listOrganizations) endpoint to retrieve all organizations to which the authenticated user has access.","description_kind":"markdown","computed":true},"policies":{"nested_type":{"attributes":{"body":{"type":"string","description":"A string that defines the permissions for the policy. The syntax used is the Cedar Policy language.","description_kind":"markdown","computed":true},"id":{"type":"string","description":"Unique 24-hexadecimal character string that identifies the policy.","description_kind":"markdown","computed":true}},"nesting_mode":"list"},"description":"List of policies that make up the Atlas resource policy.","description_kind":"markdown","computed":true},"version":{"type":"string","description":"A string that identifies the version of the Atlas resource policy.","description_kind":"markdown","computed":true}},"nesting_mode":"list"},"description_kind":"plain","deprecated":true,"computed":true},"results":{"nested_type":{"attributes":{"created_by_user":{"nested_type":{"attributes":{"id":{"type":"string","description":"Unique 24-hexadecimal character string that identifies a user.","description_kind":"markdown","computed":true},"name":{"type":"string","description":"Human-readable label that describes a user.","description_kind":"markdown","computed":true}},"nesting_mode":"single"},"description":"The user that last updated the Atlas resource policy.","description_kind":"markdown","computed":true},"created_date":{"type":"string","description":"Date and time in UTC when the Atlas resource policy was created.","description_kind":"markdown","computed":true},"description":{"type":"string","description":"Description of the Atlas resource policy.","description_kind":"markdown","computed":true},"id":{"type":"string","description":"Unique 24-hexadecimal digit string that identifies an Atlas resource policy.","description_kind":"markdown","computed":true},"last_updated_by_user":{"nested_type":{"attributes":{"id":{"type":"string","description":"Unique 24-hexadecimal character string that identifies a user.","description_kind":"markdown","computed":true},"name":{"type":"string","description":"Human-readable label that describes a user.","description_kind":"markdown","computed":true}},"nesting_mode":"single"},"description":"The user that last updated the Atlas resource policy.","description_kind":"markdown","computed":true},"last_updated_date":{"type":"string","description":"Date and time in UTC when the Atlas resource policy was last updated.","description_kind":"markdown","computed":true},"name":{"type":"string","description":"Human-readable label that describes the Atlas resource policy.","description_kind":"markdown","computed":true},"org_id":{"type":"string","description":"Unique 24-hexadecimal digit string that identifies the organization that contains your projects. Use the [/orgs](#tag/Organizations/operation/listOrganizations) endpoint to retrieve all organizations to which the authenticated user has access.","description_kind":"markdown","computed":true},"policies":{"nested_type":{"attributes":{"body":{"type":"string","description":"A string that defines the permissions for the policy. The syntax used is the Cedar Policy language.","description_kind":"markdown","computed":true},"id":{"type":"string","description":"Unique 24-hexadecimal character string that identifies the policy.","description_kind":"markdown","computed":true}},"nesting_mode":"list"},"description":"List of policies that make up the Atlas resource policy.","description_kind":"markdown","computed":true},"version":{"type":"string","description":"A string that identifies the version of the Atlas resource policy.","description_kind":"markdown","computed":true}},"nesting_mode":"list"},"description":"List of documents that MongoDB Cloud returns for this request.","description_kind":"markdown","computed":true}},"description_kind":"plain"}},"mongodbatlas_resource_policy":{"version":0,"block":{"attributes":{"created_by_user":{"nested_type":{"attributes":{"id":{"type":"string","description":"Unique 24-hexadecimal character string that identifies a user.","description_kind":"markdown","computed":true},"name":{"type":"string","description":"Human-readable label that describes a user.","description_kind":"markdown","computed":true}},"nesting_mode":"single"},"description":"The user that last updated the Atlas resource policy.","description_kind":"markdown","computed":true},"created_date":{"type":"string","description":"Date and time in UTC when the Atlas resource policy was created.","description_kind":"markdown","computed":true},"description":{"type":"string","description":"Description of the Atlas resource policy.","description_kind":"markdown","computed":true},"id":{"type":"string","description":"Unique 24-hexadecimal digit string that identifies an Atlas resource policy.","description_kind":"markdown","required":true},"last_updated_by_user":{"nested_type":{"attributes":{"id":{"type":"string","description":"Unique 24-hexadecimal character string that identifies a user.","description_kind":"markdown","computed":true},"name":{"type":"string","description":"Human-readable label that describes a user.","description_kind":"markdown","computed":true}},"nesting_mode":"single"},"description":"The user that last updated the Atlas resource policy.","description_kind":"markdown","computed":true},"last_updated_date":{"type":"string","description":"Date and time in UTC when the Atlas resource policy was last updated.","description_kind":"markdown","computed":true},"name":{"type":"string","description":"Human-readable label that describes the Atlas resource policy.","description_kind":"markdown","computed":true},"org_id":{"type":"string","description":"Unique 24-hexadecimal digit string that identifies the organization that contains your projects. Use the [/orgs](#tag/Organizations/operation/listOrganizations) endpoint to retrieve all organizations to which the authenticated user has access.","description_kind":"markdown","required":true},"policies":{"nested_type":{"attributes":{"body":{"type":"string","description":"A string that defines the permissions for the policy. The syntax used is the Cedar Policy language.","description_kind":"markdown","computed":true},"id":{"type":"string","description":"Unique 24-hexadecimal character string that identifies the policy.","description_kind":"markdown","computed":true}},"nesting_mode":"list"},"description":"List of policies that make up the Atlas resource policy.","description_kind":"markdown","computed":true},"version":{"type":"string","description":"A string that identifies the version of the Atlas resource policy.","description_kind":"markdown","computed":true}},"description_kind":"plain"}},"mongodbatlas_roles_org_id":{"version":0,"block":{"attributes":{"id":{"type":"string","description_kind":"plain","optional":true,"computed":true},"org_id":{"type":"string","description_kind":"plain","computed":true}},"description_kind":"plain"}},"mongodbatlas_search_deployment":{"version":0,"block":{"attributes":{"cluster_name":{"type":"string","description":"Label that identifies the cluster to return the search nodes for.","description_kind":"markdown","required":true},"encryption_at_rest_provider":{"type":"string","description":"Cloud service provider that manages your customer keys to provide an additional layer of Encryption At Rest for the cluster.","description_kind":"markdown","computed":true},"id":{"type":"string","description":"Unique 24-hexadecimal digit string that identifies the search deployment.","description_kind":"markdown","computed":true},"project_id":{"type":"string","description":"Unique 24-hexadecimal digit string that identifies your project.","description_kind":"markdown","required":true},"specs":{"nested_type":{"attributes":{"instance_size":{"type":"string","description":"Hardware specification for the search node instance sizes. The [MongoDB Atlas API](https://www.mongodb.com/docs/atlas/reference/api-resources-spec/#tag/Atlas-Search/operation/createAtlasSearchDeployment) describes the valid values. More details can also be found in the [Search Node Documentation](https://www.mongodb.com/docs/atlas/cluster-config/multi-cloud-distribution/#search-tier).","description_kind":"markdown","computed":true},"node_count":{"type":"number","description":"Number of search nodes in the cluster.","description_kind":"markdown","computed":true}},"nesting_mode":"list"},"description":"List of settings that configure the search nodes for your cluster. This list is currently limited to defining a single element.","description_kind":"markdown","computed":true},"state_name":{"type":"string","description":"Human-readable label that indicates the current operating condition of this search deployment.","description_kind":"markdown","computed":true}},"description_kind":"plain"}},"mongodbatlas_search_index":{"version":0,"block":{"attributes":{"analyzer":{"type":"string","description_kind":"plain","computed":true},"analyzers":{"type":"string","description_kind":"plain","computed":true},"cluster_name":{"type":"string","description_kind":"plain","required":true},"collection_name":{"type":"string","description_kind":"plain","computed":true},"database":{"type":"string","description_kind":"plain","computed":true},"fields":{"type":"string","description_kind":"plain","computed":true},"id":{"type":"string","description_kind":"plain","optional":true,"computed":true},"index_id":{"type":"string","description_kind":"plain","required":true},"mappings_dynamic":{"type":"bool","description_kind":"plain","computed":true},"mappings_fields":{"type":"string","description_kind":"plain","computed":true},"name":{"type":"string","description_kind":"plain","computed":true},"project_id":{"type":"string","description_kind":"plain","required":true},"search_analyzer":{"type":"string","description_kind":"plain","computed":true},"status":{"type":"string","description_kind":"plain","computed":true},"stored_source":{"type":"string","description_kind":"plain","computed":true},"synonyms":{"type":["set",["object",{"analyzer":"string","name":"string","source_collection":"string"}]],"description_kind":"plain","computed":true},"type":{"type":"string","description_kind":"plain","computed":true}},"description_kind":"plain"}},"mongodbatlas_search_indexes":{"version":0,"block":{"attributes":{"cluster_name":{"type":"string","description_kind":"plain","required":true},"collection_name":{"type":"string","description_kind":"plain","required":true},"database":{"type":"string","description_kind":"plain","required":true},"id":{"type":"string","description_kind":"plain","optional":true,"computed":true},"project_id":{"type":"string","description_kind":"plain","required":true},"results":{"type":["list",["object",{"analyzer":"string","analyzers":"string","cluster_name":"string","collection_name":"string","database":"string","fields":"string","index_id":"string","mappings_dynamic":"bool","mappings_fields":"string","name":"string","project_id":"string","search_analyzer":"string","status":"string","stored_source":"string","synonyms":["set",["object",{"analyzer":"string","name":"string","source_collection":"string"}]],"type":"string"}]],"description_kind":"plain","computed":true},"total_count":{"type":"number","description_kind":"plain","computed":true}},"description_kind":"plain"}},"mongodbatlas_serverless_instance":{"version":0,"block":{"attributes":{"auto_indexing":{"type":"bool","description_kind":"plain","deprecated":true,"optional":true,"computed":true},"connection_strings_private_endpoint_srv":{"type":["list","string"],"description_kind":"plain","computed":true},"connection_strings_standard_srv":{"type":"string","description_kind":"plain","computed":true},"continuous_backup_enabled":{"type":"bool","description_kind":"plain","deprecated":true,"optional":true,"computed":true},"create_date":{"type":"string","description_kind":"plain","computed":true},"id":{"type":"string","description_kind":"plain","computed":true},"mongo_db_version":{"type":"string","description_kind":"plain","computed":true},"name":{"type":"string","description_kind":"plain","required":true},"project_id":{"type":"string","description_kind":"plain","required":true},"provider_settings_backing_provider_name":{"type":"string","description_kind":"plain","computed":true},"provider_settings_provider_name":{"type":"string","description_kind":"plain","computed":true},"provider_settings_region_name":{"type":"string","description_kind":"plain","computed":true},"state_name":{"type":"string","description_kind":"plain","optional":true,"computed":true},"tags":{"type":["set",["object",{"key":"string","value":"string"}]],"description_kind":"plain","computed":true},"termination_protection_enabled":{"type":"bool","description_kind":"plain","computed":true}},"block_types":{"links":{"nesting_mode":"set","block":{"attributes":{"href":{"type":"string","description_kind":"plain","computed":true},"rel":{"type":"string","description_kind":"plain","computed":true}},"description_kind":"plain"}}},"description_kind":"plain","deprecated":true}},"mongodbatlas_serverless_instances":{"version":0,"block":{"attributes":{"id":{"type":"string","description_kind":"plain","optional":true,"computed":true},"project_id":{"type":"string","description_kind":"plain","required":true},"results":{"type":["list",["object",{"auto_indexing":"bool","connection_strings_private_endpoint_srv":["list","string"],"connection_strings_standard_srv":"string","continuous_backup_enabled":"bool","create_date":"string","id":"string","links":["set",["object",{"href":"string","rel":"string"}]],"mongo_db_version":"string","name":"string","project_id":"string","provider_settings_backing_provider_name":"string","provider_settings_provider_name":"string","provider_settings_region_name":"string","state_name":"string","tags":["set",["object",{"key":"string","value":"string"}]],"termination_protection_enabled":"bool"}]],"description_kind":"plain","computed":true}},"description_kind":"plain","deprecated":true}},"mongodbatlas_shared_tier_restore_job":{"version":0,"block":{"attributes":{"cluster_name":{"type":"string","description_kind":"plain","required":true},"delivery_type":{"type":"string","description_kind":"plain","computed":true},"expiration_date":{"type":"string","description_kind":"plain","computed":true},"id":{"type":"string","description_kind":"plain","optional":true,"computed":true},"job_id":{"type":"string","description_kind":"plain","required":true},"project_id":{"type":"string","description_kind":"plain","required":true},"restore_finished_date":{"type":"string","description_kind":"plain","computed":true},"restore_scheduled_date":{"type":"string","description_kind":"plain","computed":true},"snapshot_finished_date":{"type":"string","description_kind":"plain","computed":true},"snapshot_id":{"type":"string","description_kind":"plain","computed":true},"snapshot_url":{"type":"string","description_kind":"plain","computed":true},"status":{"type":"string","description_kind":"plain","computed":true},"target_deployment_item_name":{"type":"string","description_kind":"plain","computed":true},"target_project_id":{"type":"string","description_kind":"plain","computed":true}},"description_kind":"plain","deprecated":true}},"mongodbatlas_shared_tier_restore_jobs":{"version":0,"block":{"attributes":{"cluster_name":{"type":"string","description_kind":"plain","required":true},"id":{"type":"string","description_kind":"plain","optional":true,"computed":true},"project_id":{"type":"string","description_kind":"plain","required":true},"results":{"type":["list",["object",{"delivery_type":"string","expiration_date":"string","job_id":"string","restore_finished_date":"string","restore_scheduled_date":"string","snapshot_finished_date":"string","snapshot_id":"string","snapshot_url":"string","status":"string","target_deployment_item_name":"string","target_project_id":"string"}]],"description_kind":"plain","computed":true},"total_count":{"type":"number","description_kind":"plain","computed":true}},"description_kind":"plain","deprecated":true}},"mongodbatlas_shared_tier_snapshot":{"version":0,"block":{"attributes":{"cluster_name":{"type":"string","description_kind":"plain","required":true},"expiration":{"type":"string","description_kind":"plain","computed":true},"finish_time":{"type":"string","description_kind":"plain","computed":true},"id":{"type":"string","description_kind":"plain","optional":true,"computed":true},"mongo_db_version":{"type":"string","description_kind":"plain","computed":true},"project_id":{"type":"string","description_kind":"plain","required":true},"scheduled_time":{"type":"string","description_kind":"plain","computed":true},"snapshot_id":{"type":"string","description_kind":"plain","required":true},"start_time":{"type":"string","description_kind":"plain","computed":true},"status":{"type":"string","description_kind":"plain","computed":true}},"description_kind":"plain","deprecated":true}},"mongodbatlas_shared_tier_snapshots":{"version":0,"block":{"attributes":{"cluster_name":{"type":"string","description_kind":"plain","required":true},"id":{"type":"string","description_kind":"plain","optional":true,"computed":true},"project_id":{"type":"string","description_kind":"plain","required":true},"results":{"type":["list",["object",{"expiration":"string","finish_time":"string","mongo_db_version":"string","scheduled_time":"string","snapshot_id":"string","start_time":"string","status":"string"}]],"description_kind":"plain","computed":true},"total_count":{"type":"number","description_kind":"plain","computed":true}},"description_kind":"plain","deprecated":true}},"mongodbatlas_stream_connection":{"version":0,"block":{"attributes":{"authentication":{"nested_type":{"attributes":{"mechanism":{"type":"string","description_kind":"plain","computed":true},"password":{"type":"string","description_kind":"plain","computed":true,"sensitive":true},"username":{"type":"string","description_kind":"plain","computed":true}},"nesting_mode":"single"},"description_kind":"plain","computed":true},"aws":{"nested_type":{"attributes":{"role_arn":{"type":"string","description_kind":"plain","computed":true}},"nesting_mode":"single"},"description_kind":"plain","computed":true},"bootstrap_servers":{"type":"string","description_kind":"plain","computed":true},"cluster_name":{"type":"string","description_kind":"plain","computed":true},"config":{"type":["map","string"],"description_kind":"plain","computed":true},"connection_name":{"type":"string","description_kind":"plain","required":true},"db_role_to_execute":{"nested_type":{"attributes":{"role":{"type":"string","description_kind":"plain","computed":true},"type":{"type":"string","description_kind":"plain","computed":true}},"nesting_mode":"single"},"description_kind":"plain","computed":true},"headers":{"type":["map","string"],"description_kind":"plain","computed":true},"id":{"type":"string","description_kind":"plain","computed":true},"instance_name":{"type":"string","description_kind":"plain","required":true},"networking":{"nested_type":{"attributes":{"access":{"nested_type":{"attributes":{"connection_id":{"type":"string","description_kind":"plain","computed":true},"type":{"type":"string","description_kind":"plain","computed":true}},"nesting_mode":"single"},"description_kind":"plain","computed":true}},"nesting_mode":"single"},"description_kind":"plain","computed":true},"project_id":{"type":"string","description_kind":"plain","required":true},"security":{"nested_type":{"attributes":{"broker_public_certificate":{"type":"string","description_kind":"plain","computed":true},"protocol":{"type":"string","description_kind":"plain","computed":true}},"nesting_mode":"single"},"description_kind":"plain","computed":true},"type":{"type":"string","description_kind":"plain","computed":true},"url":{"type":"string","description_kind":"plain","computed":true}},"description_kind":"plain"}},"mongodbatlas_stream_connections":{"version":0,"block":{"attributes":{"id":{"type":"string","description_kind":"plain","computed":true},"instance_name":{"type":"string","description_kind":"plain","required":true},"items_per_page":{"type":"number","description_kind":"plain","optional":true},"page_num":{"type":"number","description_kind":"plain","optional":true},"project_id":{"type":"string","description_kind":"plain","required":true},"results":{"nested_type":{"attributes":{"authentication":{"nested_type":{"attributes":{"mechanism":{"type":"string","description_kind":"plain","computed":true},"password":{"type":"string","description_kind":"plain","computed":true,"sensitive":true},"username":{"type":"string","description_kind":"plain","computed":true}},"nesting_mode":"single"},"description_kind":"plain","computed":true},"aws":{"nested_type":{"attributes":{"role_arn":{"type":"string","description_kind":"plain","computed":true}},"nesting_mode":"single"},"description_kind":"plain","computed":true},"bootstrap_servers":{"type":"string","description_kind":"plain","computed":true},"cluster_name":{"type":"string","description_kind":"plain","computed":true},"config":{"type":["map","string"],"description_kind":"plain","computed":true},"connection_name":{"type":"string","description_kind":"plain","computed":true},"db_role_to_execute":{"nested_type":{"attributes":{"role":{"type":"string","description_kind":"plain","computed":true},"type":{"type":"string","description_kind":"plain","computed":true}},"nesting_mode":"single"},"description_kind":"plain","computed":true},"headers":{"type":["map","string"],"description_kind":"plain","computed":true},"id":{"type":"string","description_kind":"plain","computed":true},"instance_name":{"type":"string","description_kind":"plain","computed":true},"networking":{"nested_type":{"attributes":{"access":{"nested_type":{"attributes":{"connection_id":{"type":"string","description_kind":"plain","computed":true},"type":{"type":"string","description_kind":"plain","computed":true}},"nesting_mode":"single"},"description_kind":"plain","computed":true}},"nesting_mode":"single"},"description_kind":"plain","computed":true},"project_id":{"type":"string","description_kind":"plain","computed":true},"security":{"nested_type":{"attributes":{"broker_public_certificate":{"type":"string","description_kind":"plain","computed":true},"protocol":{"type":"string","description_kind":"plain","computed":true}},"nesting_mode":"single"},"description_kind":"plain","computed":true},"type":{"type":"string","description_kind":"plain","computed":true},"url":{"type":"string","description_kind":"plain","computed":true}},"nesting_mode":"list"},"description":"List of documents that MongoDB Cloud returns for this request.","description_kind":"markdown","computed":true},"total_count":{"type":"number","description_kind":"plain","computed":true}},"description_kind":"plain"}},"mongodbatlas_stream_instance":{"version":0,"block":{"attributes":{"data_process_region":{"nested_type":{"attributes":{"cloud_provider":{"type":"string","description_kind":"plain","computed":true},"region":{"type":"string","description_kind":"plain","computed":true}},"nesting_mode":"single"},"description_kind":"plain","computed":true},"hostnames":{"type":["list","string"],"description_kind":"plain","computed":true},"id":{"type":"string","description_kind":"plain","computed":true},"instance_name":{"type":"string","description_kind":"plain","required":true},"project_id":{"type":"string","description_kind":"plain","required":true},"stream_config":{"nested_type":{"attributes":{"tier":{"type":"string","description_kind":"plain","computed":true}},"nesting_mode":"single"},"description_kind":"plain","computed":true}},"description_kind":"plain"}},"mongodbatlas_stream_instances":{"version":0,"block":{"attributes":{"id":{"type":"string","description_kind":"plain","computed":true},"items_per_page":{"type":"number","description_kind":"plain","optional":true},"page_num":{"type":"number","description_kind":"plain","optional":true},"project_id":{"type":"string","description_kind":"plain","required":true},"results":{"nested_type":{"attributes":{"data_process_region":{"nested_type":{"attributes":{"cloud_provider":{"type":"string","description_kind":"plain","computed":true},"region":{"type":"string","description_kind":"plain","computed":true}},"nesting_mode":"single"},"description_kind":"plain","computed":true},"hostnames":{"type":["list","string"],"description_kind":"plain","computed":true},"id":{"type":"string","description_kind":"plain","computed":true},"instance_name":{"type":"string","description_kind":"plain","computed":true},"project_id":{"type":"string","description_kind":"plain","computed":true},"stream_config":{"nested_type":{"attributes":{"tier":{"type":"string","description_kind":"plain","computed":true}},"nesting_mode":"single"},"description_kind":"plain","computed":true}},"nesting_mode":"list"},"description":"List of documents that MongoDB Cloud returns for this request.","description_kind":"markdown","computed":true},"total_count":{"type":"number","description_kind":"plain","computed":true}},"description_kind":"plain"}},"mongodbatlas_stream_privatelink_endpoint":{"version":0,"block":{"attributes":{"arn":{"type":"string","description":"Amazon Resource Name (ARN). Required for AWS Provider and MSK vendor.","description_kind":"markdown","computed":true},"dns_domain":{"type":"string","description":"The domain hostname. Required for the following provider and vendor combinations:\u003cbr\u003e- AWS provider with CONFLUENT vendor.\u003cbr\u003e- AZURE provider with EVENTHUB or CONFLUENT vendor.","description_kind":"markdown","computed":true},"dns_sub_domain":{"type":["list","string"],"description":"Sub-Domain name of Confluent cluster. These are typically your availability zones. Required for AWS Provider and CONFLUENT vendor. If your AWS CONFLUENT cluster doesn't use subdomains, you must set this to the empty array [].","description_kind":"markdown","computed":true},"error_message":{"type":"string","description":"Error message if the connection is in a failed state.","description_kind":"markdown","computed":true},"id":{"type":"string","description":"The ID of the Private Link connection.","description_kind":"markdown","required":true},"interface_endpoint_id":{"type":"string","description":"Interface endpoint ID that is created from the specified service endpoint ID.","description_kind":"markdown","computed":true},"interface_endpoint_name":{"type":"string","description":"Name of interface endpoint that is created from the specified service endpoint ID.","description_kind":"markdown","computed":true},"project_id":{"type":"string","description":"Unique 24-hexadecimal digit string that identifies your project. Use the [/groups](#tag/Projects/operation/listProjects) endpoint to retrieve all projects to which the authenticated user has access.\u003cbr\u003e**NOTE**: Groups and projects are synonymous terms. Your group id is the same as your project id. For existing groups, your group or project id remains the same. The resource and corresponding endpoints use the term groups.","description_kind":"markdown","required":true},"provider_account_id":{"type":"string","description":"Account ID from the cloud provider.","description_kind":"markdown","computed":true},"provider_name":{"type":"string","description":"Provider where the Kafka cluster is deployed. Valid values are AWS and AZURE.","description_kind":"markdown","computed":true},"region":{"type":"string","description":"The region of the Provider’s cluster. See [AZURE](https://www.mongodb.com/docs/atlas/reference/microsoft-azure/#stream-processing-instances) and [AWS](https://www.mongodb.com/docs/atlas/reference/amazon-aws/#stream-processing-instances) supported regions. When the vendor is `CONFLUENT`, this is the domain name of Confluent cluster. When the vendor is `MSK`, this is computed by the API from the provided `arn`.","description_kind":"markdown","computed":true},"service_endpoint_id":{"type":"string","description":"For AZURE EVENTHUB, this is the [namespace endpoint ID](https://learn.microsoft.com/en-us/rest/api/eventhub/namespaces/get). For AWS CONFLUENT cluster, this is the [VPC Endpoint service name](https://docs.confluent.io/cloud/current/networking/private-links/aws-privatelink.html).","description_kind":"markdown","computed":true},"state":{"type":"string","description":"Status of the connection.","description_kind":"markdown","computed":true},"vendor":{"type":"string","description":"Vendor that manages the Kafka cluster. The following are the vendor values per provider:\u003cbr\u003e- MSK and CONFLUENT for the AWS provider.\u003cbr\u003e- EVENTHUB and CONFLUENT for the AZURE provider.","description_kind":"markdown","computed":true}},"description_kind":"plain"}},"mongodbatlas_stream_privatelink_endpoints":{"version":0,"block":{"attributes":{"project_id":{"type":"string","description":"Unique 24-hexadecimal digit string that identifies your project. Use the [/groups](#tag/Projects/operation/listProjects) endpoint to retrieve all projects to which the authenticated user has access.\u003cbr\u003e**NOTE**: Groups and projects are synonymous terms. Your group id is the same as your project id. For existing groups, your group or project id remains the same. The resource and corresponding endpoints use the term groups.","description_kind":"markdown","required":true},"results":{"nested_type":{"attributes":{"arn":{"type":"string","description":"Amazon Resource Name (ARN). Required for AWS Provider and MSK vendor.","description_kind":"markdown","computed":true},"dns_domain":{"type":"string","description":"The domain hostname. Required for the following provider and vendor combinations:\u003cbr\u003e- AWS provider with CONFLUENT vendor.\u003cbr\u003e- AZURE provider with EVENTHUB or CONFLUENT vendor.","description_kind":"markdown","computed":true},"dns_sub_domain":{"type":["list","string"],"description":"Sub-Domain name of Confluent cluster. These are typically your availability zones. Required for AWS Provider and CONFLUENT vendor. If your AWS CONFLUENT cluster doesn't use subdomains, you must set this to the empty array [].","description_kind":"markdown","computed":true},"error_message":{"type":"string","description":"Error message if the connection is in a failed state.","description_kind":"markdown","computed":true},"id":{"type":"string","description":"The ID of the Private Link connection.","description_kind":"markdown","computed":true},"interface_endpoint_id":{"type":"string","description":"Interface endpoint ID that is created from the specified service endpoint ID.","description_kind":"markdown","computed":true},"interface_endpoint_name":{"type":"string","description":"Name of interface endpoint that is created from the specified service endpoint ID.","description_kind":"markdown","computed":true},"project_id":{"type":"string","description":"Unique 24-hexadecimal digit string that identifies your project. Use the [/groups](#tag/Projects/operation/listProjects) endpoint to retrieve all projects to which the authenticated user has access.\u003cbr\u003e**NOTE**: Groups and projects are synonymous terms. Your group id is the same as your project id. For existing groups, your group or project id remains the same. The resource and corresponding endpoints use the term groups.","description_kind":"markdown","computed":true},"provider_account_id":{"type":"string","description":"Account ID from the cloud provider.","description_kind":"markdown","computed":true},"provider_name":{"type":"string","description":"Provider where the Kafka cluster is deployed. Valid values are AWS and AZURE.","description_kind":"markdown","computed":true},"region":{"type":"string","description":"The region of the Provider’s cluster. See [AZURE](https://www.mongodb.com/docs/atlas/reference/microsoft-azure/#stream-processing-instances) and [AWS](https://www.mongodb.com/docs/atlas/reference/amazon-aws/#stream-processing-instances) supported regions. When the vendor is `CONFLUENT`, this is the domain name of Confluent cluster. When the vendor is `MSK`, this is computed by the API from the provided `arn`.","description_kind":"markdown","computed":true},"service_endpoint_id":{"type":"string","description":"For AZURE EVENTHUB, this is the [namespace endpoint ID](https://learn.microsoft.com/en-us/rest/api/eventhub/namespaces/get). For AWS CONFLUENT cluster, this is the [VPC Endpoint service name](https://docs.confluent.io/cloud/current/networking/private-links/aws-privatelink.html).","description_kind":"markdown","computed":true},"state":{"type":"string","description":"Status of the connection.","description_kind":"markdown","computed":true},"vendor":{"type":"string","description":"Vendor that manages the Kafka cluster. The following are the vendor values per provider:\u003cbr\u003e- MSK and CONFLUENT for the AWS provider.\u003cbr\u003e- EVENTHUB and CONFLUENT for the AZURE provider.","description_kind":"markdown","computed":true}},"nesting_mode":"list"},"description":"List of documents that MongoDB Cloud returns for this request.","description_kind":"markdown","computed":true}},"description_kind":"plain"}},"mongodbatlas_stream_processor":{"version":0,"block":{"attributes":{"id":{"type":"string","description":"Unique 24-hexadecimal character string that identifies the stream processor.","description_kind":"markdown","computed":true},"instance_name":{"type":"string","description":"Human-readable label that identifies the stream instance.","description_kind":"markdown","required":true},"options":{"nested_type":{"attributes":{"dlq":{"nested_type":{"attributes":{"coll":{"type":"string","description":"Name of the collection to use for the DLQ.","description_kind":"markdown","computed":true},"connection_name":{"type":"string","description":"Name of the connection to write DLQ messages to. Must be an Atlas connection.","description_kind":"markdown","computed":true},"db":{"type":"string","description":"Name of the database to use for the DLQ.","description_kind":"markdown","computed":true}},"nesting_mode":"single"},"description":"Dead letter queue for the stream processor. Refer to the [MongoDB Atlas Docs](https://www.mongodb.com/docs/atlas/reference/glossary/#std-term-dead-letter-queue) for more information.","description_kind":"markdown","computed":true}},"nesting_mode":"single"},"description":"Optional configuration for the stream processor.","description_kind":"markdown","computed":true},"pipeline":{"type":"string","description":"Stream aggregation pipeline you want to apply to your streaming data. [MongoDB Atlas Docs](https://www.mongodb.com/docs/atlas/atlas-stream-processing/stream-aggregation/#std-label-stream-aggregation) contain more information. Using [jsonencode](https://developer.hashicorp.com/terraform/language/functions/jsonencode) is recommended when setting this attribute. For more details see the [Aggregation Pipelines Documentation](https://www.mongodb.com/docs/atlas/atlas-stream-processing/stream-aggregation/)","description_kind":"markdown","computed":true},"processor_name":{"type":"string","description":"Human-readable label that identifies the stream processor.","description_kind":"markdown","required":true},"project_id":{"type":"string","description":"Unique 24-hexadecimal digit string that identifies your project. Use the [/groups](#tag/Projects/operation/listProjects) endpoint to retrieve all projects to which the authenticated user has access.\n\n**NOTE**: Groups and projects are synonymous terms. Your group id is the same as your project id. For existing groups, your group/project id remains the same. The resource and corresponding endpoints use the term groups.","description_kind":"markdown","required":true},"state":{"type":"string","description":"The state of the stream processor. Commonly occurring states are 'CREATED', 'STARTED', 'STOPPED' and 'FAILED'. Used to start or stop the Stream Processor. Valid values are `CREATED`, `STARTED` or `STOPPED`. When a Stream Processor is created without specifying the state, it will default to `CREATED` state. When a Stream Processor is updated without specifying the state, it will default to the Previous state. \n\n**NOTE** When a Stream Processor is updated without specifying the state, it is stopped and then restored to previous state upon update completion.","description_kind":"markdown","computed":true},"stats":{"type":"string","description":"The stats associated with the stream processor. Refer to the [MongoDB Atlas Docs](https://www.mongodb.com/docs/atlas/atlas-stream-processing/manage-stream-processor/#view-statistics-of-a-stream-processor) for more information.","description_kind":"markdown","computed":true}},"description_kind":"plain"}},"mongodbatlas_stream_processors":{"version":0,"block":{"attributes":{"instance_name":{"type":"string","description":"Human-readable label that identifies the stream instance.","description_kind":"markdown","required":true},"project_id":{"type":"string","description":"Unique 24-hexadecimal digit string that identifies your project. Use the [/groups](#tag/Projects/operation/listProjects) endpoint to retrieve all projects to which the authenticated user has access.\n\n**NOTE**: Groups and projects are synonymous terms. Your group id is the same as your project id. For existing groups, your group/project id remains the same. The resource and corresponding endpoints use the term groups.","description_kind":"markdown","required":true},"results":{"nested_type":{"attributes":{"id":{"type":"string","description":"Unique 24-hexadecimal character string that identifies the stream processor.","description_kind":"markdown","computed":true},"instance_name":{"type":"string","description":"Human-readable label that identifies the stream instance.","description_kind":"markdown","computed":true},"options":{"nested_type":{"attributes":{"dlq":{"nested_type":{"attributes":{"coll":{"type":"string","description":"Name of the collection to use for the DLQ.","description_kind":"markdown","computed":true},"connection_name":{"type":"string","description":"Name of the connection to write DLQ messages to. Must be an Atlas connection.","description_kind":"markdown","computed":true},"db":{"type":"string","description":"Name of the database to use for the DLQ.","description_kind":"markdown","computed":true}},"nesting_mode":"single"},"description":"Dead letter queue for the stream processor. Refer to the [MongoDB Atlas Docs](https://www.mongodb.com/docs/atlas/reference/glossary/#std-term-dead-letter-queue) for more information.","description_kind":"markdown","computed":true}},"nesting_mode":"single"},"description":"Optional configuration for the stream processor.","description_kind":"markdown","computed":true},"pipeline":{"type":"string","description":"Stream aggregation pipeline you want to apply to your streaming data. [MongoDB Atlas Docs](https://www.mongodb.com/docs/atlas/atlas-stream-processing/stream-aggregation/#std-label-stream-aggregation) contain more information. Using [jsonencode](https://developer.hashicorp.com/terraform/language/functions/jsonencode) is recommended when setting this attribute. For more details see the [Aggregation Pipelines Documentation](https://www.mongodb.com/docs/atlas/atlas-stream-processing/stream-aggregation/)","description_kind":"markdown","computed":true},"processor_name":{"type":"string","description":"Human-readable label that identifies the stream processor.","description_kind":"markdown","computed":true},"project_id":{"type":"string","description":"Unique 24-hexadecimal digit string that identifies your project. Use the [/groups](#tag/Projects/operation/listProjects) endpoint to retrieve all projects to which the authenticated user has access.\n\n**NOTE**: Groups and projects are synonymous terms. Your group id is the same as your project id. For existing groups, your group/project id remains the same. The resource and corresponding endpoints use the term groups.","description_kind":"markdown","computed":true},"state":{"type":"string","description":"The state of the stream processor. Commonly occurring states are 'CREATED', 'STARTED', 'STOPPED' and 'FAILED'. Used to start or stop the Stream Processor. Valid values are `CREATED`, `STARTED` or `STOPPED`. When a Stream Processor is created without specifying the state, it will default to `CREATED` state. When a Stream Processor is updated without specifying the state, it will default to the Previous state. \n\n**NOTE** When a Stream Processor is updated without specifying the state, it is stopped and then restored to previous state upon update completion.","description_kind":"markdown","computed":true},"stats":{"type":"string","description":"The stats associated with the stream processor. Refer to the [MongoDB Atlas Docs](https://www.mongodb.com/docs/atlas/atlas-stream-processing/manage-stream-processor/#view-statistics-of-a-stream-processor) for more information.","description_kind":"markdown","computed":true}},"nesting_mode":"list"},"description":"Returns all Stream Processors within the specified stream instance.\n\nTo use this resource, the requesting API Key must have the Project Owner\n\nrole or Project Stream Processing Owner role.","description_kind":"markdown","computed":true}},"description_kind":"plain"}},"mongodbatlas_team":{"version":0,"block":{"attributes":{"id":{"type":"string","description_kind":"plain","optional":true,"computed":true},"name":{"type":"string","description_kind":"plain","optional":true,"computed":true},"org_id":{"type":"string","description_kind":"plain","required":true},"team_id":{"type":"string","description_kind":"plain","optional":true,"computed":true},"usernames":{"type":["set","string"],"description_kind":"plain","computed":true}},"description_kind":"plain"}},"mongodbatlas_teams":{"version":0,"block":{"attributes":{"id":{"type":"string","description_kind":"plain","optional":true,"computed":true},"name":{"type":"string","description_kind":"plain","optional":true,"computed":true},"org_id":{"type":"string","description_kind":"plain","required":true},"team_id":{"type":"string","description_kind":"plain","optional":true,"computed":true},"usernames":{"type":["set","string"],"description_kind":"plain","computed":true}},"description_kind":"plain","deprecated":true}},"mongodbatlas_third_party_integration":{"version":0,"block":{"attributes":{"account_id":{"type":"string","description_kind":"plain","computed":true},"api_key":{"type":"string","description_kind":"plain","computed":true,"sensitive":true},"channel_name":{"type":"string","description_kind":"plain","computed":true},"enabled":{"type":"bool","description_kind":"plain","computed":true},"id":{"type":"string","description_kind":"plain","computed":true},"microsoft_teams_webhook_url":{"type":"string","description_kind":"plain","computed":true,"sensitive":true},"project_id":{"type":"string","description_kind":"plain","required":true},"region":{"type":"string","description_kind":"plain","computed":true},"routing_key":{"type":"string","description_kind":"plain","computed":true,"sensitive":true},"secret":{"type":"string","description_kind":"plain","computed":true,"sensitive":true},"send_collection_latency_metrics":{"type":"bool","description_kind":"plain","computed":true},"send_database_metrics":{"type":"bool","description_kind":"plain","computed":true},"service_discovery":{"type":"string","description_kind":"plain","computed":true,"sensitive":true},"service_key":{"type":"string","description_kind":"plain","computed":true,"sensitive":true},"team_name":{"type":"string","description_kind":"plain","computed":true},"type":{"type":"string","description":"Third-party service integration identifier","description_kind":"plain","required":true},"url":{"type":"string","description_kind":"plain","computed":true},"user_name":{"type":"string","description_kind":"plain","computed":true,"sensitive":true}},"description_kind":"plain"}},"mongodbatlas_third_party_integrations":{"version":0,"block":{"attributes":{"id":{"type":"string","description_kind":"plain","optional":true,"computed":true},"project_id":{"type":"string","description_kind":"plain","required":true},"results":{"type":["list",["object",{"account_id":"string","api_key":"string","channel_name":"string","enabled":"bool","id":"string","microsoft_teams_webhook_url":"string","project_id":"string","region":"string","routing_key":"string","secret":"string","send_collection_latency_metrics":"bool","send_database_metrics":"bool","service_discovery":"string","service_key":"string","team_name":"string","type":"string","url":"string","user_name":"string"}]],"description_kind":"plain","computed":true}},"description_kind":"plain"}},"mongodbatlas_x509_authentication_database_user":{"version":0,"block":{"attributes":{"certificates":{"type":["list",["object",{"created_at":"string","group_id":"string","id":"number","not_after":"string","subject":"string"}]],"description_kind":"plain","computed":true},"customer_x509_cas":{"type":"string","description_kind":"plain","computed":true,"sensitive":true},"id":{"type":"string","description_kind":"plain","optional":true,"computed":true},"project_id":{"type":"string","description_kind":"plain","required":true},"username":{"type":"string","description_kind":"plain","optional":true}},"description_kind":"plain"}}}}}}
